Microsoft Visual Studio Solution File, Format Version 7.00
Project("{8BC9CEB8-8B4A-11D0-8D11-00A0C91BC942}") = "_vice", "_vice.vcproj", "{BDBF87AC-3E81-4586-86C1-03A07554670A}"
EndProject
Project("{8BC9CEB8-8B4A-11D0-8D11-00A0C91BC942}") = "base", "base.vcproj", "{5F8E3465-2CAA-4410-86E7-FCC0EB482AEA}"
EndProject
Project("{8BC9CEB8-8B4A-11D0-8D11-00A0C91BC942}") = "c128", "c128.vcproj", "{0CF2C309-0F57-4E2B-9C97-441BFE7D4A26}"
EndProject
Project("{8BC9CEB8-8B4A-11D0-8D11-00A0C91BC942}") = "c1541", "c1541.vcproj", "{6FF8CF31-D91A-4A8B-862E-2706E369D1A7}"
EndProject
Project("{8BC9CEB8-8B4A-11D0-8D11-00A0C91BC942}") = "c64", "c64.vcproj", "{F89DBF6D-69AD-4907-A668-8E8A34850C58}"
EndProject
Project("{8BC9CEB8-8B4A-11D0-8D11-00A0C91BC942}") = "c64c128", "c64c128.vcproj", "{FE0D1177-AAE2-4E99-94FD-2EC98C1E62B3}"
EndProject
Project("{8BC9CEB8-8B4A-11D0-8D11-00A0C91BC942}") = "c64c64dtv", "c64c64dtv.vcproj", "{73C3AAB9-27BD-4F8F-A5A5-B4EBF9852A8F}"
EndProject
Project("{8BC9CEB8-8B4A-11D0-8D11-00A0C91BC942}") = "c64cart", "c64cart.vcproj", "{2505B295-F3B9-4C7A-9640-9C9DDCAF6F29}"
EndProject
Project("{8BC9CEB8-8B4A-11D0-8D11-00A0C91BC942}") = "c64cartsystem", "c64cartsystem.vcproj", "{DCBC6A85-3610-420B-903C-98A3C8DC0D68}"
EndProject
Project("{8BC9CEB8-8B4A-11D0-8D11-00A0C91BC942}") = "c64commoncart", "c64commoncart.vcproj", "{ACFB8B8D-F782-4EC3-BE61-FB11510531D6}"
EndProject
Project("{8BC9CEB8-8B4A-11D0-8D11-00A0C91BC942}") = "c64dtv", "c64dtv.vcproj", "{14C9A8E6-D509-4C11-80F4-FBE79A84BBB0}"
EndProject
Project("{8BC9CEB8-8B4A-11D0-8D11-00A0C91BC942}") = "c64dtvstubs", "c64dtvstubs.vcproj", "{B42F0B2C-A8E4-4C39-828F-148101C77498}"
EndProject
Project("{8BC9CEB8-8B4A-11D0-8D11-00A0C91BC942}") = "c64exp", "c64exp.vcproj", "{9CE8E6F7-D4BF-4AAF-931B-995F2003198A}"
EndProject
Project("{8BC9CEB8-8B4A-11D0-8D11-00A0C91BC942}") = "c64sc", "c64sc.vcproj", "{07C0DE67-B9A3-49ED-8993-526EBAF7019B}"
EndProject
Project("{8BC9CEB8-8B4A-11D0-8D11-00A0C91BC942}") = "c64scpu64", "c64scpu64.vcproj", "{C9E721B4-1A6D-4B54-8AAB-05890C877340}"
EndProject
Project("{8BC9CEB8-8B4A-11D0-8D11-00A0C91BC942}") = "cartconv", "cartconv.vcproj", "{D64E7A87-0087-49DB-9D0E-DEC8233A5B1D}"
EndProject
Project("{8BC9CEB8-8B4A-11D0-8D11-00A0C91BC942}") = "cbm2", "cbm2.vcproj", "{1E3E65E2-8935-47F2-8493-C9EBBC73559B}"
EndProject
Project("{8BC9CEB8-8B4A-11D0-8D11-00A0C91BC942}") = "cbm2common", "cbm2common.vcproj", "{F5C292D1-CCD5-4D78-B9A8-FEAE643BA169}"
EndProject
Project("{8BC9CEB8-8B4A-11D0-8D11-00A0C91BC942}") = "cbm5x0", "cbm5x0.vcproj", "{A61420C2-DF08-4503-83D1-6BE746840005}"
EndProject
Project("{8BC9CEB8-8B4A-11D0-8D11-00A0C91BC942}") = "core", "core.vcproj", "{9EEFEB28-265B-4414-8C78-7BF0B03B8811}"
EndProject
Project("{8BC9CEB8-8B4A-11D0-8D11-00A0C91BC942}") = "crtc", "crtc.vcproj", "{22491B4B-5B4F-46AD-8B24-430B9F643D5E}"
EndProject
Project("{8BC9CEB8-8B4A-11D0-8D11-00A0C91BC942}") = "diskimage", "diskimage.vcproj", "{92353FFC-9D10-4852-B003-A6F0B6C78C1F}"
EndProject
Project("{8BC9CEB8-8B4A-11D0-8D11-00A0C91BC942}") = "drive", "drive.vcproj", "{2DCE1E14-C04D-482B-996A-D4D4B9C8DDDA}"
EndProject
Project("{8BC9CEB8-8B4A-11D0-8D11-00A0C91BC942}") = "fileio", "fileio.vcproj", "{09A2F1B6-9765-49A1-B6E4-3F03F5B15CCF}"
EndProject
Project("{8BC9CEB8-8B4A-11D0-8D11-00A0C91BC942}") = "fsdevice", "fsdevice.vcproj", "{8F808077-CDB8-4732-AB7D-E26900ED40E7}"
EndProject
Project("{8BC9CEB8-8B4A-11D0-8D11-00A0C91BC942}") = "geninfocontrib", "geninfocontrib.vcproj", "{F7FD8ADF-C9C8-47B1-936C-C0F525402CD5}"
EndProject
Project("{8BC9CEB8-8B4A-11D0-8D11-00A0C91BC942}") = "gentranslate", "gentranslate.vcproj", "{F5E64884-607D-4D2D-B051-16D8EF729736}"
EndProject
Project("{8BC9CEB8-8B4A-11D0-8D11-00A0C91BC942}") = "gfxoutputdrv", "gfxoutputdrv.vcproj", "{AFA6AEBA-6363-4E93-93BD-056561C918E8}"
EndProject
Project("{8BC9CEB8-8B4A-11D0-8D11-00A0C91BC942}") = "iec", "iec.vcproj", "{5C86DDDC-195E-41C3-85FB-EB1C71DF669A}"
EndProject
Project("{8BC9CEB8-8B4A-11D0-8D11-00A0C91BC942}") = "iec128dcr", "iec128dcr.vcproj", "{39F972F7-E26D-4C3C-BDB2-B53B98A0DE95}"
EndProject
Project("{8BC9CEB8-8B4A-11D0-8D11-00A0C91BC942}") = "iecbus", "iecbus.vcproj", "{B29331A9-9AAC-4BD3-A247-9B1B085230A2}"
EndProject
Project("{8BC9CEB8-8B4A-11D0-8D11-00A0C91BC942}") = "iecieee", "iecieee.vcproj", "{E32BE86D-4523-4DDF-AE24-482B425F4965}"
EndProject
Project("{8BC9CEB8-8B4A-11D0-8D11-00A0C91BC942}") = "ieee", "ieee.vcproj", "{220B981D-35F1-4FCF-A101-45CE6BA4D463}"
EndProject
Project("{8BC9CEB8-8B4A-11D0-8D11-00A0C91BC942}") = "imagecontents", "imagecontents.vcproj", "{AA06770F-A410-4629-974F-F8AC7E6C794B}"
EndProject
Project("{8BC9CEB8-8B4A-11D0-8D11-00A0C91BC942}") = "monitor", "monitor.vcproj", "{652426B4-FC48-4120-9699-B153A557AFD5}"
EndProject
Project("{8BC9CEB8-8B4A-11D0-8D11-00A0C91BC942}") = "p64", "p64.vcproj", "{1D0E2633-891A-4CB4-ADD8-C76B171111E4}"
EndProject
Project("{8BC9CEB8-8B4A-11D0-8D11-00A0C91BC942}") = "parallel", "parallel.vcproj", "{E29E8EA8-0FBB-4818-B52C-C8E817BBC6B2}"
EndProject
Project("{8BC9CEB8-8B4A-11D0-8D11-00A0C91BC942}") = "pet", "pet.vcproj", "{F41D66E5-1C7B-480E-83C3-2138EA5D20DF}"
EndProject
Project("{8BC9CEB8-8B4A-11D0-8D11-00A0C91BC942}") = "petcat", "petcat.vcproj", "{67778509-E43C-482A-95D8-D6817AF4C863}"
EndProject
Project("{8BC9CEB8-8B4A-11D0-8D11-00A0C91BC942}") = "platform", "platform.vcproj", "{2E7BE150-CF9D-466D-A9A5-2761346208C7}"
EndProject
Project("{8BC9CEB8-8B4A-11D0-8D11-00A0C91BC942}") = "plus4", "plus4.vcproj", "{90703EB0-D21E-4D7E-9A8C-E37DE9654118}"
EndProject
Project("{8BC9CEB8-8B4A-11D0-8D11-00A0C91BC942}") = "plus4exp", "plus4exp.vcproj", "{932FFC11-6FC6-42EB-BE92-085D6F82E7FF}"
EndProject
Project("{8BC9CEB8-8B4A-11D0-8D11-00A0C91BC942}") = "printerdrv", "printerdrv.vcproj", "{D2462F4E-E0B1-4E84-833C-FAE95CD1608D}"
EndProject
Project("{8BC9CEB8-8B4A-11D0-8D11-00A0C91BC942}") = "raster", "raster.vcproj", "{BE85BBC8-A63F-48CE-8E9F-CC7015F5F90C}"
EndProject
Project("{8BC9CEB8-8B4A-11D0-8D11-00A0C91BC942}") = "resid", "resid.vcproj", "{A58CDDD8-BA22-4E32-9A33-0C0F8ACC2B22}"
EndProject
Project("{8BC9CEB8-8B4A-11D0-8D11-00A0C91BC942}") = "residdtv", "residdtv.vcproj", "{DC7DD17B-FFD8-4DEF-BB32-1B45C0B0F783}"
EndProject
Project("{8BC9CEB8-8B4A-11D0-8D11-00A0C91BC942}") = "residfp", "residfp.vcproj", "{84F00DC3-9686-446F-BEC7-A8FEB8B5544F}"
EndProject
Project("{8BC9CEB8-8B4A-11D0-8D11-00A0C91BC942}") = "rs232drv", "rs232drv.vcproj", "{E8C0D730-2DDB-4D22-9933-D13C47B77B2E}"
EndProject
Project("{8BC9CEB8-8B4A-11D0-8D11-00A0C91BC942}") = "rtc", "rtc.vcproj", "{666791A2-C250-4607-A46F-A84D1903EA94}"
EndProject
Project("{8BC9CEB8-8B4A-11D0-8D11-00A0C91BC942}") = "scpu64", "scpu64.vcproj", "{8BA49E73-ED8F-4D7E-8ACE-469043F62EB5}"
EndProject
Project("{8BC9CEB8-8B4A-11D0-8D11-00A0C91BC942}") = "serial", "serial.vcproj", "{A9434FDB-B351-4B74-BEAE-B1A877389E70}"
EndProject
Project("{8BC9CEB8-8B4A-11D0-8D11-00A0C91BC942}") = "sid", "sid.vcproj", "{921C0065-9793-4D18-A93B-76740E35D5BC}"
EndProject
Project("{8BC9CEB8-8B4A-11D0-8D11-00A0C91BC942}") = "sounddrv", "sounddrv.vcproj", "{9D092F83-3F49-49ED-9884-AFB5D5E56749}"
EndProject
Project("{8BC9CEB8-8B4A-11D0-8D11-00A0C91BC942}") = "tape", "tape.vcproj", "{FA2DDF71-0531-419E-A6F3-642B4A7C5D77}"
EndProject
Project("{8BC9CEB8-8B4A-11D0-8D11-00A0C91BC942}") = "tcbm", "tcbm.vcproj", "{D5682D1B-10A0-4D43-A885-D5B7F6BB57BD}"
EndProject
Project("{8BC9CEB8-8B4A-11D0-8D11-00A0C91BC942}") = "userport", "userport.vcproj", "{84720D42-DF81-4300-BD6C-580A828B4E35}"
EndProject
Project("{8BC9CEB8-8B4A-11D0-8D11-00A0C91BC942}") = "vdc", "vdc.vcproj", "{271E2554-006D-46E5-8BFA-D231D445F4A1}"
EndProject
Project("{8BC9CEB8-8B4A-11D0-8D11-00A0C91BC942}") = "vdrive", "vdrive.vcproj", "{73CDB545-0938-4900-BA2B-75543F1C8D48}"
EndProject
Project("{8BC9CEB8-8B4A-11D0-8D11-00A0C91BC942}") = "vic20", "vic20.vcproj", "{F2EE4F6D-0A3A-4016-9C8A-3B7B7BCCDFE0}"
EndProject
Project("{8BC9CEB8-8B4A-11D0-8D11-00A0C91BC942}") = "vic20cart", "vic20cart.vcproj", "{4B9522C6-AB2A-4E62-82E8-4F9922C9C7A5}"
EndProject
Project("{8BC9CEB8-8B4A-11D0-8D11-00A0C91BC942}") = "vicii", "vicii.vcproj", "{6D3A2AE1-0434-4933-8B2C-C9A49EB40B9F}"
EndProject
Project("{8BC9CEB8-8B4A-11D0-8D11-00A0C91BC942}") = "viciidtv", "viciidtv.vcproj", "{622F8885-F42E-4831-9552-AFEAA24FBB55}"
EndProject
Project("{8BC9CEB8-8B4A-11D0-8D11-00A0C91BC942}") = "viciisc", "viciisc.vcproj", "{1FA89BCF-7CE0-4D68-B3FE-D27AC8B347EC}"
EndProject
Project("{8BC9CEB8-8B4A-11D0-8D11-00A0C91BC942}") = "video", "video.vcproj", "{9C3A66AE-965F-44CC-8E20-D1EDF5A6FD75}"
EndProject
Project("{8BC9CEB8-8B4A-11D0-8D11-00A0C91BC942}") = "vsid", "vsid.vcproj", "{2440BD96-9B97-40E7-9705-FBBCE18BCDE4}"
EndProject
Project("{8BC9CEB8-8B4A-11D0-8D11-00A0C91BC942}") = "vsidlib", "vsidlib.vcproj", "{FEE1793A-7D8E-4D35-9A90-3F127B824110}"
EndProject
Project("{8BC9CEB8-8B4A-11D0-8D11-00A0C91BC942}") = "x128", "x128.vcproj", "{B81CC5FC-2F3F-4C7A-BC9B-7AB9DC088ADE}"
EndProject
Project("{8BC9CEB8-8B4A-11D0-8D11-00A0C91BC942}") = "x64", "x64.vcproj", "{CCF77802-8429-4858-A6F6-D1145EAD1315}"
EndProject
Project("{8BC9CEB8-8B4A-11D0-8D11-00A0C91BC942}") = "x64dtv", "x64dtv.vcproj", "{CA765D6D-C356-42CD-9828-9C1112CF9D22}"
EndProject
Project("{8BC9CEB8-8B4A-11D0-8D11-00A0C91BC942}") = "x64sc", "x64sc.vcproj", "{0EED0A6C-7B48-41C2-B7C4-4E94BA4F09A4}"
EndProject
Project("{8BC9CEB8-8B4A-11D0-8D11-00A0C91BC942}") = "xcbm2", "xcbm2.vcproj", "{043B174F-BBAE-4E75-9A5F-2CA138E6E124}"
EndProject
Project("{8BC9CEB8-8B4A-11D0-8D11-00A0C91BC942}") = "xcbm5x0", "xcbm5x0.vcproj", "{E1A533E8-6C30-4335-BF2D-34461292DD1E}"
EndProject
Project("{8BC9CEB8-8B4A-11D0-8D11-00A0C91BC942}") = "xpet", "xpet.vcproj", "{9E025897-CBE3-4EC6-91D3-482FCF72CC8E}"
EndProject
Project("{8BC9CEB8-8B4A-11D0-8D11-00A0C91BC942}") = "xplus4", "xplus4.vcproj", "{BE8378C1-756B-48AB-87B3-CFBE5B273364}"
EndProject
Project("{8BC9CEB8-8B4A-11D0-8D11-00A0C91BC942}") = "xscpu64", "xscpu64.vcproj", "{EDB50F3F-5616-4983-B02A-53F44BFF910D}"
EndProject
Project("{8BC9CEB8-8B4A-11D0-8D11-00A0C91BC942}") = "xvic", "xvic.vcproj", "{2B23D88F-5618-4E49-B493-41D6293DFB86}"
EndProject
Project("{8BC9CEB8-8B4A-11D0-8D11-00A0C91BC942}") = "arch", "arch.vcproj", "{B163BE6B-EE89-411F-B7CF-3B691B94FF97}"
EndProject
Global
	GlobalSection(SolutionConfiguration) = preSolution
		ConfigName.0 = Debug
		ConfigName.1 = Release
	EndGlobalSection
	GlobalSection(ProjectDependencies) = postSolution
		{BDBF87AC-3E81-4586-86C1-03A07554670A}.0 = {2B23D88F-5618-4E49-B493-41D6293DFB86}
		{BDBF87AC-3E81-4586-86C1-03A07554670A}.1 = {EDB50F3F-5616-4983-B02A-53F44BFF910D}
		{BDBF87AC-3E81-4586-86C1-03A07554670A}.2 = {BE8378C1-756B-48AB-87B3-CFBE5B273364}
		{BDBF87AC-3E81-4586-86C1-03A07554670A}.3 = {9E025897-CBE3-4EC6-91D3-482FCF72CC8E}
		{BDBF87AC-3E81-4586-86C1-03A07554670A}.4 = {E1A533E8-6C30-4335-BF2D-34461292DD1E}
		{BDBF87AC-3E81-4586-86C1-03A07554670A}.5 = {043B174F-BBAE-4E75-9A5F-2CA138E6E124}
		{BDBF87AC-3E81-4586-86C1-03A07554670A}.6 = {B81CC5FC-2F3F-4C7A-BC9B-7AB9DC088ADE}
		{BDBF87AC-3E81-4586-86C1-03A07554670A}.7 = {0EED0A6C-7B48-41C2-B7C4-4E94BA4F09A4}
		{BDBF87AC-3E81-4586-86C1-03A07554670A}.8 = {CA765D6D-C356-42CD-9828-9C1112CF9D22}
		{BDBF87AC-3E81-4586-86C1-03A07554670A}.9 = {CCF77802-8429-4858-A6F6-D1145EAD1315}
		{BDBF87AC-3E81-4586-86C1-03A07554670A}.10 = {2440BD96-9B97-40E7-9705-FBBCE18BCDE4}
		{BDBF87AC-3E81-4586-86C1-03A07554670A}.11 = {67778509-E43C-482A-95D8-D6817AF4C863}
		{BDBF87AC-3E81-4586-86C1-03A07554670A}.12 = {D64E7A87-0087-49DB-9D0E-DEC8233A5B1D}
		{BDBF87AC-3E81-4586-86C1-03A07554670A}.13 = {6FF8CF31-D91A-4A8B-862E-2706E369D1A7}
		{5F8E3465-2CAA-4410-86E7-FCC0EB482AEA}.0 = {F5E64884-607D-4D2D-B051-16D8EF729736}
		{5F8E3465-2CAA-4410-86E7-FCC0EB482AEA}.1 = {F7FD8ADF-C9C8-47B1-936C-C0F525402CD5}
		{0CF2C309-0F57-4E2B-9C97-441BFE7D4A26}.0 = {5F8E3465-2CAA-4410-86E7-FCC0EB482AEA}
		{6FF8CF31-D91A-4A8B-862E-2706E369D1A7}.0 = {73CDB545-0938-4900-BA2B-75543F1C8D48}
		{6FF8CF31-D91A-4A8B-862E-2706E369D1A7}.1 = {FA2DDF71-0531-419E-A6F3-642B4A7C5D77}
		{6FF8CF31-D91A-4A8B-862E-2706E369D1A7}.2 = {A9434FDB-B351-4B74-BEAE-B1A877389E70}
		{6FF8CF31-D91A-4A8B-862E-2706E369D1A7}.3 = {2E7BE150-CF9D-466D-A9A5-2761346208C7}
		{6FF8CF31-D91A-4A8B-862E-2706E369D1A7}.4 = {1D0E2633-891A-4CB4-ADD8-C76B171111E4}
		{6FF8CF31-D91A-4A8B-862E-2706E369D1A7}.5 = {AA06770F-A410-4629-974F-F8AC7E6C794B}
		{6FF8CF31-D91A-4A8B-862E-2706E369D1A7}.6 = {09A2F1B6-9765-49A1-B6E4-3F03F5B15CCF}
		{6FF8CF31-D91A-4A8B-862E-2706E369D1A7}.7 = {92353FFC-9D10-4852-B003-A6F0B6C78C1F}
		{6FF8CF31-D91A-4A8B-862E-2706E369D1A7}.8 = {5F8E3465-2CAA-4410-86E7-FCC0EB482AEA}
		{6FF8CF31-D91A-4A8B-862E-2706E369D1A7}.9 = {B163BE6B-EE89-411F-B7CF-3B691B94FF97}
		{F89DBF6D-69AD-4907-A668-8E8A34850C58}.0 = {5F8E3465-2CAA-4410-86E7-FCC0EB482AEA}
		{FE0D1177-AAE2-4E99-94FD-2EC98C1E62B3}.0 = {5F8E3465-2CAA-4410-86E7-FCC0EB482AEA}
		{73C3AAB9-27BD-4F8F-A5A5-B4EBF9852A8F}.0 = {666791A2-C250-4607-A46F-A84D1903EA94}
		{73C3AAB9-27BD-4F8F-A5A5-B4EBF9852A8F}.1 = {5F8E3465-2CAA-4410-86E7-FCC0EB482AEA}
		{2505B295-F3B9-4C7A-9640-9C9DDCAF6F29}.0 = {5F8E3465-2CAA-4410-86E7-FCC0EB482AEA}
		{DCBC6A85-3610-420B-903C-98A3C8DC0D68}.0 = {5F8E3465-2CAA-4410-86E7-FCC0EB482AEA}
		{ACFB8B8D-F782-4EC3-BE61-FB11510531D6}.0 = {5F8E3465-2CAA-4410-86E7-FCC0EB482AEA}
		{14C9A8E6-D509-4C11-80F4-FBE79A84BBB0}.0 = {5F8E3465-2CAA-4410-86E7-FCC0EB482AEA}
		{B42F0B2C-A8E4-4C39-828F-148101C77498}.0 = {5F8E3465-2CAA-4410-86E7-FCC0EB482AEA}
		{9CE8E6F7-D4BF-4AAF-931B-995F2003198A}.0 = {5F8E3465-2CAA-4410-86E7-FCC0EB482AEA}
		{07C0DE67-B9A3-49ED-8993-526EBAF7019B}.0 = {5F8E3465-2CAA-4410-86E7-FCC0EB482AEA}
		{C9E721B4-1A6D-4B54-8AAB-05890C877340}.0 = {5F8E3465-2CAA-4410-86E7-FCC0EB482AEA}
		{1E3E65E2-8935-47F2-8493-C9EBBC73559B}.0 = {5F8E3465-2CAA-4410-86E7-FCC0EB482AEA}
		{F5C292D1-CCD5-4D78-B9A8-FEAE643BA169}.0 = {5F8E3465-2CAA-4410-86E7-FCC0EB482AEA}
		{A61420C2-DF08-4503-83D1-6BE746840005}.0 = {5F8E3465-2CAA-4410-86E7-FCC0EB482AEA}
		{2DCE1E14-C04D-482B-996A-D4D4B9C8DDDA}.0 = {5F8E3465-2CAA-4410-86E7-FCC0EB482AEA}
		{8F808077-CDB8-4732-AB7D-E26900ED40E7}.0 = {5F8E3465-2CAA-4410-86E7-FCC0EB482AEA}
		{AFA6AEBA-6363-4E93-93BD-056561C918E8}.0 = {5F8E3465-2CAA-4410-86E7-FCC0EB482AEA}
		{5C86DDDC-195E-41C3-85FB-EB1C71DF669A}.0 = {5F8E3465-2CAA-4410-86E7-FCC0EB482AEA}
		{39F972F7-E26D-4C3C-BDB2-B53B98A0DE95}.0 = {5F8E3465-2CAA-4410-86E7-FCC0EB482AEA}
		{B29331A9-9AAC-4BD3-A247-9B1B085230A2}.0 = {5F8E3465-2CAA-4410-86E7-FCC0EB482AEA}
		{E32BE86D-4523-4DDF-AE24-482B425F4965}.0 = {5F8E3465-2CAA-4410-86E7-FCC0EB482AEA}
		{220B981D-35F1-4FCF-A101-45CE6BA4D463}.0 = {5F8E3465-2CAA-4410-86E7-FCC0EB482AEA}
		{652426B4-FC48-4120-9699-B153A557AFD5}.0 = {5F8E3465-2CAA-4410-86E7-FCC0EB482AEA}
		{F41D66E5-1C7B-480E-83C3-2138EA5D20DF}.0 = {5F8E3465-2CAA-4410-86E7-FCC0EB482AEA}
		{67778509-E43C-482A-95D8-D6817AF4C863}.0 = {2E7BE150-CF9D-466D-A9A5-2761346208C7}
		{67778509-E43C-482A-95D8-D6817AF4C863}.1 = {09A2F1B6-9765-49A1-B6E4-3F03F5B15CCF}
		{67778509-E43C-482A-95D8-D6817AF4C863}.2 = {5F8E3465-2CAA-4410-86E7-FCC0EB482AEA}
		{67778509-E43C-482A-95D8-D6817AF4C863}.3 = {B163BE6B-EE89-411F-B7CF-3B691B94FF97}
		{90703EB0-D21E-4D7E-9A8C-E37DE9654118}.0 = {5F8E3465-2CAA-4410-86E7-FCC0EB482AEA}
		{932FFC11-6FC6-42EB-BE92-085D6F82E7FF}.0 = {5F8E3465-2CAA-4410-86E7-FCC0EB482AEA}
		{D2462F4E-E0B1-4E84-833C-FAE95CD1608D}.0 = {5F8E3465-2CAA-4410-86E7-FCC0EB482AEA}
		{BE85BBC8-A63F-48CE-8E9F-CC7015F5F90C}.0 = {5F8E3465-2CAA-4410-86E7-FCC0EB482AEA}
		{E8C0D730-2DDB-4D22-9933-D13C47B77B2E}.0 = {5F8E3465-2CAA-4410-86E7-FCC0EB482AEA}
		{8BA49E73-ED8F-4D7E-8ACE-469043F62EB5}.0 = {5F8E3465-2CAA-4410-86E7-FCC0EB482AEA}
		{A9434FDB-B351-4B74-BEAE-B1A877389E70}.0 = {5F8E3465-2CAA-4410-86E7-FCC0EB482AEA}
		{921C0065-9793-4D18-A93B-76740E35D5BC}.0 = {5F8E3465-2CAA-4410-86E7-FCC0EB482AEA}
		{D5682D1B-10A0-4D43-A885-D5B7F6BB57BD}.0 = {5F8E3465-2CAA-4410-86E7-FCC0EB482AEA}
		{84720D42-DF81-4300-BD6C-580A828B4E35}.0 = {5F8E3465-2CAA-4410-86E7-FCC0EB482AEA}
		{271E2554-006D-46E5-8BFA-D231D445F4A1}.0 = {5F8E3465-2CAA-4410-86E7-FCC0EB482AEA}
		{F2EE4F6D-0A3A-4016-9C8A-3B7B7BCCDFE0}.0 = {5F8E3465-2CAA-4410-86E7-FCC0EB482AEA}
		{4B9522C6-AB2A-4E62-82E8-4F9922C9C7A5}.0 = {5F8E3465-2CAA-4410-86E7-FCC0EB482AEA}
		{6D3A2AE1-0434-4933-8B2C-C9A49EB40B9F}.0 = {5F8E3465-2CAA-4410-86E7-FCC0EB482AEA}
		{622F8885-F42E-4831-9552-AFEAA24FBB55}.0 = {5F8E3465-2CAA-4410-86E7-FCC0EB482AEA}
		{1FA89BCF-7CE0-4D68-B3FE-D27AC8B347EC}.0 = {5F8E3465-2CAA-4410-86E7-FCC0EB482AEA}
		{9C3A66AE-965F-44CC-8E20-D1EDF5A6FD75}.0 = {5F8E3465-2CAA-4410-86E7-FCC0EB482AEA}
		{2440BD96-9B97-40E7-9705-FBBCE18BCDE4}.0 = {FEE1793A-7D8E-4D35-9A90-3F127B824110}
		{2440BD96-9B97-40E7-9705-FBBCE18BCDE4}.1 = {9C3A66AE-965F-44CC-8E20-D1EDF5A6FD75}
		{2440BD96-9B97-40E7-9705-FBBCE18BCDE4}.2 = {6D3A2AE1-0434-4933-8B2C-C9A49EB40B9F}
		{2440BD96-9B97-40E7-9705-FBBCE18BCDE4}.3 = {9D092F83-3F49-49ED-9884-AFB5D5E56749}
		{2440BD96-9B97-40E7-9705-FBBCE18BCDE4}.4 = {921C0065-9793-4D18-A93B-76740E35D5BC}
		{2440BD96-9B97-40E7-9705-FBBCE18BCDE4}.5 = {A9434FDB-B351-4B74-BEAE-B1A877389E70}
		{2440BD96-9B97-40E7-9705-FBBCE18BCDE4}.6 = {84F00DC3-9686-446F-BEC7-A8FEB8B5544F}
		{2440BD96-9B97-40E7-9705-FBBCE18BCDE4}.7 = {A58CDDD8-BA22-4E32-9A33-0C0F8ACC2B22}
		{2440BD96-9B97-40E7-9705-FBBCE18BCDE4}.8 = {BE85BBC8-A63F-48CE-8E9F-CC7015F5F90C}
		{2440BD96-9B97-40E7-9705-FBBCE18BCDE4}.9 = {2E7BE150-CF9D-466D-A9A5-2761346208C7}
		{2440BD96-9B97-40E7-9705-FBBCE18BCDE4}.10 = {652426B4-FC48-4120-9699-B153A557AFD5}
		{2440BD96-9B97-40E7-9705-FBBCE18BCDE4}.11 = {9EEFEB28-265B-4414-8C78-7BF0B03B8811}
		{2440BD96-9B97-40E7-9705-FBBCE18BCDE4}.12 = {5F8E3465-2CAA-4410-86E7-FCC0EB482AEA}
		{2440BD96-9B97-40E7-9705-FBBCE18BCDE4}.13 = {B163BE6B-EE89-411F-B7CF-3B691B94FF97}
		{FEE1793A-7D8E-4D35-9A90-3F127B824110}.0 = {5F8E3465-2CAA-4410-86E7-FCC0EB482AEA}
		{B81CC5FC-2F3F-4C7A-BC9B-7AB9DC088ADE}.0 = {9C3A66AE-965F-44CC-8E20-D1EDF5A6FD75}
		{B81CC5FC-2F3F-4C7A-BC9B-7AB9DC088ADE}.1 = {6D3A2AE1-0434-4933-8B2C-C9A49EB40B9F}
		{B81CC5FC-2F3F-4C7A-BC9B-7AB9DC088ADE}.2 = {73CDB545-0938-4900-BA2B-75543F1C8D48}
		{B81CC5FC-2F3F-4C7A-BC9B-7AB9DC088ADE}.3 = {271E2554-006D-46E5-8BFA-D231D445F4A1}
		{B81CC5FC-2F3F-4C7A-BC9B-7AB9DC088ADE}.4 = {84720D42-DF81-4300-BD6C-580A828B4E35}
		{B81CC5FC-2F3F-4C7A-BC9B-7AB9DC088ADE}.5 = {FA2DDF71-0531-419E-A6F3-642B4A7C5D77}
		{B81CC5FC-2F3F-4C7A-BC9B-7AB9DC088ADE}.6 = {9D092F83-3F49-49ED-9884-AFB5D5E56749}
		{B81CC5FC-2F3F-4C7A-BC9B-7AB9DC088ADE}.7 = {921C0065-9793-4D18-A93B-76740E35D5BC}
		{B81CC5FC-2F3F-4C7A-BC9B-7AB9DC088ADE}.8 = {A9434FDB-B351-4B74-BEAE-B1A877389E70}
		{B81CC5FC-2F3F-4C7A-BC9B-7AB9DC088ADE}.9 = {666791A2-C250-4607-A46F-A84D1903EA94}
		{B81CC5FC-2F3F-4C7A-BC9B-7AB9DC088ADE}.10 = {E8C0D730-2DDB-4D22-9933-D13C47B77B2E}
		{B81CC5FC-2F3F-4C7A-BC9B-7AB9DC088ADE}.11 = {84F00DC3-9686-446F-BEC7-A8FEB8B5544F}
		{B81CC5FC-2F3F-4C7A-BC9B-7AB9DC088ADE}.12 = {A58CDDD8-BA22-4E32-9A33-0C0F8ACC2B22}
		{B81CC5FC-2F3F-4C7A-BC9B-7AB9DC088ADE}.13 = {BE85BBC8-A63F-48CE-8E9F-CC7015F5F90C}
		{B81CC5FC-2F3F-4C7A-BC9B-7AB9DC088ADE}.14 = {D2462F4E-E0B1-4E84-833C-FAE95CD1608D}
		{B81CC5FC-2F3F-4C7A-BC9B-7AB9DC088ADE}.15 = {2E7BE150-CF9D-466D-A9A5-2761346208C7}
		{B81CC5FC-2F3F-4C7A-BC9B-7AB9DC088ADE}.16 = {E29E8EA8-0FBB-4818-B52C-C8E817BBC6B2}
		{B81CC5FC-2F3F-4C7A-BC9B-7AB9DC088ADE}.17 = {1D0E2633-891A-4CB4-ADD8-C76B171111E4}
		{B81CC5FC-2F3F-4C7A-BC9B-7AB9DC088ADE}.18 = {652426B4-FC48-4120-9699-B153A557AFD5}
		{B81CC5FC-2F3F-4C7A-BC9B-7AB9DC088ADE}.19 = {AA06770F-A410-4629-974F-F8AC7E6C794B}
		{B81CC5FC-2F3F-4C7A-BC9B-7AB9DC088ADE}.20 = {220B981D-35F1-4FCF-A101-45CE6BA4D463}
		{B81CC5FC-2F3F-4C7A-BC9B-7AB9DC088ADE}.21 = {E32BE86D-4523-4DDF-AE24-482B425F4965}
		{B81CC5FC-2F3F-4C7A-BC9B-7AB9DC088ADE}.22 = {B29331A9-9AAC-4BD3-A247-9B1B085230A2}
		{B81CC5FC-2F3F-4C7A-BC9B-7AB9DC088ADE}.23 = {39F972F7-E26D-4C3C-BDB2-B53B98A0DE95}
		{B81CC5FC-2F3F-4C7A-BC9B-7AB9DC088ADE}.24 = {5C86DDDC-195E-41C3-85FB-EB1C71DF669A}
		{B81CC5FC-2F3F-4C7A-BC9B-7AB9DC088ADE}.25 = {AFA6AEBA-6363-4E93-93BD-056561C918E8}
		{B81CC5FC-2F3F-4C7A-BC9B-7AB9DC088ADE}.26 = {8F808077-CDB8-4732-AB7D-E26900ED40E7}
		{B81CC5FC-2F3F-4C7A-BC9B-7AB9DC088ADE}.27 = {09A2F1B6-9765-49A1-B6E4-3F03F5B15CCF}
		{B81CC5FC-2F3F-4C7A-BC9B-7AB9DC088ADE}.28 = {2DCE1E14-C04D-482B-996A-D4D4B9C8DDDA}
		{B81CC5FC-2F3F-4C7A-BC9B-7AB9DC088ADE}.29 = {92353FFC-9D10-4852-B003-A6F0B6C78C1F}
		{B81CC5FC-2F3F-4C7A-BC9B-7AB9DC088ADE}.30 = {9EEFEB28-265B-4414-8C78-7BF0B03B8811}
		{B81CC5FC-2F3F-4C7A-BC9B-7AB9DC088ADE}.31 = {0CF2C309-0F57-4E2B-9C97-441BFE7D4A26}
		{B81CC5FC-2F3F-4C7A-BC9B-7AB9DC088ADE}.32 = {9CE8E6F7-D4BF-4AAF-931B-995F2003198A}
		{B81CC5FC-2F3F-4C7A-BC9B-7AB9DC088ADE}.33 = {ACFB8B8D-F782-4EC3-BE61-FB11510531D6}
		{B81CC5FC-2F3F-4C7A-BC9B-7AB9DC088ADE}.34 = {DCBC6A85-3610-420B-903C-98A3C8DC0D68}
		{B81CC5FC-2F3F-4C7A-BC9B-7AB9DC088ADE}.35 = {2505B295-F3B9-4C7A-9640-9C9DDCAF6F29}
		{B81CC5FC-2F3F-4C7A-BC9B-7AB9DC088ADE}.36 = {FE0D1177-AAE2-4E99-94FD-2EC98C1E62B3}
		{B81CC5FC-2F3F-4C7A-BC9B-7AB9DC088ADE}.37 = {5F8E3465-2CAA-4410-86E7-FCC0EB482AEA}
		{B81CC5FC-2F3F-4C7A-BC9B-7AB9DC088ADE}.38 = {B163BE6B-EE89-411F-B7CF-3B691B94FF97}
		{CCF77802-8429-4858-A6F6-D1145EAD1315}.0 = {9C3A66AE-965F-44CC-8E20-D1EDF5A6FD75}
		{CCF77802-8429-4858-A6F6-D1145EAD1315}.1 = {6D3A2AE1-0434-4933-8B2C-C9A49EB40B9F}
		{CCF77802-8429-4858-A6F6-D1145EAD1315}.2 = {73CDB545-0938-4900-BA2B-75543F1C8D48}
		{CCF77802-8429-4858-A6F6-D1145EAD1315}.3 = {84720D42-DF81-4300-BD6C-580A828B4E35}
		{CCF77802-8429-4858-A6F6-D1145EAD1315}.4 = {FA2DDF71-0531-419E-A6F3-642B4A7C5D77}
		{CCF77802-8429-4858-A6F6-D1145EAD1315}.5 = {9D092F83-3F49-49ED-9884-AFB5D5E56749}
		{CCF77802-8429-4858-A6F6-D1145EAD1315}.6 = {921C0065-9793-4D18-A93B-76740E35D5BC}
		{CCF77802-8429-4858-A6F6-D1145EAD1315}.7 = {A9434FDB-B351-4B74-BEAE-B1A877389E70}
		{CCF77802-8429-4858-A6F6-D1145EAD1315}.8 = {666791A2-C250-4607-A46F-A84D1903EA94}
		{CCF77802-8429-4858-A6F6-D1145EAD1315}.9 = {E8C0D730-2DDB-4D22-9933-D13C47B77B2E}
		{CCF77802-8429-4858-A6F6-D1145EAD1315}.10 = {84F00DC3-9686-446F-BEC7-A8FEB8B5544F}
		{CCF77802-8429-4858-A6F6-D1145EAD1315}.11 = {A58CDDD8-BA22-4E32-9A33-0C0F8ACC2B22}
		{CCF77802-8429-4858-A6F6-D1145EAD1315}.12 = {BE85BBC8-A63F-48CE-8E9F-CC7015F5F90C}
		{CCF77802-8429-4858-A6F6-D1145EAD1315}.13 = {D2462F4E-E0B1-4E84-833C-FAE95CD1608D}
		{CCF77802-8429-4858-A6F6-D1145EAD1315}.14 = {2E7BE150-CF9D-466D-A9A5-2761346208C7}
		{CCF77802-8429-4858-A6F6-D1145EAD1315}.15 = {E29E8EA8-0FBB-4818-B52C-C8E817BBC6B2}
		{CCF77802-8429-4858-A6F6-D1145EAD1315}.16 = {1D0E2633-891A-4CB4-ADD8-C76B171111E4}
		{CCF77802-8429-4858-A6F6-D1145EAD1315}.17 = {652426B4-FC48-4120-9699-B153A557AFD5}
		{CCF77802-8429-4858-A6F6-D1145EAD1315}.18 = {AA06770F-A410-4629-974F-F8AC7E6C794B}
		{CCF77802-8429-4858-A6F6-D1145EAD1315}.19 = {220B981D-35F1-4FCF-A101-45CE6BA4D463}
		{CCF77802-8429-4858-A6F6-D1145EAD1315}.20 = {E32BE86D-4523-4DDF-AE24-482B425F4965}
		{CCF77802-8429-4858-A6F6-D1145EAD1315}.21 = {B29331A9-9AAC-4BD3-A247-9B1B085230A2}
		{CCF77802-8429-4858-A6F6-D1145EAD1315}.22 = {5C86DDDC-195E-41C3-85FB-EB1C71DF669A}
		{CCF77802-8429-4858-A6F6-D1145EAD1315}.23 = {AFA6AEBA-6363-4E93-93BD-056561C918E8}
		{CCF77802-8429-4858-A6F6-D1145EAD1315}.24 = {8F808077-CDB8-4732-AB7D-E26900ED40E7}
		{CCF77802-8429-4858-A6F6-D1145EAD1315}.25 = {09A2F1B6-9765-49A1-B6E4-3F03F5B15CCF}
		{CCF77802-8429-4858-A6F6-D1145EAD1315}.26 = {2DCE1E14-C04D-482B-996A-D4D4B9C8DDDA}
		{CCF77802-8429-4858-A6F6-D1145EAD1315}.27 = {92353FFC-9D10-4852-B003-A6F0B6C78C1F}
		{CCF77802-8429-4858-A6F6-D1145EAD1315}.28 = {9EEFEB28-265B-4414-8C78-7BF0B03B8811}
		{CCF77802-8429-4858-A6F6-D1145EAD1315}.29 = {9CE8E6F7-D4BF-4AAF-931B-995F2003198A}
		{CCF77802-8429-4858-A6F6-D1145EAD1315}.30 = {ACFB8B8D-F782-4EC3-BE61-FB11510531D6}
		{CCF77802-8429-4858-A6F6-D1145EAD1315}.31 = {DCBC6A85-3610-420B-903C-98A3C8DC0D68}
		{CCF77802-8429-4858-A6F6-D1145EAD1315}.32 = {2505B295-F3B9-4C7A-9640-9C9DDCAF6F29}
		{CCF77802-8429-4858-A6F6-D1145EAD1315}.33 = {F89DBF6D-69AD-4907-A668-8E8A34850C58}
		{CCF77802-8429-4858-A6F6-D1145EAD1315}.34 = {5F8E3465-2CAA-4410-86E7-FCC0EB482AEA}
		{CCF77802-8429-4858-A6F6-D1145EAD1315}.35 = {B163BE6B-EE89-411F-B7CF-3B691B94FF97}
		{CA765D6D-C356-42CD-9828-9C1112CF9D22}.0 = {9C3A66AE-965F-44CC-8E20-D1EDF5A6FD75}
		{CA765D6D-C356-42CD-9828-9C1112CF9D22}.1 = {622F8885-F42E-4831-9552-AFEAA24FBB55}
		{CA765D6D-C356-42CD-9828-9C1112CF9D22}.2 = {73CDB545-0938-4900-BA2B-75543F1C8D48}
		{CA765D6D-C356-42CD-9828-9C1112CF9D22}.3 = {84720D42-DF81-4300-BD6C-580A828B4E35}
		{CA765D6D-C356-42CD-9828-9C1112CF9D22}.4 = {FA2DDF71-0531-419E-A6F3-642B4A7C5D77}
		{CA765D6D-C356-42CD-9828-9C1112CF9D22}.5 = {9D092F83-3F49-49ED-9884-AFB5D5E56749}
		{CA765D6D-C356-42CD-9828-9C1112CF9D22}.6 = {921C0065-9793-4D18-A93B-76740E35D5BC}
		{CA765D6D-C356-42CD-9828-9C1112CF9D22}.7 = {A9434FDB-B351-4B74-BEAE-B1A877389E70}
		{CA765D6D-C356-42CD-9828-9C1112CF9D22}.8 = {666791A2-C250-4607-A46F-A84D1903EA94}
		{CA765D6D-C356-42CD-9828-9C1112CF9D22}.9 = {E8C0D730-2DDB-4D22-9933-D13C47B77B2E}
		{CA765D6D-C356-42CD-9828-9C1112CF9D22}.10 = {84F00DC3-9686-446F-BEC7-A8FEB8B5544F}
		{CA765D6D-C356-42CD-9828-9C1112CF9D22}.11 = {DC7DD17B-FFD8-4DEF-BB32-1B45C0B0F783}
		{CA765D6D-C356-42CD-9828-9C1112CF9D22}.12 = {BE85BBC8-A63F-48CE-8E9F-CC7015F5F90C}
		{CA765D6D-C356-42CD-9828-9C1112CF9D22}.13 = {D2462F4E-E0B1-4E84-833C-FAE95CD1608D}
		{CA765D6D-C356-42CD-9828-9C1112CF9D22}.14 = {2E7BE150-CF9D-466D-A9A5-2761346208C7}
		{CA765D6D-C356-42CD-9828-9C1112CF9D22}.15 = {E29E8EA8-0FBB-4818-B52C-C8E817BBC6B2}
		{CA765D6D-C356-42CD-9828-9C1112CF9D22}.16 = {1D0E2633-891A-4CB4-ADD8-C76B171111E4}
		{CA765D6D-C356-42CD-9828-9C1112CF9D22}.17 = {652426B4-FC48-4120-9699-B153A557AFD5}
		{CA765D6D-C356-42CD-9828-9C1112CF9D22}.18 = {AA06770F-A410-4629-974F-F8AC7E6C794B}
		{CA765D6D-C356-42CD-9828-9C1112CF9D22}.19 = {220B981D-35F1-4FCF-A101-45CE6BA4D463}
		{CA765D6D-C356-42CD-9828-9C1112CF9D22}.20 = {E32BE86D-4523-4DDF-AE24-482B425F4965}
		{CA765D6D-C356-42CD-9828-9C1112CF9D22}.21 = {B29331A9-9AAC-4BD3-A247-9B1B085230A2}
		{CA765D6D-C356-42CD-9828-9C1112CF9D22}.22 = {5C86DDDC-195E-41C3-85FB-EB1C71DF669A}
		{CA765D6D-C356-42CD-9828-9C1112CF9D22}.23 = {AFA6AEBA-6363-4E93-93BD-056561C918E8}
		{CA765D6D-C356-42CD-9828-9C1112CF9D22}.24 = {8F808077-CDB8-4732-AB7D-E26900ED40E7}
		{CA765D6D-C356-42CD-9828-9C1112CF9D22}.25 = {09A2F1B6-9765-49A1-B6E4-3F03F5B15CCF}
		{CA765D6D-C356-42CD-9828-9C1112CF9D22}.26 = {2DCE1E14-C04D-482B-996A-D4D4B9C8DDDA}
		{CA765D6D-C356-42CD-9828-9C1112CF9D22}.27 = {92353FFC-9D10-4852-B003-A6F0B6C78C1F}
		{CA765D6D-C356-42CD-9828-9C1112CF9D22}.28 = {9EEFEB28-265B-4414-8C78-7BF0B03B8811}
		{CA765D6D-C356-42CD-9828-9C1112CF9D22}.29 = {9CE8E6F7-D4BF-4AAF-931B-995F2003198A}
		{CA765D6D-C356-42CD-9828-9C1112CF9D22}.30 = {B42F0B2C-A8E4-4C39-828F-148101C77498}
		{CA765D6D-C356-42CD-9828-9C1112CF9D22}.31 = {14C9A8E6-D509-4C11-80F4-FBE79A84BBB0}
		{CA765D6D-C356-42CD-9828-9C1112CF9D22}.32 = {73C3AAB9-27BD-4F8F-A5A5-B4EBF9852A8F}
		{CA765D6D-C356-42CD-9828-9C1112CF9D22}.33 = {5F8E3465-2CAA-4410-86E7-FCC0EB482AEA}
		{CA765D6D-C356-42CD-9828-9C1112CF9D22}.34 = {B163BE6B-EE89-411F-B7CF-3B691B94FF97}
		{0EED0A6C-7B48-41C2-B7C4-4E94BA4F09A4}.0 = {9C3A66AE-965F-44CC-8E20-D1EDF5A6FD75}
		{0EED0A6C-7B48-41C2-B7C4-4E94BA4F09A4}.1 = {1FA89BCF-7CE0-4D68-B3FE-D27AC8B347EC}
		{0EED0A6C-7B48-41C2-B7C4-4E94BA4F09A4}.2 = {73CDB545-0938-4900-BA2B-75543F1C8D48}
		{0EED0A6C-7B48-41C2-B7C4-4E94BA4F09A4}.3 = {84720D42-DF81-4300-BD6C-580A828B4E35}
		{0EED0A6C-7B48-41C2-B7C4-4E94BA4F09A4}.4 = {FA2DDF71-0531-419E-A6F3-642B4A7C5D77}
		{0EED0A6C-7B48-41C2-B7C4-4E94BA4F09A4}.5 = {9D092F83-3F49-49ED-9884-AFB5D5E56749}
		{0EED0A6C-7B48-41C2-B7C4-4E94BA4F09A4}.6 = {921C0065-9793-4D18-A93B-76740E35D5BC}
		{0EED0A6C-7B48-41C2-B7C4-4E94BA4F09A4}.7 = {A9434FDB-B351-4B74-BEAE-B1A877389E70}
		{0EED0A6C-7B48-41C2-B7C4-4E94BA4F09A4}.8 = {666791A2-C250-4607-A46F-A84D1903EA94}
		{0EED0A6C-7B48-41C2-B7C4-4E94BA4F09A4}.9 = {E8C0D730-2DDB-4D22-9933-D13C47B77B2E}
		{0EED0A6C-7B48-41C2-B7C4-4E94BA4F09A4}.10 = {84F00DC3-9686-446F-BEC7-A8FEB8B5544F}
		{0EED0A6C-7B48-41C2-B7C4-4E94BA4F09A4}.11 = {A58CDDD8-BA22-4E32-9A33-0C0F8ACC2B22}
		{0EED0A6C-7B48-41C2-B7C4-4E94BA4F09A4}.12 = {BE85BBC8-A63F-48CE-8E9F-CC7015F5F90C}
		{0EED0A6C-7B48-41C2-B7C4-4E94BA4F09A4}.13 = {D2462F4E-E0B1-4E84-833C-FAE95CD1608D}
		{0EED0A6C-7B48-41C2-B7C4-4E94BA4F09A4}.14 = {2E7BE150-CF9D-466D-A9A5-2761346208C7}
		{0EED0A6C-7B48-41C2-B7C4-4E94BA4F09A4}.15 = {E29E8EA8-0FBB-4818-B52C-C8E817BBC6B2}
		{0EED0A6C-7B48-41C2-B7C4-4E94BA4F09A4}.16 = {1D0E2633-891A-4CB4-ADD8-C76B171111E4}
		{0EED0A6C-7B48-41C2-B7C4-4E94BA4F09A4}.17 = {652426B4-FC48-4120-9699-B153A557AFD5}
		{0EED0A6C-7B48-41C2-B7C4-4E94BA4F09A4}.18 = {AA06770F-A410-4629-974F-F8AC7E6C794B}
		{0EED0A6C-7B48-41C2-B7C4-4E94BA4F09A4}.19 = {220B981D-35F1-4FCF-A101-45CE6BA4D463}
		{0EED0A6C-7B48-41C2-B7C4-4E94BA4F09A4}.20 = {E32BE86D-4523-4DDF-AE24-482B425F4965}
		{0EED0A6C-7B48-41C2-B7C4-4E94BA4F09A4}.21 = {B29331A9-9AAC-4BD3-A247-9B1B085230A2}
		{0EED0A6C-7B48-41C2-B7C4-4E94BA4F09A4}.22 = {5C86DDDC-195E-41C3-85FB-EB1C71DF669A}
		{0EED0A6C-7B48-41C2-B7C4-4E94BA4F09A4}.23 = {AFA6AEBA-6363-4E93-93BD-056561C918E8}
		{0EED0A6C-7B48-41C2-B7C4-4E94BA4F09A4}.24 = {8F808077-CDB8-4732-AB7D-E26900ED40E7}
		{0EED0A6C-7B48-41C2-B7C4-4E94BA4F09A4}.25 = {09A2F1B6-9765-49A1-B6E4-3F03F5B15CCF}
		{0EED0A6C-7B48-41C2-B7C4-4E94BA4F09A4}.26 = {2DCE1E14-C04D-482B-996A-D4D4B9C8DDDA}
		{0EED0A6C-7B48-41C2-B7C4-4E94BA4F09A4}.27 = {92353FFC-9D10-4852-B003-A6F0B6C78C1F}
		{0EED0A6C-7B48-41C2-B7C4-4E94BA4F09A4}.28 = {9EEFEB28-265B-4414-8C78-7BF0B03B8811}
		{0EED0A6C-7B48-41C2-B7C4-4E94BA4F09A4}.29 = {07C0DE67-B9A3-49ED-8993-526EBAF7019B}
		{0EED0A6C-7B48-41C2-B7C4-4E94BA4F09A4}.30 = {9CE8E6F7-D4BF-4AAF-931B-995F2003198A}
		{0EED0A6C-7B48-41C2-B7C4-4E94BA4F09A4}.31 = {ACFB8B8D-F782-4EC3-BE61-FB11510531D6}
		{0EED0A6C-7B48-41C2-B7C4-4E94BA4F09A4}.32 = {DCBC6A85-3610-420B-903C-98A3C8DC0D68}
		{0EED0A6C-7B48-41C2-B7C4-4E94BA4F09A4}.33 = {2505B295-F3B9-4C7A-9640-9C9DDCAF6F29}
		{0EED0A6C-7B48-41C2-B7C4-4E94BA4F09A4}.34 = {5F8E3465-2CAA-4410-86E7-FCC0EB482AEA}
		{0EED0A6C-7B48-41C2-B7C4-4E94BA4F09A4}.35 = {B163BE6B-EE89-411F-B7CF-3B691B94FF97}
		{043B174F-BBAE-4E75-9A5F-2CA138E6E124}.0 = {9C3A66AE-965F-44CC-8E20-D1EDF5A6FD75}
		{043B174F-BBAE-4E75-9A5F-2CA138E6E124}.1 = {73CDB545-0938-4900-BA2B-75543F1C8D48}
		{043B174F-BBAE-4E75-9A5F-2CA138E6E124}.2 = {84720D42-DF81-4300-BD6C-580A828B4E35}
		{043B174F-BBAE-4E75-9A5F-2CA138E6E124}.3 = {FA2DDF71-0531-419E-A6F3-642B4A7C5D77}
		{043B174F-BBAE-4E75-9A5F-2CA138E6E124}.4 = {9D092F83-3F49-49ED-9884-AFB5D5E56749}
		{043B174F-BBAE-4E75-9A5F-2CA138E6E124}.5 = {921C0065-9793-4D18-A93B-76740E35D5BC}
		{043B174F-BBAE-4E75-9A5F-2CA138E6E124}.6 = {A9434FDB-B351-4B74-BEAE-B1A877389E70}
		{043B174F-BBAE-4E75-9A5F-2CA138E6E124}.7 = {666791A2-C250-4607-A46F-A84D1903EA94}
		{043B174F-BBAE-4E75-9A5F-2CA138E6E124}.8 = {E8C0D730-2DDB-4D22-9933-D13C47B77B2E}
		{043B174F-BBAE-4E75-9A5F-2CA138E6E124}.9 = {84F00DC3-9686-446F-BEC7-A8FEB8B5544F}
		{043B174F-BBAE-4E75-9A5F-2CA138E6E124}.10 = {A58CDDD8-BA22-4E32-9A33-0C0F8ACC2B22}
		{043B174F-BBAE-4E75-9A5F-2CA138E6E124}.11 = {BE85BBC8-A63F-48CE-8E9F-CC7015F5F90C}
		{043B174F-BBAE-4E75-9A5F-2CA138E6E124}.12 = {D2462F4E-E0B1-4E84-833C-FAE95CD1608D}
		{043B174F-BBAE-4E75-9A5F-2CA138E6E124}.13 = {2E7BE150-CF9D-466D-A9A5-2761346208C7}
		{043B174F-BBAE-4E75-9A5F-2CA138E6E124}.14 = {E29E8EA8-0FBB-4818-B52C-C8E817BBC6B2}
		{043B174F-BBAE-4E75-9A5F-2CA138E6E124}.15 = {1D0E2633-891A-4CB4-ADD8-C76B171111E4}
		{043B174F-BBAE-4E75-9A5F-2CA138E6E124}.16 = {652426B4-FC48-4120-9699-B153A557AFD5}
		{043B174F-BBAE-4E75-9A5F-2CA138E6E124}.17 = {AA06770F-A410-4629-974F-F8AC7E6C794B}
		{043B174F-BBAE-4E75-9A5F-2CA138E6E124}.18 = {220B981D-35F1-4FCF-A101-45CE6BA4D463}
		{043B174F-BBAE-4E75-9A5F-2CA138E6E124}.19 = {E32BE86D-4523-4DDF-AE24-482B425F4965}
		{043B174F-BBAE-4E75-9A5F-2CA138E6E124}.20 = {AFA6AEBA-6363-4E93-93BD-056561C918E8}
		{043B174F-BBAE-4E75-9A5F-2CA138E6E124}.21 = {8F808077-CDB8-4732-AB7D-E26900ED40E7}
		{043B174F-BBAE-4E75-9A5F-2CA138E6E124}.22 = {09A2F1B6-9765-49A1-B6E4-3F03F5B15CCF}
		{043B174F-BBAE-4E75-9A5F-2CA138E6E124}.23 = {2DCE1E14-C04D-482B-996A-D4D4B9C8DDDA}
		{043B174F-BBAE-4E75-9A5F-2CA138E6E124}.24 = {92353FFC-9D10-4852-B003-A6F0B6C78C1F}
		{043B174F-BBAE-4E75-9A5F-2CA138E6E124}.25 = {22491B4B-5B4F-46AD-8B24-430B9F643D5E}
		{043B174F-BBAE-4E75-9A5F-2CA138E6E124}.26 = {9EEFEB28-265B-4414-8C78-7BF0B03B8811}
		{043B174F-BBAE-4E75-9A5F-2CA138E6E124}.27 = {F5C292D1-CCD5-4D78-B9A8-FEAE643BA169}
		{043B174F-BBAE-4E75-9A5F-2CA138E6E124}.28 = {1E3E65E2-8935-47F2-8493-C9EBBC73559B}
		{043B174F-BBAE-4E75-9A5F-2CA138E6E124}.29 = {5F8E3465-2CAA-4410-86E7-FCC0EB482AEA}
		{043B174F-BBAE-4E75-9A5F-2CA138E6E124}.30 = {B163BE6B-EE89-411F-B7CF-3B691B94FF97}
		{E1A533E8-6C30-4335-BF2D-34461292DD1E}.0 = {9C3A66AE-965F-44CC-8E20-D1EDF5A6FD75}
		{E1A533E8-6C30-4335-BF2D-34461292DD1E}.1 = {6D3A2AE1-0434-4933-8B2C-C9A49EB40B9F}
		{E1A533E8-6C30-4335-BF2D-34461292DD1E}.2 = {73CDB545-0938-4900-BA2B-75543F1C8D48}
		{E1A533E8-6C30-4335-BF2D-34461292DD1E}.3 = {84720D42-DF81-4300-BD6C-580A828B4E35}
		{E1A533E8-6C30-4335-BF2D-34461292DD1E}.4 = {FA2DDF71-0531-419E-A6F3-642B4A7C5D77}
		{E1A533E8-6C30-4335-BF2D-34461292DD1E}.5 = {9D092F83-3F49-49ED-9884-AFB5D5E56749}
		{E1A533E8-6C30-4335-BF2D-34461292DD1E}.6 = {921C0065-9793-4D18-A93B-76740E35D5BC}
		{E1A533E8-6C30-4335-BF2D-34461292DD1E}.7 = {A9434FDB-B351-4B74-BEAE-B1A877389E70}
		{E1A533E8-6C30-4335-BF2D-34461292DD1E}.8 = {666791A2-C250-4607-A46F-A84D1903EA94}
		{E1A533E8-6C30-4335-BF2D-34461292DD1E}.9 = {E8C0D730-2DDB-4D22-9933-D13C47B77B2E}
		{E1A533E8-6C30-4335-BF2D-34461292DD1E}.10 = {84F00DC3-9686-446F-BEC7-A8FEB8B5544F}
		{E1A533E8-6C30-4335-BF2D-34461292DD1E}.11 = {A58CDDD8-BA22-4E32-9A33-0C0F8ACC2B22}
		{E1A533E8-6C30-4335-BF2D-34461292DD1E}.12 = {BE85BBC8-A63F-48CE-8E9F-CC7015F5F90C}
		{E1A533E8-6C30-4335-BF2D-34461292DD1E}.13 = {D2462F4E-E0B1-4E84-833C-FAE95CD1608D}
		{E1A533E8-6C30-4335-BF2D-34461292DD1E}.14 = {2E7BE150-CF9D-466D-A9A5-2761346208C7}
		{E1A533E8-6C30-4335-BF2D-34461292DD1E}.15 = {E29E8EA8-0FBB-4818-B52C-C8E817BBC6B2}
		{E1A533E8-6C30-4335-BF2D-34461292DD1E}.16 = {1D0E2633-891A-4CB4-ADD8-C76B171111E4}
		{E1A533E8-6C30-4335-BF2D-34461292DD1E}.17 = {652426B4-FC48-4120-9699-B153A557AFD5}
		{E1A533E8-6C30-4335-BF2D-34461292DD1E}.18 = {AA06770F-A410-4629-974F-F8AC7E6C794B}
		{E1A533E8-6C30-4335-BF2D-34461292DD1E}.19 = {220B981D-35F1-4FCF-A101-45CE6BA4D463}
		{E1A533E8-6C30-4335-BF2D-34461292DD1E}.20 = {E32BE86D-4523-4DDF-AE24-482B425F4965}
		{E1A533E8-6C30-4335-BF2D-34461292DD1E}.21 = {AFA6AEBA-6363-4E93-93BD-056561C918E8}
		{E1A533E8-6C30-4335-BF2D-34461292DD1E}.22 = {8F808077-CDB8-4732-AB7D-E26900ED40E7}
		{E1A533E8-6C30-4335-BF2D-34461292DD1E}.23 = {09A2F1B6-9765-49A1-B6E4-3F03F5B15CCF}
		{E1A533E8-6C30-4335-BF2D-34461292DD1E}.24 = {2DCE1E14-C04D-482B-996A-D4D4B9C8DDDA}
		{E1A533E8-6C30-4335-BF2D-34461292DD1E}.25 = {92353FFC-9D10-4852-B003-A6F0B6C78C1F}
		{E1A533E8-6C30-4335-BF2D-34461292DD1E}.26 = {9EEFEB28-265B-4414-8C78-7BF0B03B8811}
		{E1A533E8-6C30-4335-BF2D-34461292DD1E}.27 = {A61420C2-DF08-4503-83D1-6BE746840005}
		{E1A533E8-6C30-4335-BF2D-34461292DD1E}.28 = {F5C292D1-CCD5-4D78-B9A8-FEAE643BA169}
		{E1A533E8-6C30-4335-BF2D-34461292DD1E}.29 = {5F8E3465-2CAA-4410-86E7-FCC0EB482AEA}
		{E1A533E8-6C30-4335-BF2D-34461292DD1E}.30 = {B163BE6B-EE89-411F-B7CF-3B691B94FF97}
		{9E025897-CBE3-4EC6-91D3-482FCF72CC8E}.0 = {9C3A66AE-965F-44CC-8E20-D1EDF5A6FD75}
		{9E025897-CBE3-4EC6-91D3-482FCF72CC8E}.1 = {73CDB545-0938-4900-BA2B-75543F1C8D48}
		{9E025897-CBE3-4EC6-91D3-482FCF72CC8E}.2 = {84720D42-DF81-4300-BD6C-580A828B4E35}
		{9E025897-CBE3-4EC6-91D3-482FCF72CC8E}.3 = {FA2DDF71-0531-419E-A6F3-642B4A7C5D77}
		{9E025897-CBE3-4EC6-91D3-482FCF72CC8E}.4 = {9D092F83-3F49-49ED-9884-AFB5D5E56749}
		{9E025897-CBE3-4EC6-91D3-482FCF72CC8E}.5 = {921C0065-9793-4D18-A93B-76740E35D5BC}
		{9E025897-CBE3-4EC6-91D3-482FCF72CC8E}.6 = {A9434FDB-B351-4B74-BEAE-B1A877389E70}
		{9E025897-CBE3-4EC6-91D3-482FCF72CC8E}.7 = {666791A2-C250-4607-A46F-A84D1903EA94}
		{9E025897-CBE3-4EC6-91D3-482FCF72CC8E}.8 = {E8C0D730-2DDB-4D22-9933-D13C47B77B2E}
		{9E025897-CBE3-4EC6-91D3-482FCF72CC8E}.9 = {84F00DC3-9686-446F-BEC7-A8FEB8B5544F}
		{9E025897-CBE3-4EC6-91D3-482FCF72CC8E}.10 = {A58CDDD8-BA22-4E32-9A33-0C0F8ACC2B22}
		{9E025897-CBE3-4EC6-91D3-482FCF72CC8E}.11 = {BE85BBC8-A63F-48CE-8E9F-CC7015F5F90C}
		{9E025897-CBE3-4EC6-91D3-482FCF72CC8E}.12 = {D2462F4E-E0B1-4E84-833C-FAE95CD1608D}
		{9E025897-CBE3-4EC6-91D3-482FCF72CC8E}.13 = {2E7BE150-CF9D-466D-A9A5-2761346208C7}
		{9E025897-CBE3-4EC6-91D3-482FCF72CC8E}.14 = {F41D66E5-1C7B-480E-83C3-2138EA5D20DF}
		{9E025897-CBE3-4EC6-91D3-482FCF72CC8E}.15 = {E29E8EA8-0FBB-4818-B52C-C8E817BBC6B2}
		{9E025897-CBE3-4EC6-91D3-482FCF72CC8E}.16 = {1D0E2633-891A-4CB4-ADD8-C76B171111E4}
		{9E025897-CBE3-4EC6-91D3-482FCF72CC8E}.17 = {652426B4-FC48-4120-9699-B153A557AFD5}
		{9E025897-CBE3-4EC6-91D3-482FCF72CC8E}.18 = {AA06770F-A410-4629-974F-F8AC7E6C794B}
		{9E025897-CBE3-4EC6-91D3-482FCF72CC8E}.19 = {220B981D-35F1-4FCF-A101-45CE6BA4D463}
		{9E025897-CBE3-4EC6-91D3-482FCF72CC8E}.20 = {E32BE86D-4523-4DDF-AE24-482B425F4965}
		{9E025897-CBE3-4EC6-91D3-482FCF72CC8E}.21 = {AFA6AEBA-6363-4E93-93BD-056561C918E8}
		{9E025897-CBE3-4EC6-91D3-482FCF72CC8E}.22 = {8F808077-CDB8-4732-AB7D-E26900ED40E7}
		{9E025897-CBE3-4EC6-91D3-482FCF72CC8E}.23 = {09A2F1B6-9765-49A1-B6E4-3F03F5B15CCF}
		{9E025897-CBE3-4EC6-91D3-482FCF72CC8E}.24 = {2DCE1E14-C04D-482B-996A-D4D4B9C8DDDA}
		{9E025897-CBE3-4EC6-91D3-482FCF72CC8E}.25 = {92353FFC-9D10-4852-B003-A6F0B6C78C1F}
		{9E025897-CBE3-4EC6-91D3-482FCF72CC8E}.26 = {22491B4B-5B4F-46AD-8B24-430B9F643D5E}
		{9E025897-CBE3-4EC6-91D3-482FCF72CC8E}.27 = {9EEFEB28-265B-4414-8C78-7BF0B03B8811}
		{9E025897-CBE3-4EC6-91D3-482FCF72CC8E}.28 = {5F8E3465-2CAA-4410-86E7-FCC0EB482AEA}
		{9E025897-CBE3-4EC6-91D3-482FCF72CC8E}.29 = {B163BE6B-EE89-411F-B7CF-3B691B94FF97}
		{BE8378C1-756B-48AB-87B3-CFBE5B273364}.0 = {9C3A66AE-965F-44CC-8E20-D1EDF5A6FD75}
		{BE8378C1-756B-48AB-87B3-CFBE5B273364}.1 = {73CDB545-0938-4900-BA2B-75543F1C8D48}
		{BE8378C1-756B-48AB-87B3-CFBE5B273364}.2 = {84720D42-DF81-4300-BD6C-580A828B4E35}
		{BE8378C1-756B-48AB-87B3-CFBE5B273364}.3 = {D5682D1B-10A0-4D43-A885-D5B7F6BB57BD}
		{BE8378C1-756B-48AB-87B3-CFBE5B273364}.4 = {FA2DDF71-0531-419E-A6F3-642B4A7C5D77}
		{BE8378C1-756B-48AB-87B3-CFBE5B273364}.5 = {9D092F83-3F49-49ED-9884-AFB5D5E56749}
		{BE8378C1-756B-48AB-87B3-CFBE5B273364}.6 = {921C0065-9793-4D18-A93B-76740E35D5BC}
		{BE8378C1-756B-48AB-87B3-CFBE5B273364}.7 = {A9434FDB-B351-4B74-BEAE-B1A877389E70}
		{BE8378C1-756B-48AB-87B3-CFBE5B273364}.8 = {666791A2-C250-4607-A46F-A84D1903EA94}
		{BE8378C1-756B-48AB-87B3-CFBE5B273364}.9 = {E8C0D730-2DDB-4D22-9933-D13C47B77B2E}
		{BE8378C1-756B-48AB-87B3-CFBE5B273364}.10 = {84F00DC3-9686-446F-BEC7-A8FEB8B5544F}
		{BE8378C1-756B-48AB-87B3-CFBE5B273364}.11 = {A58CDDD8-BA22-4E32-9A33-0C0F8ACC2B22}
		{BE8378C1-756B-48AB-87B3-CFBE5B273364}.12 = {BE85BBC8-A63F-48CE-8E9F-CC7015F5F90C}
		{BE8378C1-756B-48AB-87B3-CFBE5B273364}.13 = {D2462F4E-E0B1-4E84-833C-FAE95CD1608D}
		{BE8378C1-756B-48AB-87B3-CFBE5B273364}.14 = {932FFC11-6FC6-42EB-BE92-085D6F82E7FF}
		{BE8378C1-756B-48AB-87B3-CFBE5B273364}.15 = {90703EB0-D21E-4D7E-9A8C-E37DE9654118}
		{BE8378C1-756B-48AB-87B3-CFBE5B273364}.16 = {2E7BE150-CF9D-466D-A9A5-2761346208C7}
		{BE8378C1-756B-48AB-87B3-CFBE5B273364}.17 = {1D0E2633-891A-4CB4-ADD8-C76B171111E4}
		{BE8378C1-756B-48AB-87B3-CFBE5B273364}.18 = {652426B4-FC48-4120-9699-B153A557AFD5}
		{BE8378C1-756B-48AB-87B3-CFBE5B273364}.19 = {AA06770F-A410-4629-974F-F8AC7E6C794B}
		{BE8378C1-756B-48AB-87B3-CFBE5B273364}.20 = {E32BE86D-4523-4DDF-AE24-482B425F4965}
		{BE8378C1-756B-48AB-87B3-CFBE5B273364}.21 = {B29331A9-9AAC-4BD3-A247-9B1B085230A2}
		{BE8378C1-756B-48AB-87B3-CFBE5B273364}.22 = {5C86DDDC-195E-41C3-85FB-EB1C71DF669A}
		{BE8378C1-756B-48AB-87B3-CFBE5B273364}.23 = {AFA6AEBA-6363-4E93-93BD-056561C918E8}
		{BE8378C1-756B-48AB-87B3-CFBE5B273364}.24 = {8F808077-CDB8-4732-AB7D-E26900ED40E7}
		{BE8378C1-756B-48AB-87B3-CFBE5B273364}.25 = {09A2F1B6-9765-49A1-B6E4-3F03F5B15CCF}
		{BE8378C1-756B-48AB-87B3-CFBE5B273364}.26 = {2DCE1E14-C04D-482B-996A-D4D4B9C8DDDA}
		{BE8378C1-756B-48AB-87B3-CFBE5B273364}.27 = {92353FFC-9D10-4852-B003-A6F0B6C78C1F}
		{BE8378C1-756B-48AB-87B3-CFBE5B273364}.28 = {9EEFEB28-265B-4414-8C78-7BF0B03B8811}
		{BE8378C1-756B-48AB-87B3-CFBE5B273364}.29 = {5F8E3465-2CAA-4410-86E7-FCC0EB482AEA}
		{BE8378C1-756B-48AB-87B3-CFBE5B273364}.30 = {B163BE6B-EE89-411F-B7CF-3B691B94FF97}
		{EDB50F3F-5616-4983-B02A-53F44BFF910D}.0 = {9C3A66AE-965F-44CC-8E20-D1EDF5A6FD75}
		{EDB50F3F-5616-4983-B02A-53F44BFF910D}.1 = {1FA89BCF-7CE0-4D68-B3FE-D27AC8B347EC}
		{EDB50F3F-5616-4983-B02A-53F44BFF910D}.2 = {73CDB545-0938-4900-BA2B-75543F1C8D48}
		{EDB50F3F-5616-4983-B02A-53F44BFF910D}.3 = {84720D42-DF81-4300-BD6C-580A828B4E35}
		{EDB50F3F-5616-4983-B02A-53F44BFF910D}.4 = {9D092F83-3F49-49ED-9884-AFB5D5E56749}
		{EDB50F3F-5616-4983-B02A-53F44BFF910D}.5 = {921C0065-9793-4D18-A93B-76740E35D5BC}
		{EDB50F3F-5616-4983-B02A-53F44BFF910D}.6 = {A9434FDB-B351-4B74-BEAE-B1A877389E70}
		{EDB50F3F-5616-4983-B02A-53F44BFF910D}.7 = {8BA49E73-ED8F-4D7E-8ACE-469043F62EB5}
		{EDB50F3F-5616-4983-B02A-53F44BFF910D}.8 = {666791A2-C250-4607-A46F-A84D1903EA94}
		{EDB50F3F-5616-4983-B02A-53F44BFF910D}.9 = {E8C0D730-2DDB-4D22-9933-D13C47B77B2E}
		{EDB50F3F-5616-4983-B02A-53F44BFF910D}.10 = {84F00DC3-9686-446F-BEC7-A8FEB8B5544F}
		{EDB50F3F-5616-4983-B02A-53F44BFF910D}.11 = {A58CDDD8-BA22-4E32-9A33-0C0F8ACC2B22}
		{EDB50F3F-5616-4983-B02A-53F44BFF910D}.12 = {BE85BBC8-A63F-48CE-8E9F-CC7015F5F90C}
		{EDB50F3F-5616-4983-B02A-53F44BFF910D}.13 = {D2462F4E-E0B1-4E84-833C-FAE95CD1608D}
		{EDB50F3F-5616-4983-B02A-53F44BFF910D}.14 = {2E7BE150-CF9D-466D-A9A5-2761346208C7}
		{EDB50F3F-5616-4983-B02A-53F44BFF910D}.15 = {E29E8EA8-0FBB-4818-B52C-C8E817BBC6B2}
		{EDB50F3F-5616-4983-B02A-53F44BFF910D}.16 = {1D0E2633-891A-4CB4-ADD8-C76B171111E4}
		{EDB50F3F-5616-4983-B02A-53F44BFF910D}.17 = {652426B4-FC48-4120-9699-B153A557AFD5}
		{EDB50F3F-5616-4983-B02A-53F44BFF910D}.18 = {AA06770F-A410-4629-974F-F8AC7E6C794B}
		{EDB50F3F-5616-4983-B02A-53F44BFF910D}.19 = {220B981D-35F1-4FCF-A101-45CE6BA4D463}
		{EDB50F3F-5616-4983-B02A-53F44BFF910D}.20 = {E32BE86D-4523-4DDF-AE24-482B425F4965}
		{EDB50F3F-5616-4983-B02A-53F44BFF910D}.21 = {B29331A9-9AAC-4BD3-A247-9B1B085230A2}
		{EDB50F3F-5616-4983-B02A-53F44BFF910D}.22 = {5C86DDDC-195E-41C3-85FB-EB1C71DF669A}
		{EDB50F3F-5616-4983-B02A-53F44BFF910D}.23 = {AFA6AEBA-6363-4E93-93BD-056561C918E8}
		{EDB50F3F-5616-4983-B02A-53F44BFF910D}.24 = {8F808077-CDB8-4732-AB7D-E26900ED40E7}
		{EDB50F3F-5616-4983-B02A-53F44BFF910D}.25 = {09A2F1B6-9765-49A1-B6E4-3F03F5B15CCF}
		{EDB50F3F-5616-4983-B02A-53F44BFF910D}.26 = {2DCE1E14-C04D-482B-996A-D4D4B9C8DDDA}
		{EDB50F3F-5616-4983-B02A-53F44BFF910D}.27 = {92353FFC-9D10-4852-B003-A6F0B6C78C1F}
		{EDB50F3F-5616-4983-B02A-53F44BFF910D}.28 = {9EEFEB28-265B-4414-8C78-7BF0B03B8811}
		{EDB50F3F-5616-4983-B02A-53F44BFF910D}.29 = {C9E721B4-1A6D-4B54-8AAB-05890C877340}
		{EDB50F3F-5616-4983-B02A-53F44BFF910D}.30 = {ACFB8B8D-F782-4EC3-BE61-FB11510531D6}
		{EDB50F3F-5616-4983-B02A-53F44BFF910D}.31 = {DCBC6A85-3610-420B-903C-98A3C8DC0D68}
		{EDB50F3F-5616-4983-B02A-53F44BFF910D}.32 = {2505B295-F3B9-4C7A-9640-9C9DDCAF6F29}
		{EDB50F3F-5616-4983-B02A-53F44BFF910D}.33 = {9CE8E6F7-D4BF-4AAF-931B-995F2003198A}
		{EDB50F3F-5616-4983-B02A-53F44BFF910D}.34 = {5F8E3465-2CAA-4410-86E7-FCC0EB482AEA}
		{EDB50F3F-5616-4983-B02A-53F44BFF910D}.35 = {B163BE6B-EE89-411F-B7CF-3B691B94FF97}
		{2B23D88F-5618-4E49-B493-41D6293DFB86}.0 = {9C3A66AE-965F-44CC-8E20-D1EDF5A6FD75}
		{2B23D88F-5618-4E49-B493-41D6293DFB86}.1 = {4B9522C6-AB2A-4E62-82E8-4F9922C9C7A5}
		{2B23D88F-5618-4E49-B493-41D6293DFB86}.2 = {F2EE4F6D-0A3A-4016-9C8A-3B7B7BCCDFE0}
		{2B23D88F-5618-4E49-B493-41D6293DFB86}.3 = {73CDB545-0938-4900-BA2B-75543F1C8D48}
		{2B23D88F-5618-4E49-B493-41D6293DFB86}.4 = {84720D42-DF81-4300-BD6C-580A828B4E35}
		{2B23D88F-5618-4E49-B493-41D6293DFB86}.5 = {FA2DDF71-0531-419E-A6F3-642B4A7C5D77}
		{2B23D88F-5618-4E49-B493-41D6293DFB86}.6 = {9D092F83-3F49-49ED-9884-AFB5D5E56749}
		{2B23D88F-5618-4E49-B493-41D6293DFB86}.7 = {921C0065-9793-4D18-A93B-76740E35D5BC}
		{2B23D88F-5618-4E49-B493-41D6293DFB86}.8 = {A9434FDB-B351-4B74-BEAE-B1A877389E70}
		{2B23D88F-5618-4E49-B493-41D6293DFB86}.9 = {666791A2-C250-4607-A46F-A84D1903EA94}
		{2B23D88F-5618-4E49-B493-41D6293DFB86}.10 = {E8C0D730-2DDB-4D22-9933-D13C47B77B2E}
		{2B23D88F-5618-4E49-B493-41D6293DFB86}.11 = {84F00DC3-9686-446F-BEC7-A8FEB8B5544F}
		{2B23D88F-5618-4E49-B493-41D6293DFB86}.12 = {A58CDDD8-BA22-4E32-9A33-0C0F8ACC2B22}
		{2B23D88F-5618-4E49-B493-41D6293DFB86}.13 = {BE85BBC8-A63F-48CE-8E9F-CC7015F5F90C}
		{2B23D88F-5618-4E49-B493-41D6293DFB86}.14 = {D2462F4E-E0B1-4E84-833C-FAE95CD1608D}
		{2B23D88F-5618-4E49-B493-41D6293DFB86}.15 = {2E7BE150-CF9D-466D-A9A5-2761346208C7}
		{2B23D88F-5618-4E49-B493-41D6293DFB86}.16 = {E29E8EA8-0FBB-4818-B52C-C8E817BBC6B2}
		{2B23D88F-5618-4E49-B493-41D6293DFB86}.17 = {1D0E2633-891A-4CB4-ADD8-C76B171111E4}
		{2B23D88F-5618-4E49-B493-41D6293DFB86}.18 = {652426B4-FC48-4120-9699-B153A557AFD5}
		{2B23D88F-5618-4E49-B493-41D6293DFB86}.19 = {AA06770F-A410-4629-974F-F8AC7E6C794B}
		{2B23D88F-5618-4E49-B493-41D6293DFB86}.20 = {220B981D-35F1-4FCF-A101-45CE6BA4D463}
		{2B23D88F-5618-4E49-B493-41D6293DFB86}.21 = {E32BE86D-4523-4DDF-AE24-482B425F4965}
		{2B23D88F-5618-4E49-B493-41D6293DFB86}.22 = {B29331A9-9AAC-4BD3-A247-9B1B085230A2}
		{2B23D88F-5618-4E49-B493-41D6293DFB86}.23 = {5C86DDDC-195E-41C3-85FB-EB1C71DF669A}
		{2B23D88F-5618-4E49-B493-41D6293DFB86}.24 = {AFA6AEBA-6363-4E93-93BD-056561C918E8}
		{2B23D88F-5618-4E49-B493-41D6293DFB86}.25 = {8F808077-CDB8-4732-AB7D-E26900ED40E7}
		{2B23D88F-5618-4E49-B493-41D6293DFB86}.26 = {09A2F1B6-9765-49A1-B6E4-3F03F5B15CCF}
		{2B23D88F-5618-4E49-B493-41D6293DFB86}.27 = {2DCE1E14-C04D-482B-996A-D4D4B9C8DDDA}
		{2B23D88F-5618-4E49-B493-41D6293DFB86}.28 = {92353FFC-9D10-4852-B003-A6F0B6C78C1F}
		{2B23D88F-5618-4E49-B493-41D6293DFB86}.29 = {9EEFEB28-265B-4414-8C78-7BF0B03B8811}
		{2B23D88F-5618-4E49-B493-41D6293DFB86}.30 = {ACFB8B8D-F782-4EC3-BE61-FB11510531D6}
		{2B23D88F-5618-4E49-B493-41D6293DFB86}.31 = {5F8E3465-2CAA-4410-86E7-FCC0EB482AEA}
		{2B23D88F-5618-4E49-B493-41D6293DFB86}.32 = {B163BE6B-EE89-411F-B7CF-3B691B94FF97}
		{B163BE6B-EE89-411F-B7CF-3B691B94FF97}.0 = {F5E64884-607D-4D2D-B051-16D8EF729736}
		{B163BE6B-EE89-411F-B7CF-3B691B94FF97}.1 = {F7FD8ADF-C9C8-47B1-936C-C0F525402CD5}
		{B163BE6B-EE89-411F-B7CF-3B691B94FF97}.2 = {5F8E3465-2CAA-4410-86E7-FCC0EB482AEA}
	EndGlobalSection
	GlobalSection(ProjectConfiguration) = postSolution
		{BDBF87AC-3E81-4586-86C1-03A07554670A}.Debug.ActiveCfg = Debug|Win32
		{BDBF87AC-3E81-4586-86C1-03A07554670A}.Debug.Build.0 = Debug|Win32
		{BDBF87AC-3E81-4586-86C1-03A07554670A}.Release.ActiveCfg = Release|Win32
		{BDBF87AC-3E81-4586-86C1-03A07554670A}.Release.Build.0 = Release|Win32
		{5F8E3465-2CAA-4410-86E7-FCC0EB482AEA}.Debug.ActiveCfg = Debug|Win32
		{5F8E3465-2CAA-4410-86E7-FCC0EB482AEA}.Debug.Build.0 = Debug|Win32
		{5F8E3465-2CAA-4410-86E7-FCC0EB482AEA}.Release.ActiveCfg = Release|Win32
		{5F8E3465-2CAA-4410-86E7-FCC0EB482AEA}.Release.Build.0 = Release|Win32
		{0CF2C309-0F57-4E2B-9C97-441BFE7D4A26}.Debug.ActiveCfg = Debug|Win32
		{0CF2C309-0F57-4E2B-9C97-441BFE7D4A26}.Debug.Build.0 = Debug|Win32
		{0CF2C309-0F57-4E2B-9C97-441BFE7D4A26}.Release.ActiveCfg = Release|Win32
		{0CF2C309-0F57-4E2B-9C97-441BFE7D4A26}.Release.Build.0 = Release|Win32
		{6FF8CF31-D91A-4A8B-862E-2706E369D1A7}.Debug.ActiveCfg = Debug|Win32
		{6FF8CF31-D91A-4A8B-862E-2706E369D1A7}.Debug.Build.0 = Debug|Win32
		{6FF8CF31-D91A-4A8B-862E-2706E369D1A7}.Release.ActiveCfg = Release|Win32
		{6FF8CF31-D91A-4A8B-862E-2706E369D1A7}.Release.Build.0 = Release|Win32
		{F89DBF6D-69AD-4907-A668-8E8A34850C58}.Debug.ActiveCfg = Debug|Win32
		{F89DBF6D-69AD-4907-A668-8E8A34850C58}.Debug.Build.0 = Debug|Win32
		{F89DBF6D-69AD-4907-A668-8E8A34850C58}.Release.ActiveCfg = Release|Win32
		{F89DBF6D-69AD-4907-A668-8E8A34850C58}.Release.Build.0 = Release|Win32
		{FE0D1177-AAE2-4E99-94FD-2EC98C1E62B3}.Debug.ActiveCfg = Debug|Win32
		{FE0D1177-AAE2-4E99-94FD-2EC98C1E62B3}.Debug.Build.0 = Debug|Win32
		{FE0D1177-AAE2-4E99-94FD-2EC98C1E62B3}.Release.ActiveCfg = Release|Win32
		{FE0D1177-AAE2-4E99-94FD-2EC98C1E62B3}.Release.Build.0 = Release|Win32
		{73C3AAB9-27BD-4F8F-A5A5-B4EBF9852A8F}.Debug.ActiveCfg = Debug|Win32
		{73C3AAB9-27BD-4F8F-A5A5-B4EBF9852A8F}.Debug.Build.0 = Debug|Win32
		{73C3AAB9-27BD-4F8F-A5A5-B4EBF9852A8F}.Release.ActiveCfg = Release|Win32
		{73C3AAB9-27BD-4F8F-A5A5-B4EBF9852A8F}.Release.Build.0 = Release|Win32
		{2505B295-F3B9-4C7A-9640-9C9DDCAF6F29}.Debug.ActiveCfg = Debug|Win32
		{2505B295-F3B9-4C7A-9640-9C9DDCAF6F29}.Debug.Build.0 = Debug|Win32
		{2505B295-F3B9-4C7A-9640-9C9DDCAF6F29}.Release.ActiveCfg = Release|Win32
		{2505B295-F3B9-4C7A-9640-9C9DDCAF6F29}.Release.Build.0 = Release|Win32
		{DCBC6A85-3610-420B-903C-98A3C8DC0D68}.Debug.ActiveCfg = Debug|Win32
		{DCBC6A85-3610-420B-903C-98A3C8DC0D68}.Debug.Build.0 = Debug|Win32
		{DCBC6A85-3610-420B-903C-98A3C8DC0D68}.Release.ActiveCfg = Release|Win32
		{DCBC6A85-3610-420B-903C-98A3C8DC0D68}.Release.Build.0 = Release|Win32
		{ACFB8B8D-F782-4EC3-BE61-FB11510531D6}.Debug.ActiveCfg = Debug|Win32
		{ACFB8B8D-F782-4EC3-BE61-FB11510531D6}.Debug.Build.0 = Debug|Win32
		{ACFB8B8D-F782-4EC3-BE61-FB11510531D6}.Release.ActiveCfg = Release|Win32
		{ACFB8B8D-F782-4EC3-BE61-FB11510531D6}.Release.Build.0 = Release|Win32
		{14C9A8E6-D509-4C11-80F4-FBE79A84BBB0}.Debug.ActiveCfg = Debug|Win32
		{14C9A8E6-D509-4C11-80F4-FBE79A84BBB0}.Debug.Build.0 = Debug|Win32
		{14C9A8E6-D509-4C11-80F4-FBE79A84BBB0}.Release.ActiveCfg = Release|Win32
		{14C9A8E6-D509-4C11-80F4-FBE79A84BBB0}.Release.Build.0 = Release|Win32
		{B42F0B2C-A8E4-4C39-828F-148101C77498}.Debug.ActiveCfg = Debug|Win32
		{B42F0B2C-A8E4-4C39-828F-148101C77498}.Debug.Build.0 = Debug|Win32
		{B42F0B2C-A8E4-4C39-828F-148101C77498}.Release.ActiveCfg = Release|Win32
		{B42F0B2C-A8E4-4C39-828F-148101C77498}.Release.Build.0 = Release|Win32
		{9CE8E6F7-D4BF-4AAF-931B-995F2003198A}.Debug.ActiveCfg = Debug|Win32
		{9CE8E6F7-D4BF-4AAF-931B-995F2003198A}.Debug.Build.0 = Debug|Win32
		{9CE8E6F7-D4BF-4AAF-931B-995F2003198A}.Release.ActiveCfg = Release|Win32
		{9CE8E6F7-D4BF-4AAF-931B-995F2003198A}.Release.Build.0 = Release|Win32
		{07C0DE67-B9A3-49ED-8993-526EBAF7019B}.Debug.ActiveCfg = Debug|Win32
		{07C0DE67-B9A3-49ED-8993-526EBAF7019B}.Debug.Build.0 = Debug|Win32
		{07C0DE67-B9A3-49ED-8993-526EBAF7019B}.Release.ActiveCfg = Release|Win32
		{07C0DE67-B9A3-49ED-8993-526EBAF7019B}.Release.Build.0 = Release|Win32
		{C9E721B4-1A6D-4B54-8AAB-05890C877340}.Debug.ActiveCfg = Debug|Win32
		{C9E721B4-1A6D-4B54-8AAB-05890C877340}.Debug.Build.0 = Debug|Win32
		{C9E721B4-1A6D-4B54-8AAB-05890C877340}.Release.ActiveCfg = Release|Win32
		{C9E721B4-1A6D-4B54-8AAB-05890C877340}.Release.Build.0 = Release|Win32
		{D64E7A87-0087-49DB-9D0E-DEC8233A5B1D}.Debug.ActiveCfg = Debug|Win32
		{D64E7A87-0087-49DB-9D0E-DEC8233A5B1D}.Debug.Build.0 = Debug|Win32
		{D64E7A87-0087-49DB-9D0E-DEC8233A5B1D}.Release.ActiveCfg = Release|Win32
		{D64E7A87-0087-49DB-9D0E-DEC8233A5B1D}.Release.Build.0 = Release|Win32
		{1E3E65E2-8935-47F2-8493-C9EBBC73559B}.Debug.ActiveCfg = Debug|Win32
		{1E3E65E2-8935-47F2-8493-C9EBBC73559B}.Debug.Build.0 = Debug|Win32
		{1E3E65E2-8935-47F2-8493-C9EBBC73559B}.Release.ActiveCfg = Release|Win32
		{1E3E65E2-8935-47F2-8493-C9EBBC73559B}.Release.Build.0 = Release|Win32
		{F5C292D1-CCD5-4D78-B9A8-FEAE643BA169}.Debug.ActiveCfg = Debug|Win32
		{F5C292D1-CCD5-4D78-B9A8-FEAE643BA169}.Debug.Build.0 = Debug|Win32
		{F5C292D1-CCD5-4D78-B9A8-FEAE643BA169}.Release.ActiveCfg = Release|Win32
		{F5C292D1-CCD5-4D78-B9A8-FEAE643BA169}.Release.Build.0 = Release|Win32
		{A61420C2-DF08-4503-83D1-6BE746840005}.Debug.ActiveCfg = Debug|Win32
		{A61420C2-DF08-4503-83D1-6BE746840005}.Debug.Build.0 = Debug|Win32
		{A61420C2-DF08-4503-83D1-6BE746840005}.Release.ActiveCfg = Release|Win32
		{A61420C2-DF08-4503-83D1-6BE746840005}.Release.Build.0 = Release|Win32
		{9EEFEB28-265B-4414-8C78-7BF0B03B8811}.Debug.ActiveCfg = Debug|Win32
		{9EEFEB28-265B-4414-8C78-7BF0B03B8811}.Debug.Build.0 = Debug|Win32
		{9EEFEB28-265B-4414-8C78-7BF0B03B8811}.Release.ActiveCfg = Release|Win32
		{9EEFEB28-265B-4414-8C78-7BF0B03B8811}.Release.Build.0 = Release|Win32
		{22491B4B-5B4F-46AD-8B24-430B9F643D5E}.Debug.ActiveCfg = Debug|Win32
		{22491B4B-5B4F-46AD-8B24-430B9F643D5E}.Debug.Build.0 = Debug|Win32
		{22491B4B-5B4F-46AD-8B24-430B9F643D5E}.Release.ActiveCfg = Release|Win32
		{22491B4B-5B4F-46AD-8B24-430B9F643D5E}.Release.Build.0 = Release|Win32
		{92353FFC-9D10-4852-B003-A6F0B6C78C1F}.Debug.ActiveCfg = Debug|Win32
		{92353FFC-9D10-4852-B003-A6F0B6C78C1F}.Debug.Build.0 = Debug|Win32
		{92353FFC-9D10-4852-B003-A6F0B6C78C1F}.Release.ActiveCfg = Release|Win32
		{92353FFC-9D10-4852-B003-A6F0B6C78C1F}.Release.Build.0 = Release|Win32
		{2DCE1E14-C04D-482B-996A-D4D4B9C8DDDA}.Debug.ActiveCfg = Debug|Win32
		{2DCE1E14-C04D-482B-996A-D4D4B9C8DDDA}.Debug.Build.0 = Debug|Win32
		{2DCE1E14-C04D-482B-996A-D4D4B9C8DDDA}.Release.ActiveCfg = Release|Win32
		{2DCE1E14-C04D-482B-996A-D4D4B9C8DDDA}.Release.Build.0 = Release|Win32
		{09A2F1B6-9765-49A1-B6E4-3F03F5B15CCF}.Debug.ActiveCfg = Debug|Win32
		{09A2F1B6-9765-49A1-B6E4-3F03F5B15CCF}.Debug.Build.0 = Debug|Win32
		{09A2F1B6-9765-49A1-B6E4-3F03F5B15CCF}.Release.ActiveCfg = Release|Win32
		{09A2F1B6-9765-49A1-B6E4-3F03F5B15CCF}.Release.Build.0 = Release|Win32
		{8F808077-CDB8-4732-AB7D-E26900ED40E7}.Debug.ActiveCfg = Debug|Win32
		{8F808077-CDB8-4732-AB7D-E26900ED40E7}.Debug.Build.0 = Debug|Win32
		{8F808077-CDB8-4732-AB7D-E26900ED40E7}.Release.ActiveCfg = Release|Win32
		{8F808077-CDB8-4732-AB7D-E26900ED40E7}.Release.Build.0 = Release|Win32
		{F7FD8ADF-C9C8-47B1-936C-C0F525402CD5}.Debug.ActiveCfg = Debug|Win32
		{F7FD8ADF-C9C8-47B1-936C-C0F525402CD5}.Debug.Build.0 = Debug|Win32
		{F7FD8ADF-C9C8-47B1-936C-C0F525402CD5}.Release.ActiveCfg = Release|Win32
		{F7FD8ADF-C9C8-47B1-936C-C0F525402CD5}.Release.Build.0 = Release|Win32
		{F5E64884-607D-4D2D-B051-16D8EF729736}.Debug.ActiveCfg = Debug|Win32
		{F5E64884-607D-4D2D-B051-16D8EF729736}.Debug.Build.0 = Debug|Win32
		{F5E64884-607D-4D2D-B051-16D8EF729736}.Release.ActiveCfg = Release|Win32
		{F5E64884-607D-4D2D-B051-16D8EF729736}.Release.Build.0 = Release|Win32
		{AFA6AEBA-6363-4E93-93BD-056561C918E8}.Debug.ActiveCfg = Debug|Win32
		{AFA6AEBA-6363-4E93-93BD-056561C918E8}.Debug.Build.0 = Debug|Win32
		{AFA6AEBA-6363-4E93-93BD-056561C918E8}.Release.ActiveCfg = Release|Win32
		{AFA6AEBA-6363-4E93-93BD-056561C918E8}.Release.Build.0 = Release|Win32
		{5C86DDDC-195E-41C3-85FB-EB1C71DF669A}.Debug.ActiveCfg = Debug|Win32
		{5C86DDDC-195E-41C3-85FB-EB1C71DF669A}.Debug.Build.0 = Debug|Win32
		{5C86DDDC-195E-41C3-85FB-EB1C71DF669A}.Release.ActiveCfg = Release|Win32
		{5C86DDDC-195E-41C3-85FB-EB1C71DF669A}.Release.Build.0 = Release|Win32
		{39F972F7-E26D-4C3C-BDB2-B53B98A0DE95}.Debug.ActiveCfg = Debug|Win32
		{39F972F7-E26D-4C3C-BDB2-B53B98A0DE95}.Debug.Build.0 = Debug|Win32
		{39F972F7-E26D-4C3C-BDB2-B53B98A0DE95}.Release.ActiveCfg = Release|Win32
		{39F972F7-E26D-4C3C-BDB2-B53B98A0DE95}.Release.Build.0 = Release|Win32
		{B29331A9-9AAC-4BD3-A247-9B1B085230A2}.Debug.ActiveCfg = Debug|Win32
		{B29331A9-9AAC-4BD3-A247-9B1B085230A2}.Debug.Build.0 = Debug|Win32
		{B29331A9-9AAC-4BD3-A247-9B1B085230A2}.Release.ActiveCfg = Release|Win32
		{B29331A9-9AAC-4BD3-A247-9B1B085230A2}.Release.Build.0 = Release|Win32
		{E32BE86D-4523-4DDF-AE24-482B425F4965}.Debug.ActiveCfg = Debug|Win32
		{E32BE86D-4523-4DDF-AE24-482B425F4965}.Debug.Build.0 = Debug|Win32
		{E32BE86D-4523-4DDF-AE24-482B425F4965}.Release.ActiveCfg = Release|Win32
		{E32BE86D-4523-4DDF-AE24-482B425F4965}.Release.Build.0 = Release|Win32
		{220B981D-35F1-4FCF-A101-45CE6BA4D463}.Debug.ActiveCfg = Debug|Win32
		{220B981D-35F1-4FCF-A101-45CE6BA4D463}.Debug.Build.0 = Debug|Win32
		{220B981D-35F1-4FCF-A101-45CE6BA4D463}.Release.ActiveCfg = Release|Win32
		{220B981D-35F1-4FCF-A101-45CE6BA4D463}.Release.Build.0 = Release|Win32
		{AA06770F-A410-4629-974F-F8AC7E6C794B}.Debug.ActiveCfg = Debug|Win32
		{AA06770F-A410-4629-974F-F8AC7E6C794B}.Debug.Build.0 = Debug|Win32
		{AA06770F-A410-4629-974F-F8AC7E6C794B}.Release.ActiveCfg = Release|Win32
		{AA06770F-A410-4629-974F-F8AC7E6C794B}.Release.Build.0 = Release|Win32
		{652426B4-FC48-4120-9699-B153A557AFD5}.Debug.ActiveCfg = Debug|Win32
		{652426B4-FC48-4120-9699-B153A557AFD5}.Debug.Build.0 = Debug|Win32
		{652426B4-FC48-4120-9699-B153A557AFD5}.Release.ActiveCfg = Release|Win32
		{652426B4-FC48-4120-9699-B153A557AFD5}.Release.Build.0 = Release|Win32
		{1D0E2633-891A-4CB4-ADD8-C76B171111E4}.Debug.ActiveCfg = Debug|Win32
		{1D0E2633-891A-4CB4-ADD8-C76B171111E4}.Debug.Build.0 = Debug|Win32
		{1D0E2633-891A-4CB4-ADD8-C76B171111E4}.Release.ActiveCfg = Release|Win32
		{1D0E2633-891A-4CB4-ADD8-C76B171111E4}.Release.Build.0 = Release|Win32
		{E29E8EA8-0FBB-4818-B52C-C8E817BBC6B2}.Debug.ActiveCfg = Debug|Win32
		{E29E8EA8-0FBB-4818-B52C-C8E817BBC6B2}.Debug.Build.0 = Debug|Win32
		{E29E8EA8-0FBB-4818-B52C-C8E817BBC6B2}.Release.ActiveCfg = Release|Win32
		{E29E8EA8-0FBB-4818-B52C-C8E817BBC6B2}.Release.Build.0 = Release|Win32
		{F41D66E5-1C7B-480E-83C3-2138EA5D20DF}.Debug.ActiveCfg = Debug|Win32
		{F41D66E5-1C7B-480E-83C3-2138EA5D20DF}.Debug.Build.0 = Debug|Win32
		{F41D66E5-1C7B-480E-83C3-2138EA5D20DF}.Release.ActiveCfg = Release|Win32
		{F41D66E5-1C7B-480E-83C3-2138EA5D20DF}.Release.Build.0 = Release|Win32
		{67778509-E43C-482A-95D8-D6817AF4C863}.Debug.ActiveCfg = Debug|Win32
		{67778509-E43C-482A-95D8-D6817AF4C863}.Debug.Build.0 = Debug|Win32
		{67778509-E43C-482A-95D8-D6817AF4C863}.Release.ActiveCfg = Release|Win32
		{67778509-E43C-482A-95D8-D6817AF4C863}.Release.Build.0 = Release|Win32
		{2E7BE150-CF9D-466D-A9A5-2761346208C7}.Debug.ActiveCfg = Debug|Win32
		{2E7BE150-CF9D-466D-A9A5-2761346208C7}.Debug.Build.0 = Debug|Win32
		{2E7BE150-CF9D-466D-A9A5-2761346208C7}.Release.ActiveCfg = Release|Win32
		{2E7BE150-CF9D-466D-A9A5-2761346208C7}.Release.Build.0 = Release|Win32
		{90703EB0-D21E-4D7E-9A8C-E37DE9654118}.Debug.ActiveCfg = Debug|Win32
		{90703EB0-D21E-4D7E-9A8C-E37DE9654118}.Debug.Build.0 = Debug|Win32
		{90703EB0-D21E-4D7E-9A8C-E37DE9654118}.Release.ActiveCfg = Release|Win32
		{90703EB0-D21E-4D7E-9A8C-E37DE9654118}.Release.Build.0 = Release|Win32
		{932FFC11-6FC6-42EB-BE92-085D6F82E7FF}.Debug.ActiveCfg = Debug|Win32
		{932FFC11-6FC6-42EB-BE92-085D6F82E7FF}.Debug.Build.0 = Debug|Win32
		{932FFC11-6FC6-42EB-BE92-085D6F82E7FF}.Release.ActiveCfg = Release|Win32
		{932FFC11-6FC6-42EB-BE92-085D6F82E7FF}.Release.Build.0 = Release|Win32
		{D2462F4E-E0B1-4E84-833C-FAE95CD1608D}.Debug.ActiveCfg = Debug|Win32
		{D2462F4E-E0B1-4E84-833C-FAE95CD1608D}.Debug.Build.0 = Debug|Win32
		{D2462F4E-E0B1-4E84-833C-FAE95CD1608D}.Release.ActiveCfg = Release|Win32
		{D2462F4E-E0B1-4E84-833C-FAE95CD1608D}.Release.Build.0 = Release|Win32
		{BE85BBC8-A63F-48CE-8E9F-CC7015F5F90C}.Debug.ActiveCfg = Debug|Win32
		{BE85BBC8-A63F-48CE-8E9F-CC7015F5F90C}.Debug.Build.0 = Debug|Win32
		{BE85BBC8-A63F-48CE-8E9F-CC7015F5F90C}.Release.ActiveCfg = Release|Win32
		{BE85BBC8-A63F-48CE-8E9F-CC7015F5F90C}.Release.Build.0 = Release|Win32
		{A58CDDD8-BA22-4E32-9A33-0C0F8ACC2B22}.Debug.ActiveCfg = Debug|Win32
		{A58CDDD8-BA22-4E32-9A33-0C0F8ACC2B22}.Debug.Build.0 = Debug|Win32
		{A58CDDD8-BA22-4E32-9A33-0C0F8ACC2B22}.Release.ActiveCfg = Release|Win32
		{A58CDDD8-BA22-4E32-9A33-0C0F8ACC2B22}.Release.Build.0 = Release|Win32
		{DC7DD17B-FFD8-4DEF-BB32-1B45C0B0F783}.Debug.ActiveCfg = Debug|Win32
		{DC7DD17B-FFD8-4DEF-BB32-1B45C0B0F783}.Debug.Build.0 = Debug|Win32
		{DC7DD17B-FFD8-4DEF-BB32-1B45C0B0F783}.Release.ActiveCfg = Release|Win32
		{DC7DD17B-FFD8-4DEF-BB32-1B45C0B0F783}.Release.Build.0 = Release|Win32
		{84F00DC3-9686-446F-BEC7-A8FEB8B5544F}.Debug.ActiveCfg = Debug|Win32
		{84F00DC3-9686-446F-BEC7-A8FEB8B5544F}.Debug.Build.0 = Debug|Win32
		{84F00DC3-9686-446F-BEC7-A8FEB8B5544F}.Release.ActiveCfg = Release|Win32
		{84F00DC3-9686-446F-BEC7-A8FEB8B5544F}.Release.Build.0 = Release|Win32
		{E8C0D730-2DDB-4D22-9933-D13C47B77B2E}.Debug.ActiveCfg = Debug|Win32
		{E8C0D730-2DDB-4D22-9933-D13C47B77B2E}.Debug.Build.0 = Debug|Win32
		{E8C0D730-2DDB-4D22-9933-D13C47B77B2E}.Release.ActiveCfg = Release|Win32
		{E8C0D730-2DDB-4D22-9933-D13C47B77B2E}.Release.Build.0 = Release|Win32
		{666791A2-C250-4607-A46F-A84D1903EA94}.Debug.ActiveCfg = Debug|Win32
		{666791A2-C250-4607-A46F-A84D1903EA94}.Debug.Build.0 = Debug|Win32
		{666791A2-C250-4607-A46F-A84D1903EA94}.Release.ActiveCfg = Release|Win32
		{666791A2-C250-4607-A46F-A84D1903EA94}.Release.Build.0 = Release|Win32
		{8BA49E73-ED8F-4D7E-8ACE-469043F62EB5}.Debug.ActiveCfg = Debug|Win32
		{8BA49E73-ED8F-4D7E-8ACE-469043F62EB5}.Debug.Build.0 = Debug|Win32
		{8BA49E73-ED8F-4D7E-8ACE-469043F62EB5}.Release.ActiveCfg = Release|Win32
		{8BA49E73-ED8F-4D7E-8ACE-469043F62EB5}.Release.Build.0 = Release|Win32
		{A9434FDB-B351-4B74-BEAE-B1A877389E70}.Debug.ActiveCfg = Debug|Win32
		{A9434FDB-B351-4B74-BEAE-B1A877389E70}.Debug.Build.0 = Debug|Win32
		{A9434FDB-B351-4B74-BEAE-B1A877389E70}.Release.ActiveCfg = Release|Win32
		{A9434FDB-B351-4B74-BEAE-B1A877389E70}.Release.Build.0 = Release|Win32
		{921C0065-9793-4D18-A93B-76740E35D5BC}.Debug.ActiveCfg = Debug|Win32
		{921C0065-9793-4D18-A93B-76740E35D5BC}.Debug.Build.0 = Debug|Win32
		{921C0065-9793-4D18-A93B-76740E35D5BC}.Release.ActiveCfg = Release|Win32
		{921C0065-9793-4D18-A93B-76740E35D5BC}.Release.Build.0 = Release|Win32
		{9D092F83-3F49-49ED-9884-AFB5D5E56749}.Debug.ActiveCfg = Debug|Win32
		{9D092F83-3F49-49ED-9884-AFB5D5E56749}.Debug.Build.0 = Debug|Win32
		{9D092F83-3F49-49ED-9884-AFB5D5E56749}.Release.ActiveCfg = Release|Win32
		{9D092F83-3F49-49ED-9884-AFB5D5E56749}.Release.Build.0 = Release|Win32
		{FA2DDF71-0531-419E-A6F3-642B4A7C5D77}.Debug.ActiveCfg = Debug|Win32
		{FA2DDF71-0531-419E-A6F3-642B4A7C5D77}.Debug.Build.0 = Debug|Win32
		{FA2DDF71-0531-419E-A6F3-642B4A7C5D77}.Release.ActiveCfg = Release|Win32
		{FA2DDF71-0531-419E-A6F3-642B4A7C5D77}.Release.Build.0 = Release|Win32
		{D5682D1B-10A0-4D43-A885-D5B7F6BB57BD}.Debug.ActiveCfg = Debug|Win32
		{D5682D1B-10A0-4D43-A885-D5B7F6BB57BD}.Debug.Build.0 = Debug|Win32
		{D5682D1B-10A0-4D43-A885-D5B7F6BB57BD}.Release.ActiveCfg = Release|Win32
		{D5682D1B-10A0-4D43-A885-D5B7F6BB57BD}.Release.Build.0 = Release|Win32
		{84720D42-DF81-4300-BD6C-580A828B4E35}.Debug.ActiveCfg = Debug|Win32
		{84720D42-DF81-4300-BD6C-580A828B4E35}.Debug.Build.0 = Debug|Win32
		{84720D42-DF81-4300-BD6C-580A828B4E35}.Release.ActiveCfg = Release|Win32
		{84720D42-DF81-4300-BD6C-580A828B4E35}.Release.Build.0 = Release|Win32
		{271E2554-006D-46E5-8BFA-D231D445F4A1}.Debug.ActiveCfg = Debug|Win32
		{271E2554-006D-46E5-8BFA-D231D445F4A1}.Debug.Build.0 = Debug|Win32
		{271E2554-006D-46E5-8BFA-D231D445F4A1}.Release.ActiveCfg = Release|Win32
		{271E2554-006D-46E5-8BFA-D231D445F4A1}.Release.Build.0 = Release|Win32
		{73CDB545-0938-4900-BA2B-75543F1C8D48}.Debug.ActiveCfg = Debug|Win32
		{73CDB545-0938-4900-BA2B-75543F1C8D48}.Debug.Build.0 = Debug|Win32
		{73CDB545-0938-4900-BA2B-75543F1C8D48}.Release.ActiveCfg = Release|Win32
		{73CDB545-0938-4900-BA2B-75543F1C8D48}.Release.Build.0 = Release|Win32
		{F2EE4F6D-0A3A-4016-9C8A-3B7B7BCCDFE0}.Debug.ActiveCfg = Debug|Win32
		{F2EE4F6D-0A3A-4016-9C8A-3B7B7BCCDFE0}.Debug.Build.0 = Debug|Win32
		{F2EE4F6D-0A3A-4016-9C8A-3B7B7BCCDFE0}.Release.ActiveCfg = Release|Win32
		{F2EE4F6D-0A3A-4016-9C8A-3B7B7BCCDFE0}.Release.Build.0 = Release|Win32
		{4B9522C6-AB2A-4E62-82E8-4F9922C9C7A5}.Debug.ActiveCfg = Debug|Win32
		{4B9522C6-AB2A-4E62-82E8-4F9922C9C7A5}.Debug.Build.0 = Debug|Win32
		{4B9522C6-AB2A-4E62-82E8-4F9922C9C7A5}.Release.ActiveCfg = Release|Win32
		{4B9522C6-AB2A-4E62-82E8-4F9922C9C7A5}.Release.Build.0 = Release|Win32
		{6D3A2AE1-0434-4933-8B2C-C9A49EB40B9F}.Debug.ActiveCfg = Debug|Win32
		{6D3A2AE1-0434-4933-8B2C-C9A49EB40B9F}.Debug.Build.0 = Debug|Win32
		{6D3A2AE1-0434-4933-8B2C-C9A49EB40B9F}.Release.ActiveCfg = Release|Win32
		{6D3A2AE1-0434-4933-8B2C-C9A49EB40B9F}.Release.Build.0 = Release|Win32
		{622F8885-F42E-4831-9552-AFEAA24FBB55}.Debug.ActiveCfg = Debug|Win32
		{622F8885-F42E-4831-9552-AFEAA24FBB55}.Debug.Build.0 = Debug|Win32
		{622F8885-F42E-4831-9552-AFEAA24FBB55}.Release.ActiveCfg = Release|Win32
		{622F8885-F42E-4831-9552-AFEAA24FBB55}.Release.Build.0 = Release|Win32
		{1FA89BCF-7CE0-4D68-B3FE-D27AC8B347EC}.Debug.ActiveCfg = Debug|Win32
		{1FA89BCF-7CE0-4D68-B3FE-D27AC8B347EC}.Debug.Build.0 = Debug|Win32
		{1FA89BCF-7CE0-4D68-B3FE-D27AC8B347EC}.Release.ActiveCfg = Release|Win32
		{1FA89BCF-7CE0-4D68-B3FE-D27AC8B347EC}.Release.Build.0 = Release|Win32
		{9C3A66AE-965F-44CC-8E20-D1EDF5A6FD75}.Debug.ActiveCfg = Debug|Win32
		{9C3A66AE-965F-44CC-8E20-D1EDF5A6FD75}.Debug.Build.0 = Debug|Win32
		{9C3A66AE-965F-44CC-8E20-D1EDF5A6FD75}.Release.ActiveCfg = Release|Win32
		{9C3A66AE-965F-44CC-8E20-D1EDF5A6FD75}.Release.Build.0 = Release|Win32
		{2440BD96-9B97-40E7-9705-FBBCE18BCDE4}.Debug.ActiveCfg = Debug|Win32
		{2440BD96-9B97-40E7-9705-FBBCE18BCDE4}.Debug.Build.0 = Debug|Win32
		{2440BD96-9B97-40E7-9705-FBBCE18BCDE4}.Release.ActiveCfg = Release|Win32
		{2440BD96-9B97-40E7-9705-FBBCE18BCDE4}.Release.Build.0 = Release|Win32
		{FEE1793A-7D8E-4D35-9A90-3F127B824110}.Debug.ActiveCfg = Debug|Win32
		{FEE1793A-7D8E-4D35-9A90-3F127B824110}.Debug.Build.0 = Debug|Win32
		{FEE1793A-7D8E-4D35-9A90-3F127B824110}.Release.ActiveCfg = Release|Win32
		{FEE1793A-7D8E-4D35-9A90-3F127B824110}.Release.Build.0 = Release|Win32
		{B81CC5FC-2F3F-4C7A-BC9B-7AB9DC088ADE}.Debug.ActiveCfg = Debug|Win32
		{B81CC5FC-2F3F-4C7A-BC9B-7AB9DC088ADE}.Debug.Build.0 = Debug|Win32
		{B81CC5FC-2F3F-4C7A-BC9B-7AB9DC088ADE}.Release.ActiveCfg = Release|Win32
		{B81CC5FC-2F3F-4C7A-BC9B-7AB9DC088ADE}.Release.Build.0 = Release|Win32
		{CCF77802-8429-4858-A6F6-D1145EAD1315}.Debug.ActiveCfg = Debug|Win32
		{CCF77802-8429-4858-A6F6-D1145EAD1315}.Debug.Build.0 = Debug|Win32
		{CCF77802-8429-4858-A6F6-D1145EAD1315}.Release.ActiveCfg = Release|Win32
		{CCF77802-8429-4858-A6F6-D1145EAD1315}.Release.Build.0 = Release|Win32
		{CA765D6D-C356-42CD-9828-9C1112CF9D22}.Debug.ActiveCfg = Debug|Win32
		{CA765D6D-C356-42CD-9828-9C1112CF9D22}.Debug.Build.0 = Debug|Win32
		{CA765D6D-C356-42CD-9828-9C1112CF9D22}.Release.ActiveCfg = Release|Win32
		{CA765D6D-C356-42CD-9828-9C1112CF9D22}.Release.Build.0 = Release|Win32
		{0EED0A6C-7B48-41C2-B7C4-4E94BA4F09A4}.Debug.ActiveCfg = Debug|Win32
		{0EED0A6C-7B48-41C2-B7C4-4E94BA4F09A4}.Debug.Build.0 = Debug|Win32
		{0EED0A6C-7B48-41C2-B7C4-4E94BA4F09A4}.Release.ActiveCfg = Release|Win32
		{0EED0A6C-7B48-41C2-B7C4-4E94BA4F09A4}.Release.Build.0 = Release|Win32
		{043B174F-BBAE-4E75-9A5F-2CA138E6E124}.Debug.ActiveCfg = Debug|Win32
		{043B174F-BBAE-4E75-9A5F-2CA138E6E124}.Debug.Build.0 = Debug|Win32
		{043B174F-BBAE-4E75-9A5F-2CA138E6E124}.Release.ActiveCfg = Release|Win32
		{043B174F-BBAE-4E75-9A5F-2CA138E6E124}.Release.Build.0 = Release|Win32
		{E1A533E8-6C30-4335-BF2D-34461292DD1E}.Debug.ActiveCfg = Debug|Win32
		{E1A533E8-6C30-4335-BF2D-34461292DD1E}.Debug.Build.0 = Debug|Win32
		{E1A533E8-6C30-4335-BF2D-34461292DD1E}.Release.ActiveCfg = Release|Win32
		{E1A533E8-6C30-4335-BF2D-34461292DD1E}.Release.Build.0 = Release|Win32
		{9E025897-CBE3-4EC6-91D3-482FCF72CC8E}.Debug.ActiveCfg = Debug|Win32
		{9E025897-CBE3-4EC6-91D3-482FCF72CC8E}.Debug.Build.0 = Debug|Win32
		{9E025897-CBE3-4EC6-91D3-482FCF72CC8E}.Release.ActiveCfg = Release|Win32
		{9E025897-CBE3-4EC6-91D3-482FCF72CC8E}.Release.Build.0 = Release|Win32
		{BE8378C1-756B-48AB-87B3-CFBE5B273364}.Debug.ActiveCfg = Debug|Win32
		{BE8378C1-756B-48AB-87B3-CFBE5B273364}.Debug.Build.0 = Debug|Win32
		{BE8378C1-756B-48AB-87B3-CFBE5B273364}.Release.ActiveCfg = Release|Win32
		{BE8378C1-756B-48AB-87B3-CFBE5B273364}.Release.Build.0 = Release|Win32
		{EDB50F3F-5616-4983-B02A-53F44BFF910D}.Debug.ActiveCfg = Debug|Win32
		{EDB50F3F-5616-4983-B02A-53F44BFF910D}.Debug.Build.0 = Debug|Win32
		{EDB50F3F-5616-4983-B02A-53F44BFF910D}.Release.ActiveCfg = Release|Win32
		{EDB50F3F-5616-4983-B02A-53F44BFF910D}.Release.Build.0 = Release|Win32
		{2B23D88F-5618-4E49-B493-41D6293DFB86}.Debug.ActiveCfg = Debug|Win32
		{2B23D88F-5618-4E49-B493-41D6293DFB86}.Debug.Build.0 = Debug|Win32
		{2B23D88F-5618-4E49-B493-41D6293DFB86}.Release.ActiveCfg = Release|Win32
		{2B23D88F-5618-4E49-B493-41D6293DFB86}.Release.Build.0 = Release|Win32
		{B163BE6B-EE89-411F-B7CF-3B691B94FF97}.Debug.ActiveCfg = Debug|Win32
		{B163BE6B-EE89-411F-B7CF-3B691B94FF97}.Debug.Build.0 = Debug|Win32
		{B163BE6B-EE89-411F-B7CF-3B691B94FF97}.Release.ActiveCfg = Release|Win32
		{B163BE6B-EE89-411F-B7CF-3B691B94FF97}.Release.Build.0 = Release|Win32
	EndGlobalSection
	GlobalSection(ExtensibilityGlobals) = postSolution
	EndGlobalSection
	GlobalSection(ExtensibilityAddIns) = postSolution
	EndGlobalSection
EndGlobal
