
Microsoft Visual Studio Solution File, Format Version 9.00
# Visual Studio 2005
Project("{8BC9CEB8-8B4A-11D0-8D11-00A0C91BC942}") = "_vice", "_vice.vcproj", "{7C84C10A-FF67-4E9E-AAE8-5B091B535183}"
	ProjectSection(ProjectDependencies) = postProject
		{A4885912-0C37-4D0B-84E7-06BE321CD1FE} = {A4885912-0C37-4D0B-84E7-06BE321CD1FE}
		{263AFA26-5FA8-49A7-A4EC-245A57D665C7} = {263AFA26-5FA8-49A7-A4EC-245A57D665C7}
		{AC37583E-0337-4E03-8394-0E8F8799FC65} = {AC37583E-0337-4E03-8394-0E8F8799FC65}
		{57011F51-E9DD-418D-A333-5CFE7FF986F1} = {57011F51-E9DD-418D-A333-5CFE7FF986F1}
		{DA9CDE74-FA01-41BB-97E4-F85802A6DD54} = {DA9CDE74-FA01-41BB-97E4-F85802A6DD54}
		{18157BB5-FA2F-4F52-A681-D6172DD1D4EE} = {18157BB5-FA2F-4F52-A681-D6172DD1D4EE}
		{00C0A9B6-28A3-4C6F-9845-0D7E0CE7CC2B} = {00C0A9B6-28A3-4C6F-9845-0D7E0CE7CC2B}
		{9CA90BD0-1A4C-473F-AC3B-120CE79E2B38} = {9CA90BD0-1A4C-473F-AC3B-120CE79E2B38}
		{749059E5-08A9-4298-BAB4-E7AB7205BE77} = {749059E5-08A9-4298-BAB4-E7AB7205BE77}
		{011C5DEA-636B-400F-9B86-D3D3F0D738AF} = {011C5DEA-636B-400F-9B86-D3D3F0D738AF}
	EndProjectSection
EndProject
Project("{8BC9CEB8-8B4A-11D0-8D11-00A0C91BC942}") = "arch", "arch.vcproj", "{78ACA6BB-3C4D-4E46-83AF-0B5863795145}"
	ProjectSection(ProjectDependencies) = postProject
		{E9BD4404-B1D8-412F-A573-D1C185E0DDA6} = {E9BD4404-B1D8-412F-A573-D1C185E0DDA6}
		{EC9A065A-8E9D-43C5-8229-D26CFA3DE90F} = {EC9A065A-8E9D-43C5-8229-D26CFA3DE90F}
	EndProjectSection
EndProject
Project("{8BC9CEB8-8B4A-11D0-8D11-00A0C91BC942}") = "base", "base.vcproj", "{E9BD4404-B1D8-412F-A573-D1C185E0DDA6}"
	ProjectSection(ProjectDependencies) = postProject
		{EC9A065A-8E9D-43C5-8229-D26CFA3DE90F} = {EC9A065A-8E9D-43C5-8229-D26CFA3DE90F}
	EndProjectSection
EndProject
Project("{8BC9CEB8-8B4A-11D0-8D11-00A0C91BC942}") = "c128", "c128.vcproj", "{D93BE8AB-671D-4DFF-9DE4-B628C33846CD}"
	ProjectSection(ProjectDependencies) = postProject
		{E9BD4404-B1D8-412F-A573-D1C185E0DDA6} = {E9BD4404-B1D8-412F-A573-D1C185E0DDA6}
	EndProjectSection
EndProject
Project("{8BC9CEB8-8B4A-11D0-8D11-00A0C91BC942}") = "c64", "c64.vcproj", "{7B8332A7-97A8-4A65-8ED2-015D08416CC5}"
	ProjectSection(ProjectDependencies) = postProject
		{E9BD4404-B1D8-412F-A573-D1C185E0DDA6} = {E9BD4404-B1D8-412F-A573-D1C185E0DDA6}
	EndProjectSection
EndProject
Project("{8BC9CEB8-8B4A-11D0-8D11-00A0C91BC942}") = "c64c128", "c64c128.vcproj", "{82E03C69-EF5A-44B4-941B-8A3C94A8CEF5}"
	ProjectSection(ProjectDependencies) = postProject
		{E9BD4404-B1D8-412F-A573-D1C185E0DDA6} = {E9BD4404-B1D8-412F-A573-D1C185E0DDA6}
	EndProjectSection
EndProject
Project("{8BC9CEB8-8B4A-11D0-8D11-00A0C91BC942}") = "c64c64dtv", "c64c64dtv.vcproj", "{4376C6D2-0E62-4C4E-893C-5EE37A533288}"
	ProjectSection(ProjectDependencies) = postProject
		{E9BD4404-B1D8-412F-A573-D1C185E0DDA6} = {E9BD4404-B1D8-412F-A573-D1C185E0DDA6}
	EndProjectSection
EndProject
Project("{8BC9CEB8-8B4A-11D0-8D11-00A0C91BC942}") = "c64cart", "c64cart.vcproj", "{F2EF6FF8-8112-40CC-B286-E2329F47DFD0}"
	ProjectSection(ProjectDependencies) = postProject
		{E9BD4404-B1D8-412F-A573-D1C185E0DDA6} = {E9BD4404-B1D8-412F-A573-D1C185E0DDA6}
	EndProjectSection
EndProject
Project("{8BC9CEB8-8B4A-11D0-8D11-00A0C91BC942}") = "c64dtv", "c64dtv.vcproj", "{AB201DA0-D95D-4539-9ABB-50B4618F7004}"
	ProjectSection(ProjectDependencies) = postProject
		{E9BD4404-B1D8-412F-A573-D1C185E0DDA6} = {E9BD4404-B1D8-412F-A573-D1C185E0DDA6}
	EndProjectSection
EndProject
Project("{8BC9CEB8-8B4A-11D0-8D11-00A0C91BC942}") = "c64dtvstubs", "c64dtvstubs.vcproj", "{A999B991-7B13-4400-9975-7B12030DA715}"
	ProjectSection(ProjectDependencies) = postProject
		{E9BD4404-B1D8-412F-A573-D1C185E0DDA6} = {E9BD4404-B1D8-412F-A573-D1C185E0DDA6}
	EndProjectSection
EndProject
Project("{8BC9CEB8-8B4A-11D0-8D11-00A0C91BC942}") = "c64exp", "c64exp.vcproj", "{E45A8D74-6514-4071-9792-5854904ADAEC}"
	ProjectSection(ProjectDependencies) = postProject
		{E9BD4404-B1D8-412F-A573-D1C185E0DDA6} = {E9BD4404-B1D8-412F-A573-D1C185E0DDA6}
	EndProjectSection
EndProject
Project("{8BC9CEB8-8B4A-11D0-8D11-00A0C91BC942}") = "cbm2", "cbm2.vcproj", "{7CAB3764-2BAB-4E40-AB25-B85CF919367E}"
	ProjectSection(ProjectDependencies) = postProject
		{E9BD4404-B1D8-412F-A573-D1C185E0DDA6} = {E9BD4404-B1D8-412F-A573-D1C185E0DDA6}
	EndProjectSection
EndProject
Project("{8BC9CEB8-8B4A-11D0-8D11-00A0C91BC942}") = "core", "core.vcproj", "{D2071809-04A8-4CF9-BE05-F15104B05FF0}"
EndProject
Project("{8BC9CEB8-8B4A-11D0-8D11-00A0C91BC942}") = "crtc", "crtc.vcproj", "{A4CC39E8-7ADB-43C9-BD70-13FF6CC83557}"
EndProject
Project("{8BC9CEB8-8B4A-11D0-8D11-00A0C91BC942}") = "diskimage", "diskimage.vcproj", "{E9CB21E1-EA97-40FB-9807-A0ADE5C85C36}"
EndProject
Project("{8BC9CEB8-8B4A-11D0-8D11-00A0C91BC942}") = "drive", "drive.vcproj", "{32DE0A55-A9E0-4B71-884A-D56DB10306C7}"
	ProjectSection(ProjectDependencies) = postProject
		{E9BD4404-B1D8-412F-A573-D1C185E0DDA6} = {E9BD4404-B1D8-412F-A573-D1C185E0DDA6}
	EndProjectSection
EndProject
Project("{8BC9CEB8-8B4A-11D0-8D11-00A0C91BC942}") = "fileio", "fileio.vcproj", "{380CD891-75BA-4F8F-A316-67D4B16F115B}"
EndProject
Project("{8BC9CEB8-8B4A-11D0-8D11-00A0C91BC942}") = "fsdevice", "fsdevice.vcproj", "{E0257481-4E4B-4D13-BE21-75D98C5D2B7C}"
	ProjectSection(ProjectDependencies) = postProject
		{E9BD4404-B1D8-412F-A573-D1C185E0DDA6} = {E9BD4404-B1D8-412F-A573-D1C185E0DDA6}
	EndProjectSection
EndProject
Project("{8BC9CEB8-8B4A-11D0-8D11-00A0C91BC942}") = "gentranslate", "gentranslate.vcproj", "{EC9A065A-8E9D-43C5-8229-D26CFA3DE90F}"
EndProject
Project("{8BC9CEB8-8B4A-11D0-8D11-00A0C91BC942}") = "gfxoutputdrv", "gfxoutputdrv.vcproj", "{ABA051AA-B281-4603-A735-3AB80B1EA73E}"
	ProjectSection(ProjectDependencies) = postProject
		{E9BD4404-B1D8-412F-A573-D1C185E0DDA6} = {E9BD4404-B1D8-412F-A573-D1C185E0DDA6}
	EndProjectSection
EndProject
Project("{8BC9CEB8-8B4A-11D0-8D11-00A0C91BC942}") = "iec", "iec.vcproj", "{81A3D895-09D8-4F30-940A-A8597C1217B5}"
	ProjectSection(ProjectDependencies) = postProject
		{E9BD4404-B1D8-412F-A573-D1C185E0DDA6} = {E9BD4404-B1D8-412F-A573-D1C185E0DDA6}
	EndProjectSection
EndProject
Project("{8BC9CEB8-8B4A-11D0-8D11-00A0C91BC942}") = "iec128dcr", "iec128dcr.vcproj", "{A27528CB-7D44-4E03-AA1F-C31EA4115536}"
	ProjectSection(ProjectDependencies) = postProject
		{E9BD4404-B1D8-412F-A573-D1C185E0DDA6} = {E9BD4404-B1D8-412F-A573-D1C185E0DDA6}
	EndProjectSection
EndProject
Project("{8BC9CEB8-8B4A-11D0-8D11-00A0C91BC942}") = "iecbus", "iecbus.vcproj", "{D3117DB5-D74D-4C69-87CB-7B8A0A033B7C}"
	ProjectSection(ProjectDependencies) = postProject
		{E9BD4404-B1D8-412F-A573-D1C185E0DDA6} = {E9BD4404-B1D8-412F-A573-D1C185E0DDA6}
	EndProjectSection
EndProject
Project("{8BC9CEB8-8B4A-11D0-8D11-00A0C91BC942}") = "iecieee", "iecieee.vcproj", "{E4284843-CEF8-483A-8F07-FE7FEDB73719}"
	ProjectSection(ProjectDependencies) = postProject
		{E9BD4404-B1D8-412F-A573-D1C185E0DDA6} = {E9BD4404-B1D8-412F-A573-D1C185E0DDA6}
	EndProjectSection
EndProject
Project("{8BC9CEB8-8B4A-11D0-8D11-00A0C91BC942}") = "ieee", "ieee.vcproj", "{048F9A1F-DB26-445A-8FEA-14DB57FC8E53}"
	ProjectSection(ProjectDependencies) = postProject
		{E9BD4404-B1D8-412F-A573-D1C185E0DDA6} = {E9BD4404-B1D8-412F-A573-D1C185E0DDA6}
	EndProjectSection
EndProject
Project("{8BC9CEB8-8B4A-11D0-8D11-00A0C91BC942}") = "imagecontents", "imagecontents.vcproj", "{7CCA19DF-8425-48EF-852E-D6AC3FC06E67}"
EndProject
Project("{8BC9CEB8-8B4A-11D0-8D11-00A0C91BC942}") = "monitor", "monitor.vcproj", "{3DB746BD-2645-4B96-9E68-F3F0293DDF5D}"
	ProjectSection(ProjectDependencies) = postProject
		{E9BD4404-B1D8-412F-A573-D1C185E0DDA6} = {E9BD4404-B1D8-412F-A573-D1C185E0DDA6}
	EndProjectSection
EndProject
Project("{8BC9CEB8-8B4A-11D0-8D11-00A0C91BC942}") = "parallel", "parallel.vcproj", "{1B249F68-3074-4AFB-BF94-5F8C3044BF90}"
EndProject
Project("{8BC9CEB8-8B4A-11D0-8D11-00A0C91BC942}") = "pet", "pet.vcproj", "{D6DBAA2A-4C81-4419-8FE4-48695F2218E2}"
	ProjectSection(ProjectDependencies) = postProject
		{E9BD4404-B1D8-412F-A573-D1C185E0DDA6} = {E9BD4404-B1D8-412F-A573-D1C185E0DDA6}
	EndProjectSection
EndProject
Project("{8BC9CEB8-8B4A-11D0-8D11-00A0C91BC942}") = "plus4", "plus4.vcproj", "{AEEADE94-3E72-4B6A-B3E1-FFB55AE81DA5}"
	ProjectSection(ProjectDependencies) = postProject
		{E9BD4404-B1D8-412F-A573-D1C185E0DDA6} = {E9BD4404-B1D8-412F-A573-D1C185E0DDA6}
	EndProjectSection
EndProject
Project("{8BC9CEB8-8B4A-11D0-8D11-00A0C91BC942}") = "plus4exp", "plus4exp.vcproj", "{B6D5B3A7-D81D-4063-BEBF-19D670B8993E}"
	ProjectSection(ProjectDependencies) = postProject
		{E9BD4404-B1D8-412F-A573-D1C185E0DDA6} = {E9BD4404-B1D8-412F-A573-D1C185E0DDA6}
	EndProjectSection
EndProject
Project("{8BC9CEB8-8B4A-11D0-8D11-00A0C91BC942}") = "png", "png.vcproj", "{CB3B6566-F36E-44EE-81CB-B82FE2D1ECEB}"
EndProject
Project("{8BC9CEB8-8B4A-11D0-8D11-00A0C91BC942}") = "printerdrv", "printerdrv.vcproj", "{723457DA-E4BA-488D-8350-753390666458}"
	ProjectSection(ProjectDependencies) = postProject
		{E9BD4404-B1D8-412F-A573-D1C185E0DDA6} = {E9BD4404-B1D8-412F-A573-D1C185E0DDA6}
	EndProjectSection
EndProject
Project("{8BC9CEB8-8B4A-11D0-8D11-00A0C91BC942}") = "raster", "raster.vcproj", "{2B3CD968-4DC3-426F-BBE1-65F2621105DA}"
	ProjectSection(ProjectDependencies) = postProject
		{E9BD4404-B1D8-412F-A573-D1C185E0DDA6} = {E9BD4404-B1D8-412F-A573-D1C185E0DDA6}
	EndProjectSection
EndProject
Project("{8BC9CEB8-8B4A-11D0-8D11-00A0C91BC942}") = "resid", "resid.vcproj", "{F5173558-259F-41A3-BCA2-602EEF1C0B0A}"
EndProject
Project("{8BC9CEB8-8B4A-11D0-8D11-00A0C91BC942}") = "residfp", "residfp.vcproj", "{C3978CD2-3CEA-4B8C-AB42-34F6F859CC16}"
EndProject
Project("{8BC9CEB8-8B4A-11D0-8D11-00A0C91BC942}") = "residdtv", "residdtv.vcproj", "{4BF2C626-E267-4A0A-AFCE-539ADA7C9A1C}"
EndProject
Project("{8BC9CEB8-8B4A-11D0-8D11-00A0C91BC942}") = "rs232drv", "rs232drv.vcproj", "{D5D625BB-4EF1-442F-AF76-32C6D71696C4}"
	ProjectSection(ProjectDependencies) = postProject
		{E9BD4404-B1D8-412F-A573-D1C185E0DDA6} = {E9BD4404-B1D8-412F-A573-D1C185E0DDA6}
	EndProjectSection
EndProject
Project("{8BC9CEB8-8B4A-11D0-8D11-00A0C91BC942}") = "serial", "serial.vcproj", "{19356621-A93B-4023-A0D7-44B80C05E2DD}"
	ProjectSection(ProjectDependencies) = postProject
		{E9BD4404-B1D8-412F-A573-D1C185E0DDA6} = {E9BD4404-B1D8-412F-A573-D1C185E0DDA6}
	EndProjectSection
EndProject
Project("{8BC9CEB8-8B4A-11D0-8D11-00A0C91BC942}") = "sid", "sid.vcproj", "{7A3652B8-793F-4830-859C-A3DE5E3C4300}"
	ProjectSection(ProjectDependencies) = postProject
		{E9BD4404-B1D8-412F-A573-D1C185E0DDA6} = {E9BD4404-B1D8-412F-A573-D1C185E0DDA6}
	EndProjectSection
EndProject
Project("{8BC9CEB8-8B4A-11D0-8D11-00A0C91BC942}") = "sounddrv", "sounddrv.vcproj", "{E3069ECB-CE97-49CE-A3CD-308425FEB760}"
EndProject
Project("{8BC9CEB8-8B4A-11D0-8D11-00A0C91BC942}") = "tape", "tape.vcproj", "{865E607C-FF29-47D6-86CD-EE946299E786}"
EndProject
Project("{8BC9CEB8-8B4A-11D0-8D11-00A0C91BC942}") = "tcbm", "tcbm.vcproj", "{442C7BF0-714A-4637-8759-DEA7E38EF772}"
	ProjectSection(ProjectDependencies) = postProject
		{E9BD4404-B1D8-412F-A573-D1C185E0DDA6} = {E9BD4404-B1D8-412F-A573-D1C185E0DDA6}
	EndProjectSection
EndProject
Project("{8BC9CEB8-8B4A-11D0-8D11-00A0C91BC942}") = "vdc", "vdc.vcproj", "{5872E155-295D-4FFF-AFDC-85AB0B926735}"
	ProjectSection(ProjectDependencies) = postProject
		{E9BD4404-B1D8-412F-A573-D1C185E0DDA6} = {E9BD4404-B1D8-412F-A573-D1C185E0DDA6}
	EndProjectSection
EndProject
Project("{8BC9CEB8-8B4A-11D0-8D11-00A0C91BC942}") = "vdrive", "vdrive.vcproj", "{C9E89F75-BD9F-473E-8B40-B8D29DC5281F}"
EndProject
Project("{8BC9CEB8-8B4A-11D0-8D11-00A0C91BC942}") = "vic20", "vic20.vcproj", "{F4DE35BC-DBA7-489A-BA3D-A44A56C9707B}"
	ProjectSection(ProjectDependencies) = postProject
		{E9BD4404-B1D8-412F-A573-D1C185E0DDA6} = {E9BD4404-B1D8-412F-A573-D1C185E0DDA6}
	EndProjectSection
EndProject
Project("{8BC9CEB8-8B4A-11D0-8D11-00A0C91BC942}") = "vicii", "vicii.vcproj", "{048619EA-7F62-40AB-BC5E-A6B9491EB557}"
	ProjectSection(ProjectDependencies) = postProject
		{E9BD4404-B1D8-412F-A573-D1C185E0DDA6} = {E9BD4404-B1D8-412F-A573-D1C185E0DDA6}
	EndProjectSection
EndProject
Project("{8BC9CEB8-8B4A-11D0-8D11-00A0C91BC942}") = "viciidtv", "viciidtv.vcproj", "{BA975778-1C7F-4569-AD59-F124713058B6}"
	ProjectSection(ProjectDependencies) = postProject
		{E9BD4404-B1D8-412F-A573-D1C185E0DDA6} = {E9BD4404-B1D8-412F-A573-D1C185E0DDA6}
	EndProjectSection
EndProject
Project("{8BC9CEB8-8B4A-11D0-8D11-00A0C91BC942}") = "video", "video.vcproj", "{CE2E56D4-434D-4EA2-AD37-422597DF9836}"
	ProjectSection(ProjectDependencies) = postProject
		{E9BD4404-B1D8-412F-A573-D1C185E0DDA6} = {E9BD4404-B1D8-412F-A573-D1C185E0DDA6}
	EndProjectSection
EndProject
Project("{8BC9CEB8-8B4A-11D0-8D11-00A0C91BC942}") = "x128", "x128.vcproj", "{AC37583E-0337-4E03-8394-0E8F8799FC65}"
	ProjectSection(ProjectDependencies) = postProject
		{E9BD4404-B1D8-412F-A573-D1C185E0DDA6} = {E9BD4404-B1D8-412F-A573-D1C185E0DDA6}
		{D2071809-04A8-4CF9-BE05-F15104B05FF0} = {D2071809-04A8-4CF9-BE05-F15104B05FF0}
		{048F9A1F-DB26-445A-8FEA-14DB57FC8E53} = {048F9A1F-DB26-445A-8FEA-14DB57FC8E53}
		{19356621-A93B-4023-A0D7-44B80C05E2DD} = {19356621-A93B-4023-A0D7-44B80C05E2DD}
		{E4284843-CEF8-483A-8F07-FE7FEDB73719} = {E4284843-CEF8-483A-8F07-FE7FEDB73719}
		{32DE0A55-A9E0-4B71-884A-D56DB10306C7} = {32DE0A55-A9E0-4B71-884A-D56DB10306C7}
		{5872E155-295D-4FFF-AFDC-85AB0B926735} = {5872E155-295D-4FFF-AFDC-85AB0B926735}
		{F5173558-259F-41A3-BCA2-602EEF1C0B0A} = {F5173558-259F-41A3-BCA2-602EEF1C0B0A}
		{CB3B6566-F36E-44EE-81CB-B82FE2D1ECEB} = {CB3B6566-F36E-44EE-81CB-B82FE2D1ECEB}
		{1B249F68-3074-4AFB-BF94-5F8C3044BF90} = {1B249F68-3074-4AFB-BF94-5F8C3044BF90}
		{2B3CD968-4DC3-426F-BBE1-65F2621105DA} = {2B3CD968-4DC3-426F-BBE1-65F2621105DA}
		{82E03C69-EF5A-44B4-941B-8A3C94A8CEF5} = {82E03C69-EF5A-44B4-941B-8A3C94A8CEF5}
		{E45A8D74-6514-4071-9792-5854904ADAEC} = {E45A8D74-6514-4071-9792-5854904ADAEC}
		{C9E89F75-BD9F-473E-8B40-B8D29DC5281F} = {C9E89F75-BD9F-473E-8B40-B8D29DC5281F}
		{865E607C-FF29-47D6-86CD-EE946299E786} = {865E607C-FF29-47D6-86CD-EE946299E786}
		{E0257481-4E4B-4D13-BE21-75D98C5D2B7C} = {E0257481-4E4B-4D13-BE21-75D98C5D2B7C}
		{380CD891-75BA-4F8F-A316-67D4B16F115B} = {380CD891-75BA-4F8F-A316-67D4B16F115B}
		{81A3D895-09D8-4F30-940A-A8597C1217B5} = {81A3D895-09D8-4F30-940A-A8597C1217B5}
		{ABA051AA-B281-4603-A735-3AB80B1EA73E} = {ABA051AA-B281-4603-A735-3AB80B1EA73E}
		{D93BE8AB-671D-4DFF-9DE4-B628C33846CD} = {D93BE8AB-671D-4DFF-9DE4-B628C33846CD}
		{B8E35EB1-AF74-4165-B308-06811AC0479D} = {B8E35EB1-AF74-4165-B308-06811AC0479D}
		{D3117DB5-D74D-4C69-87CB-7B8A0A033B7C} = {D3117DB5-D74D-4C69-87CB-7B8A0A033B7C}
		{7A3652B8-793F-4830-859C-A3DE5E3C4300} = {7A3652B8-793F-4830-859C-A3DE5E3C4300}
		{D5D625BB-4EF1-442F-AF76-32C6D71696C4} = {D5D625BB-4EF1-442F-AF76-32C6D71696C4}
		{78ACA6BB-3C4D-4E46-83AF-0B5863795145} = {78ACA6BB-3C4D-4E46-83AF-0B5863795145}
		{3DB746BD-2645-4B96-9E68-F3F0293DDF5D} = {3DB746BD-2645-4B96-9E68-F3F0293DDF5D}
		{A27528CB-7D44-4E03-AA1F-C31EA4115536} = {A27528CB-7D44-4E03-AA1F-C31EA4115536}
		{E3069ECB-CE97-49CE-A3CD-308425FEB760} = {E3069ECB-CE97-49CE-A3CD-308425FEB760}
		{C3978CD2-3CEA-4B8C-AB42-34F6F859CC16} = {C3978CD2-3CEA-4B8C-AB42-34F6F859CC16}
		{CE2E56D4-434D-4EA2-AD37-422597DF9836} = {CE2E56D4-434D-4EA2-AD37-422597DF9836}
		{723457DA-E4BA-488D-8350-753390666458} = {723457DA-E4BA-488D-8350-753390666458}
		{7CCA19DF-8425-48EF-852E-D6AC3FC06E67} = {7CCA19DF-8425-48EF-852E-D6AC3FC06E67}
		{E9CB21E1-EA97-40FB-9807-A0ADE5C85C36} = {E9CB21E1-EA97-40FB-9807-A0ADE5C85C36}
		{048619EA-7F62-40AB-BC5E-A6B9491EB557} = {048619EA-7F62-40AB-BC5E-A6B9491EB557}
		{F2EF6FF8-8112-40CC-B286-E2329F47DFD0} = {F2EF6FF8-8112-40CC-B286-E2329F47DFD0}
	EndProjectSection
EndProject
Project("{8BC9CEB8-8B4A-11D0-8D11-00A0C91BC942}") = "x64", "x64.vcproj", "{9CA90BD0-1A4C-473F-AC3B-120CE79E2B38}"
	ProjectSection(ProjectDependencies) = postProject
		{E9BD4404-B1D8-412F-A573-D1C185E0DDA6} = {E9BD4404-B1D8-412F-A573-D1C185E0DDA6}
		{D2071809-04A8-4CF9-BE05-F15104B05FF0} = {D2071809-04A8-4CF9-BE05-F15104B05FF0}
		{048F9A1F-DB26-445A-8FEA-14DB57FC8E53} = {048F9A1F-DB26-445A-8FEA-14DB57FC8E53}
		{19356621-A93B-4023-A0D7-44B80C05E2DD} = {19356621-A93B-4023-A0D7-44B80C05E2DD}
		{E4284843-CEF8-483A-8F07-FE7FEDB73719} = {E4284843-CEF8-483A-8F07-FE7FEDB73719}
		{32DE0A55-A9E0-4B71-884A-D56DB10306C7} = {32DE0A55-A9E0-4B71-884A-D56DB10306C7}
		{F5173558-259F-41A3-BCA2-602EEF1C0B0A} = {F5173558-259F-41A3-BCA2-602EEF1C0B0A}
		{CB3B6566-F36E-44EE-81CB-B82FE2D1ECEB} = {CB3B6566-F36E-44EE-81CB-B82FE2D1ECEB}
		{1B249F68-3074-4AFB-BF94-5F8C3044BF90} = {1B249F68-3074-4AFB-BF94-5F8C3044BF90}
		{2B3CD968-4DC3-426F-BBE1-65F2621105DA} = {2B3CD968-4DC3-426F-BBE1-65F2621105DA}
		{E45A8D74-6514-4071-9792-5854904ADAEC} = {E45A8D74-6514-4071-9792-5854904ADAEC}
		{C9E89F75-BD9F-473E-8B40-B8D29DC5281F} = {C9E89F75-BD9F-473E-8B40-B8D29DC5281F}
		{865E607C-FF29-47D6-86CD-EE946299E786} = {865E607C-FF29-47D6-86CD-EE946299E786}
		{E0257481-4E4B-4D13-BE21-75D98C5D2B7C} = {E0257481-4E4B-4D13-BE21-75D98C5D2B7C}
		{380CD891-75BA-4F8F-A316-67D4B16F115B} = {380CD891-75BA-4F8F-A316-67D4B16F115B}
		{81A3D895-09D8-4F30-940A-A8597C1217B5} = {81A3D895-09D8-4F30-940A-A8597C1217B5}
		{7B8332A7-97A8-4A65-8ED2-015D08416CC5} = {7B8332A7-97A8-4A65-8ED2-015D08416CC5}
		{ABA051AA-B281-4603-A735-3AB80B1EA73E} = {ABA051AA-B281-4603-A735-3AB80B1EA73E}
		{B8E35EB1-AF74-4165-B308-06811AC0479D} = {B8E35EB1-AF74-4165-B308-06811AC0479D}
		{D3117DB5-D74D-4C69-87CB-7B8A0A033B7C} = {D3117DB5-D74D-4C69-87CB-7B8A0A033B7C}
		{7A3652B8-793F-4830-859C-A3DE5E3C4300} = {7A3652B8-793F-4830-859C-A3DE5E3C4300}
		{D5D625BB-4EF1-442F-AF76-32C6D71696C4} = {D5D625BB-4EF1-442F-AF76-32C6D71696C4}
		{78ACA6BB-3C4D-4E46-83AF-0B5863795145} = {78ACA6BB-3C4D-4E46-83AF-0B5863795145}
		{3DB746BD-2645-4B96-9E68-F3F0293DDF5D} = {3DB746BD-2645-4B96-9E68-F3F0293DDF5D}
		{E3069ECB-CE97-49CE-A3CD-308425FEB760} = {E3069ECB-CE97-49CE-A3CD-308425FEB760}
		{C3978CD2-3CEA-4B8C-AB42-34F6F859CC16} = {C3978CD2-3CEA-4B8C-AB42-34F6F859CC16}
		{CE2E56D4-434D-4EA2-AD37-422597DF9836} = {CE2E56D4-434D-4EA2-AD37-422597DF9836}
		{723457DA-E4BA-488D-8350-753390666458} = {723457DA-E4BA-488D-8350-753390666458}
		{7CCA19DF-8425-48EF-852E-D6AC3FC06E67} = {7CCA19DF-8425-48EF-852E-D6AC3FC06E67}
		{E9CB21E1-EA97-40FB-9807-A0ADE5C85C36} = {E9CB21E1-EA97-40FB-9807-A0ADE5C85C36}
		{048619EA-7F62-40AB-BC5E-A6B9491EB557} = {048619EA-7F62-40AB-BC5E-A6B9491EB557}
		{F2EF6FF8-8112-40CC-B286-E2329F47DFD0} = {F2EF6FF8-8112-40CC-B286-E2329F47DFD0}
	EndProjectSection
EndProject
Project("{8BC9CEB8-8B4A-11D0-8D11-00A0C91BC942}") = "x64dtv", "x64dtv.vcproj", "{18157BB5-FA2F-4F52-A681-D6172DD1D4EE}"
	ProjectSection(ProjectDependencies) = postProject
		{E9BD4404-B1D8-412F-A573-D1C185E0DDA6} = {E9BD4404-B1D8-412F-A573-D1C185E0DDA6}
		{D2071809-04A8-4CF9-BE05-F15104B05FF0} = {D2071809-04A8-4CF9-BE05-F15104B05FF0}
		{048F9A1F-DB26-445A-8FEA-14DB57FC8E53} = {048F9A1F-DB26-445A-8FEA-14DB57FC8E53}
		{19356621-A93B-4023-A0D7-44B80C05E2DD} = {19356621-A93B-4023-A0D7-44B80C05E2DD}
		{4BF2C626-E267-4A0A-AFCE-539ADA7C9A1C} = {4BF2C626-E267-4A0A-AFCE-539ADA7C9A1C}
		{E4284843-CEF8-483A-8F07-FE7FEDB73719} = {E4284843-CEF8-483A-8F07-FE7FEDB73719}
		{32DE0A55-A9E0-4B71-884A-D56DB10306C7} = {32DE0A55-A9E0-4B71-884A-D56DB10306C7}
		{CB3B6566-F36E-44EE-81CB-B82FE2D1ECEB} = {CB3B6566-F36E-44EE-81CB-B82FE2D1ECEB}
		{1B249F68-3074-4AFB-BF94-5F8C3044BF90} = {1B249F68-3074-4AFB-BF94-5F8C3044BF90}
		{2B3CD968-4DC3-426F-BBE1-65F2621105DA} = {2B3CD968-4DC3-426F-BBE1-65F2621105DA}
		{E45A8D74-6514-4071-9792-5854904ADAEC} = {E45A8D74-6514-4071-9792-5854904ADAEC}
		{C9E89F75-BD9F-473E-8B40-B8D29DC5281F} = {C9E89F75-BD9F-473E-8B40-B8D29DC5281F}
		{BA975778-1C7F-4569-AD59-F124713058B6} = {BA975778-1C7F-4569-AD59-F124713058B6}
		{865E607C-FF29-47D6-86CD-EE946299E786} = {865E607C-FF29-47D6-86CD-EE946299E786}
		{E0257481-4E4B-4D13-BE21-75D98C5D2B7C} = {E0257481-4E4B-4D13-BE21-75D98C5D2B7C}
		{A999B991-7B13-4400-9975-7B12030DA715} = {A999B991-7B13-4400-9975-7B12030DA715}
		{380CD891-75BA-4F8F-A316-67D4B16F115B} = {380CD891-75BA-4F8F-A316-67D4B16F115B}
		{81A3D895-09D8-4F30-940A-A8597C1217B5} = {81A3D895-09D8-4F30-940A-A8597C1217B5}
		{AB201DA0-D95D-4539-9ABB-50B4618F7004} = {AB201DA0-D95D-4539-9ABB-50B4618F7004}
		{ABA051AA-B281-4603-A735-3AB80B1EA73E} = {ABA051AA-B281-4603-A735-3AB80B1EA73E}
		{B8E35EB1-AF74-4165-B308-06811AC0479D} = {B8E35EB1-AF74-4165-B308-06811AC0479D}
		{D3117DB5-D74D-4C69-87CB-7B8A0A033B7C} = {D3117DB5-D74D-4C69-87CB-7B8A0A033B7C}
		{7A3652B8-793F-4830-859C-A3DE5E3C4300} = {7A3652B8-793F-4830-859C-A3DE5E3C4300}
		{D5D625BB-4EF1-442F-AF76-32C6D71696C4} = {D5D625BB-4EF1-442F-AF76-32C6D71696C4}
		{78ACA6BB-3C4D-4E46-83AF-0B5863795145} = {78ACA6BB-3C4D-4E46-83AF-0B5863795145}
		{3DB746BD-2645-4B96-9E68-F3F0293DDF5D} = {3DB746BD-2645-4B96-9E68-F3F0293DDF5D}
		{E3069ECB-CE97-49CE-A3CD-308425FEB760} = {E3069ECB-CE97-49CE-A3CD-308425FEB760}
		{C3978CD2-3CEA-4B8C-AB42-34F6F859CC16} = {C3978CD2-3CEA-4B8C-AB42-34F6F859CC16}
		{4376C6D2-0E62-4C4E-893C-5EE37A533288} = {4376C6D2-0E62-4C4E-893C-5EE37A533288}
		{CE2E56D4-434D-4EA2-AD37-422597DF9836} = {CE2E56D4-434D-4EA2-AD37-422597DF9836}
		{723457DA-E4BA-488D-8350-753390666458} = {723457DA-E4BA-488D-8350-753390666458}
		{7CCA19DF-8425-48EF-852E-D6AC3FC06E67} = {7CCA19DF-8425-48EF-852E-D6AC3FC06E67}
		{E9CB21E1-EA97-40FB-9807-A0ADE5C85C36} = {E9CB21E1-EA97-40FB-9807-A0ADE5C85C36}
	EndProjectSection
EndProject
Project("{8BC9CEB8-8B4A-11D0-8D11-00A0C91BC942}") = "xcbm2", "xcbm2.vcproj", "{57011F51-E9DD-418D-A333-5CFE7FF986F1}"
	ProjectSection(ProjectDependencies) = postProject
		{E9BD4404-B1D8-412F-A573-D1C185E0DDA6} = {E9BD4404-B1D8-412F-A573-D1C185E0DDA6}
		{D2071809-04A8-4CF9-BE05-F15104B05FF0} = {D2071809-04A8-4CF9-BE05-F15104B05FF0}
		{048F9A1F-DB26-445A-8FEA-14DB57FC8E53} = {048F9A1F-DB26-445A-8FEA-14DB57FC8E53}
		{19356621-A93B-4023-A0D7-44B80C05E2DD} = {19356621-A93B-4023-A0D7-44B80C05E2DD}
		{E4284843-CEF8-483A-8F07-FE7FEDB73719} = {E4284843-CEF8-483A-8F07-FE7FEDB73719}
		{32DE0A55-A9E0-4B71-884A-D56DB10306C7} = {32DE0A55-A9E0-4B71-884A-D56DB10306C7}
		{F5173558-259F-41A3-BCA2-602EEF1C0B0A} = {F5173558-259F-41A3-BCA2-602EEF1C0B0A}
		{7CAB3764-2BAB-4E40-AB25-B85CF919367E} = {7CAB3764-2BAB-4E40-AB25-B85CF919367E}
		{CB3B6566-F36E-44EE-81CB-B82FE2D1ECEB} = {CB3B6566-F36E-44EE-81CB-B82FE2D1ECEB}
		{1B249F68-3074-4AFB-BF94-5F8C3044BF90} = {1B249F68-3074-4AFB-BF94-5F8C3044BF90}
		{2B3CD968-4DC3-426F-BBE1-65F2621105DA} = {2B3CD968-4DC3-426F-BBE1-65F2621105DA}
		{C9E89F75-BD9F-473E-8B40-B8D29DC5281F} = {C9E89F75-BD9F-473E-8B40-B8D29DC5281F}
		{865E607C-FF29-47D6-86CD-EE946299E786} = {865E607C-FF29-47D6-86CD-EE946299E786}
		{E0257481-4E4B-4D13-BE21-75D98C5D2B7C} = {E0257481-4E4B-4D13-BE21-75D98C5D2B7C}
		{380CD891-75BA-4F8F-A316-67D4B16F115B} = {380CD891-75BA-4F8F-A316-67D4B16F115B}
		{ABA051AA-B281-4603-A735-3AB80B1EA73E} = {ABA051AA-B281-4603-A735-3AB80B1EA73E}
		{B8E35EB1-AF74-4165-B308-06811AC0479D} = {B8E35EB1-AF74-4165-B308-06811AC0479D}
		{7A3652B8-793F-4830-859C-A3DE5E3C4300} = {7A3652B8-793F-4830-859C-A3DE5E3C4300}
		{D5D625BB-4EF1-442F-AF76-32C6D71696C4} = {D5D625BB-4EF1-442F-AF76-32C6D71696C4}
		{78ACA6BB-3C4D-4E46-83AF-0B5863795145} = {78ACA6BB-3C4D-4E46-83AF-0B5863795145}
		{3DB746BD-2645-4B96-9E68-F3F0293DDF5D} = {3DB746BD-2645-4B96-9E68-F3F0293DDF5D}
		{E3069ECB-CE97-49CE-A3CD-308425FEB760} = {E3069ECB-CE97-49CE-A3CD-308425FEB760}
		{C3978CD2-3CEA-4B8C-AB42-34F6F859CC16} = {C3978CD2-3CEA-4B8C-AB42-34F6F859CC16}
		{CE2E56D4-434D-4EA2-AD37-422597DF9836} = {CE2E56D4-434D-4EA2-AD37-422597DF9836}
		{723457DA-E4BA-488D-8350-753390666458} = {723457DA-E4BA-488D-8350-753390666458}
		{7CCA19DF-8425-48EF-852E-D6AC3FC06E67} = {7CCA19DF-8425-48EF-852E-D6AC3FC06E67}
		{E9CB21E1-EA97-40FB-9807-A0ADE5C85C36} = {E9CB21E1-EA97-40FB-9807-A0ADE5C85C36}
		{A4CC39E8-7ADB-43C9-BD70-13FF6CC83557} = {A4CC39E8-7ADB-43C9-BD70-13FF6CC83557}
		{048619EA-7F62-40AB-BC5E-A6B9491EB557} = {048619EA-7F62-40AB-BC5E-A6B9491EB557}
	EndProjectSection
EndProject
Project("{8BC9CEB8-8B4A-11D0-8D11-00A0C91BC942}") = "xpet", "xpet.vcproj", "{749059E5-08A9-4298-BAB4-E7AB7205BE77}"
	ProjectSection(ProjectDependencies) = postProject
		{E9BD4404-B1D8-412F-A573-D1C185E0DDA6} = {E9BD4404-B1D8-412F-A573-D1C185E0DDA6}
		{D2071809-04A8-4CF9-BE05-F15104B05FF0} = {D2071809-04A8-4CF9-BE05-F15104B05FF0}
		{048F9A1F-DB26-445A-8FEA-14DB57FC8E53} = {048F9A1F-DB26-445A-8FEA-14DB57FC8E53}
		{19356621-A93B-4023-A0D7-44B80C05E2DD} = {19356621-A93B-4023-A0D7-44B80C05E2DD}
		{D6DBAA2A-4C81-4419-8FE4-48695F2218E2} = {D6DBAA2A-4C81-4419-8FE4-48695F2218E2}
		{E4284843-CEF8-483A-8F07-FE7FEDB73719} = {E4284843-CEF8-483A-8F07-FE7FEDB73719}
		{32DE0A55-A9E0-4B71-884A-D56DB10306C7} = {32DE0A55-A9E0-4B71-884A-D56DB10306C7}
		{F5173558-259F-41A3-BCA2-602EEF1C0B0A} = {F5173558-259F-41A3-BCA2-602EEF1C0B0A}
		{CB3B6566-F36E-44EE-81CB-B82FE2D1ECEB} = {CB3B6566-F36E-44EE-81CB-B82FE2D1ECEB}
		{1B249F68-3074-4AFB-BF94-5F8C3044BF90} = {1B249F68-3074-4AFB-BF94-5F8C3044BF90}
		{2B3CD968-4DC3-426F-BBE1-65F2621105DA} = {2B3CD968-4DC3-426F-BBE1-65F2621105DA}
		{C9E89F75-BD9F-473E-8B40-B8D29DC5281F} = {C9E89F75-BD9F-473E-8B40-B8D29DC5281F}
		{865E607C-FF29-47D6-86CD-EE946299E786} = {865E607C-FF29-47D6-86CD-EE946299E786}
		{E0257481-4E4B-4D13-BE21-75D98C5D2B7C} = {E0257481-4E4B-4D13-BE21-75D98C5D2B7C}
		{380CD891-75BA-4F8F-A316-67D4B16F115B} = {380CD891-75BA-4F8F-A316-67D4B16F115B}
		{ABA051AA-B281-4603-A735-3AB80B1EA73E} = {ABA051AA-B281-4603-A735-3AB80B1EA73E}
		{B8E35EB1-AF74-4165-B308-06811AC0479D} = {B8E35EB1-AF74-4165-B308-06811AC0479D}
		{7A3652B8-793F-4830-859C-A3DE5E3C4300} = {7A3652B8-793F-4830-859C-A3DE5E3C4300}
		{D5D625BB-4EF1-442F-AF76-32C6D71696C4} = {D5D625BB-4EF1-442F-AF76-32C6D71696C4}
		{78ACA6BB-3C4D-4E46-83AF-0B5863795145} = {78ACA6BB-3C4D-4E46-83AF-0B5863795145}
		{3DB746BD-2645-4B96-9E68-F3F0293DDF5D} = {3DB746BD-2645-4B96-9E68-F3F0293DDF5D}
		{E3069ECB-CE97-49CE-A3CD-308425FEB760} = {E3069ECB-CE97-49CE-A3CD-308425FEB760}
		{C3978CD2-3CEA-4B8C-AB42-34F6F859CC16} = {C3978CD2-3CEA-4B8C-AB42-34F6F859CC16}
		{CE2E56D4-434D-4EA2-AD37-422597DF9836} = {CE2E56D4-434D-4EA2-AD37-422597DF9836}
		{723457DA-E4BA-488D-8350-753390666458} = {723457DA-E4BA-488D-8350-753390666458}
		{7CCA19DF-8425-48EF-852E-D6AC3FC06E67} = {7CCA19DF-8425-48EF-852E-D6AC3FC06E67}
		{E9CB21E1-EA97-40FB-9807-A0ADE5C85C36} = {E9CB21E1-EA97-40FB-9807-A0ADE5C85C36}
		{A4CC39E8-7ADB-43C9-BD70-13FF6CC83557} = {A4CC39E8-7ADB-43C9-BD70-13FF6CC83557}
	EndProjectSection
EndProject
Project("{8BC9CEB8-8B4A-11D0-8D11-00A0C91BC942}") = "xplus4", "xplus4.vcproj", "{00C0A9B6-28A3-4C6F-9845-0D7E0CE7CC2B}"
	ProjectSection(ProjectDependencies) = postProject
		{E9BD4404-B1D8-412F-A573-D1C185E0DDA6} = {E9BD4404-B1D8-412F-A573-D1C185E0DDA6}
		{D2071809-04A8-4CF9-BE05-F15104B05FF0} = {D2071809-04A8-4CF9-BE05-F15104B05FF0}
		{19356621-A93B-4023-A0D7-44B80C05E2DD} = {19356621-A93B-4023-A0D7-44B80C05E2DD}
		{E4284843-CEF8-483A-8F07-FE7FEDB73719} = {E4284843-CEF8-483A-8F07-FE7FEDB73719}
		{32DE0A55-A9E0-4B71-884A-D56DB10306C7} = {32DE0A55-A9E0-4B71-884A-D56DB10306C7}
		{F5173558-259F-41A3-BCA2-602EEF1C0B0A} = {F5173558-259F-41A3-BCA2-602EEF1C0B0A}
		{CB3B6566-F36E-44EE-81CB-B82FE2D1ECEB} = {CB3B6566-F36E-44EE-81CB-B82FE2D1ECEB}
		{2B3CD968-4DC3-426F-BBE1-65F2621105DA} = {2B3CD968-4DC3-426F-BBE1-65F2621105DA}
		{C9E89F75-BD9F-473E-8B40-B8D29DC5281F} = {C9E89F75-BD9F-473E-8B40-B8D29DC5281F}
		{865E607C-FF29-47D6-86CD-EE946299E786} = {865E607C-FF29-47D6-86CD-EE946299E786}
		{E0257481-4E4B-4D13-BE21-75D98C5D2B7C} = {E0257481-4E4B-4D13-BE21-75D98C5D2B7C}
		{380CD891-75BA-4F8F-A316-67D4B16F115B} = {380CD891-75BA-4F8F-A316-67D4B16F115B}
		{AEEADE94-3E72-4B6A-B3E1-FFB55AE81DA5} = {AEEADE94-3E72-4B6A-B3E1-FFB55AE81DA5}
		{81A3D895-09D8-4F30-940A-A8597C1217B5} = {81A3D895-09D8-4F30-940A-A8597C1217B5}
		{B6D5B3A7-D81D-4063-BEBF-19D670B8993E} = {B6D5B3A7-D81D-4063-BEBF-19D670B8993E}
		{ABA051AA-B281-4603-A735-3AB80B1EA73E} = {ABA051AA-B281-4603-A735-3AB80B1EA73E}
		{B8E35EB1-AF74-4165-B308-06811AC0479D} = {B8E35EB1-AF74-4165-B308-06811AC0479D}
		{D3117DB5-D74D-4C69-87CB-7B8A0A033B7C} = {D3117DB5-D74D-4C69-87CB-7B8A0A033B7C}
		{7A3652B8-793F-4830-859C-A3DE5E3C4300} = {7A3652B8-793F-4830-859C-A3DE5E3C4300}
		{D5D625BB-4EF1-442F-AF76-32C6D71696C4} = {D5D625BB-4EF1-442F-AF76-32C6D71696C4}
		{78ACA6BB-3C4D-4E46-83AF-0B5863795145} = {78ACA6BB-3C4D-4E46-83AF-0B5863795145}
		{3DB746BD-2645-4B96-9E68-F3F0293DDF5D} = {3DB746BD-2645-4B96-9E68-F3F0293DDF5D}
		{E3069ECB-CE97-49CE-A3CD-308425FEB760} = {E3069ECB-CE97-49CE-A3CD-308425FEB760}
		{C3978CD2-3CEA-4B8C-AB42-34F6F859CC16} = {C3978CD2-3CEA-4B8C-AB42-34F6F859CC16}
		{CE2E56D4-434D-4EA2-AD37-422597DF9836} = {CE2E56D4-434D-4EA2-AD37-422597DF9836}
		{723457DA-E4BA-488D-8350-753390666458} = {723457DA-E4BA-488D-8350-753390666458}
		{7CCA19DF-8425-48EF-852E-D6AC3FC06E67} = {7CCA19DF-8425-48EF-852E-D6AC3FC06E67}
		{E9CB21E1-EA97-40FB-9807-A0ADE5C85C36} = {E9CB21E1-EA97-40FB-9807-A0ADE5C85C36}
		{442C7BF0-714A-4637-8759-DEA7E38EF772} = {442C7BF0-714A-4637-8759-DEA7E38EF772}
	EndProjectSection
EndProject
Project("{8BC9CEB8-8B4A-11D0-8D11-00A0C91BC942}") = "xvic", "xvic.vcproj", "{DA9CDE74-FA01-41BB-97E4-F85802A6DD54}"
	ProjectSection(ProjectDependencies) = postProject
		{E9BD4404-B1D8-412F-A573-D1C185E0DDA6} = {E9BD4404-B1D8-412F-A573-D1C185E0DDA6}
		{D2071809-04A8-4CF9-BE05-F15104B05FF0} = {D2071809-04A8-4CF9-BE05-F15104B05FF0}
		{048F9A1F-DB26-445A-8FEA-14DB57FC8E53} = {048F9A1F-DB26-445A-8FEA-14DB57FC8E53}
		{19356621-A93B-4023-A0D7-44B80C05E2DD} = {19356621-A93B-4023-A0D7-44B80C05E2DD}
		{E4284843-CEF8-483A-8F07-FE7FEDB73719} = {E4284843-CEF8-483A-8F07-FE7FEDB73719}
		{32DE0A55-A9E0-4B71-884A-D56DB10306C7} = {32DE0A55-A9E0-4B71-884A-D56DB10306C7}
		{F5173558-259F-41A3-BCA2-602EEF1C0B0A} = {F5173558-259F-41A3-BCA2-602EEF1C0B0A}
		{CB3B6566-F36E-44EE-81CB-B82FE2D1ECEB} = {CB3B6566-F36E-44EE-81CB-B82FE2D1ECEB}
		{1B249F68-3074-4AFB-BF94-5F8C3044BF90} = {1B249F68-3074-4AFB-BF94-5F8C3044BF90}
		{2B3CD968-4DC3-426F-BBE1-65F2621105DA} = {2B3CD968-4DC3-426F-BBE1-65F2621105DA}
		{C9E89F75-BD9F-473E-8B40-B8D29DC5281F} = {C9E89F75-BD9F-473E-8B40-B8D29DC5281F}
		{865E607C-FF29-47D6-86CD-EE946299E786} = {865E607C-FF29-47D6-86CD-EE946299E786}
		{E0257481-4E4B-4D13-BE21-75D98C5D2B7C} = {E0257481-4E4B-4D13-BE21-75D98C5D2B7C}
		{380CD891-75BA-4F8F-A316-67D4B16F115B} = {380CD891-75BA-4F8F-A316-67D4B16F115B}
		{81A3D895-09D8-4F30-940A-A8597C1217B5} = {81A3D895-09D8-4F30-940A-A8597C1217B5}
		{ABA051AA-B281-4603-A735-3AB80B1EA73E} = {ABA051AA-B281-4603-A735-3AB80B1EA73E}
		{B8E35EB1-AF74-4165-B308-06811AC0479D} = {B8E35EB1-AF74-4165-B308-06811AC0479D}
		{D3117DB5-D74D-4C69-87CB-7B8A0A033B7C} = {D3117DB5-D74D-4C69-87CB-7B8A0A033B7C}
		{7A3652B8-793F-4830-859C-A3DE5E3C4300} = {7A3652B8-793F-4830-859C-A3DE5E3C4300}
		{D5D625BB-4EF1-442F-AF76-32C6D71696C4} = {D5D625BB-4EF1-442F-AF76-32C6D71696C4}
		{78ACA6BB-3C4D-4E46-83AF-0B5863795145} = {78ACA6BB-3C4D-4E46-83AF-0B5863795145}
		{F4DE35BC-DBA7-489A-BA3D-A44A56C9707B} = {F4DE35BC-DBA7-489A-BA3D-A44A56C9707B}
		{3DB746BD-2645-4B96-9E68-F3F0293DDF5D} = {3DB746BD-2645-4B96-9E68-F3F0293DDF5D}
		{E3069ECB-CE97-49CE-A3CD-308425FEB760} = {E3069ECB-CE97-49CE-A3CD-308425FEB760}
		{C3978CD2-3CEA-4B8C-AB42-34F6F859CC16} = {C3978CD2-3CEA-4B8C-AB42-34F6F859CC16}
		{CE2E56D4-434D-4EA2-AD37-422597DF9836} = {CE2E56D4-434D-4EA2-AD37-422597DF9836}
		{723457DA-E4BA-488D-8350-753390666458} = {723457DA-E4BA-488D-8350-753390666458}
		{7CCA19DF-8425-48EF-852E-D6AC3FC06E67} = {7CCA19DF-8425-48EF-852E-D6AC3FC06E67}
		{E9CB21E1-EA97-40FB-9807-A0ADE5C85C36} = {E9CB21E1-EA97-40FB-9807-A0ADE5C85C36}
	EndProjectSection
EndProject
Project("{8BC9CEB8-8B4A-11D0-8D11-00A0C91BC942}") = "zlib", "zlib.vcproj", "{B8E35EB1-AF74-4165-B308-06811AC0479D}"
EndProject
Global
	GlobalSection(SolutionConfigurationPlatforms) = preSolution
		Debug|Pocket PC 2003 (ARMV4) = Debug|Pocket PC 2003 (ARMV4)
		Debug|Smartphone 2003 (ARMV4) = Debug|Smartphone 2003 (ARMV4)
		Debug|Win32 = Debug|Win32
		Release|Pocket PC 2003 (ARMV4) = Release|Pocket PC 2003 (ARMV4)
		Release|Smartphone 2003 (ARMV4) = Release|Smartphone 2003 (ARMV4)
		Release|Win32 = Release|Win32
	EndGlobalSection
	GlobalSection(ProjectConfigurationPlatforms) = postSolution
		{7C84C10A-FF67-4E9E-AAE8-5B091B535183}.Debug|Pocket PC 2003 (ARMV4).ActiveCfg = Debug|Pocket PC 2003 (ARMV4)
		{7C84C10A-FF67-4E9E-AAE8-5B091B535183}.Debug|Pocket PC 2003 (ARMV4).Build.0 = Debug|Pocket PC 2003 (ARMV4)
		{7C84C10A-FF67-4E9E-AAE8-5B091B535183}.Debug|Smartphone 2003 (ARMV4).ActiveCfg = Debug|Smartphone 2003 (ARMV4)
		{7C84C10A-FF67-4E9E-AAE8-5B091B535183}.Debug|Smartphone 2003 (ARMV4).Build.0 = Debug|Smartphone 2003 (ARMV4)
		{7C84C10A-FF67-4E9E-AAE8-5B091B535183}.Debug|Win32.ActiveCfg = Debug|Smartphone 2003 (ARMV4)
		{7C84C10A-FF67-4E9E-AAE8-5B091B535183}.Release|Pocket PC 2003 (ARMV4).ActiveCfg = Release|Pocket PC 2003 (ARMV4)
		{7C84C10A-FF67-4E9E-AAE8-5B091B535183}.Release|Pocket PC 2003 (ARMV4).Build.0 = Release|Pocket PC 2003 (ARMV4)
		{7C84C10A-FF67-4E9E-AAE8-5B091B535183}.Release|Smartphone 2003 (ARMV4).ActiveCfg = Release|Smartphone 2003 (ARMV4)
		{7C84C10A-FF67-4E9E-AAE8-5B091B535183}.Release|Smartphone 2003 (ARMV4).Build.0 = Release|Smartphone 2003 (ARMV4)
		{7C84C10A-FF67-4E9E-AAE8-5B091B535183}.Release|Win32.ActiveCfg = Release|Smartphone 2003 (ARMV4)
		{78ACA6BB-3C4D-4E46-83AF-0B5863795145}.Debug|Pocket PC 2003 (ARMV4).ActiveCfg = Debug|Pocket PC 2003 (ARMV4)
		{78ACA6BB-3C4D-4E46-83AF-0B5863795145}.Debug|Pocket PC 2003 (ARMV4).Build.0 = Debug|Pocket PC 2003 (ARMV4)
		{78ACA6BB-3C4D-4E46-83AF-0B5863795145}.Debug|Smartphone 2003 (ARMV4).ActiveCfg = Debug|Smartphone 2003 (ARMV4)
		{78ACA6BB-3C4D-4E46-83AF-0B5863795145}.Debug|Smartphone 2003 (ARMV4).Build.0 = Debug|Smartphone 2003 (ARMV4)
		{78ACA6BB-3C4D-4E46-83AF-0B5863795145}.Debug|Win32.ActiveCfg = Debug|Smartphone 2003 (ARMV4)
		{78ACA6BB-3C4D-4E46-83AF-0B5863795145}.Release|Pocket PC 2003 (ARMV4).ActiveCfg = Release|Pocket PC 2003 (ARMV4)
		{78ACA6BB-3C4D-4E46-83AF-0B5863795145}.Release|Pocket PC 2003 (ARMV4).Build.0 = Release|Pocket PC 2003 (ARMV4)
		{78ACA6BB-3C4D-4E46-83AF-0B5863795145}.Release|Smartphone 2003 (ARMV4).ActiveCfg = Release|Smartphone 2003 (ARMV4)
		{78ACA6BB-3C4D-4E46-83AF-0B5863795145}.Release|Smartphone 2003 (ARMV4).Build.0 = Release|Smartphone 2003 (ARMV4)
		{78ACA6BB-3C4D-4E46-83AF-0B5863795145}.Release|Win32.ActiveCfg = Release|Smartphone 2003 (ARMV4)
		{E9BD4404-B1D8-412F-A573-D1C185E0DDA6}.Debug|Pocket PC 2003 (ARMV4).ActiveCfg = Debug|Pocket PC 2003 (ARMV4)
		{E9BD4404-B1D8-412F-A573-D1C185E0DDA6}.Debug|Pocket PC 2003 (ARMV4).Build.0 = Debug|Pocket PC 2003 (ARMV4)
		{E9BD4404-B1D8-412F-A573-D1C185E0DDA6}.Debug|Smartphone 2003 (ARMV4).ActiveCfg = Debug|Smartphone 2003 (ARMV4)
		{E9BD4404-B1D8-412F-A573-D1C185E0DDA6}.Debug|Smartphone 2003 (ARMV4).Build.0 = Debug|Smartphone 2003 (ARMV4)
		{E9BD4404-B1D8-412F-A573-D1C185E0DDA6}.Debug|Win32.ActiveCfg = Debug|Smartphone 2003 (ARMV4)
		{E9BD4404-B1D8-412F-A573-D1C185E0DDA6}.Release|Pocket PC 2003 (ARMV4).ActiveCfg = Release|Pocket PC 2003 (ARMV4)
		{E9BD4404-B1D8-412F-A573-D1C185E0DDA6}.Release|Pocket PC 2003 (ARMV4).Build.0 = Release|Pocket PC 2003 (ARMV4)
		{E9BD4404-B1D8-412F-A573-D1C185E0DDA6}.Release|Smartphone 2003 (ARMV4).ActiveCfg = Release|Smartphone 2003 (ARMV4)
		{E9BD4404-B1D8-412F-A573-D1C185E0DDA6}.Release|Smartphone 2003 (ARMV4).Build.0 = Release|Smartphone 2003 (ARMV4)
		{E9BD4404-B1D8-412F-A573-D1C185E0DDA6}.Release|Win32.ActiveCfg = Release|Smartphone 2003 (ARMV4)
		{D93BE8AB-671D-4DFF-9DE4-B628C33846CD}.Debug|Pocket PC 2003 (ARMV4).ActiveCfg = Debug|Pocket PC 2003 (ARMV4)
		{D93BE8AB-671D-4DFF-9DE4-B628C33846CD}.Debug|Pocket PC 2003 (ARMV4).Build.0 = Debug|Pocket PC 2003 (ARMV4)
		{D93BE8AB-671D-4DFF-9DE4-B628C33846CD}.Debug|Smartphone 2003 (ARMV4).ActiveCfg = Debug|Smartphone 2003 (ARMV4)
		{D93BE8AB-671D-4DFF-9DE4-B628C33846CD}.Debug|Smartphone 2003 (ARMV4).Build.0 = Debug|Smartphone 2003 (ARMV4)
		{D93BE8AB-671D-4DFF-9DE4-B628C33846CD}.Debug|Win32.ActiveCfg = Debug|Smartphone 2003 (ARMV4)
		{D93BE8AB-671D-4DFF-9DE4-B628C33846CD}.Release|Pocket PC 2003 (ARMV4).ActiveCfg = Release|Pocket PC 2003 (ARMV4)
		{D93BE8AB-671D-4DFF-9DE4-B628C33846CD}.Release|Pocket PC 2003 (ARMV4).Build.0 = Release|Pocket PC 2003 (ARMV4)
		{D93BE8AB-671D-4DFF-9DE4-B628C33846CD}.Release|Smartphone 2003 (ARMV4).ActiveCfg = Release|Smartphone 2003 (ARMV4)
		{D93BE8AB-671D-4DFF-9DE4-B628C33846CD}.Release|Smartphone 2003 (ARMV4).Build.0 = Release|Smartphone 2003 (ARMV4)
		{D93BE8AB-671D-4DFF-9DE4-B628C33846CD}.Release|Win32.ActiveCfg = Release|Smartphone 2003 (ARMV4)
		{263AFA26-5FA8-49A7-A4EC-245A57D665C7}.Debug|Pocket PC 2003 (ARMV4).ActiveCfg = Debug|Pocket PC 2003 (ARMV4)
		{263AFA26-5FA8-49A7-A4EC-245A57D665C7}.Debug|Pocket PC 2003 (ARMV4).Build.0 = Debug|Pocket PC 2003 (ARMV4)
		{263AFA26-5FA8-49A7-A4EC-245A57D665C7}.Debug|Smartphone 2003 (ARMV4).ActiveCfg = Debug|Smartphone 2003 (ARMV4)
		{263AFA26-5FA8-49A7-A4EC-245A57D665C7}.Debug|Smartphone 2003 (ARMV4).Build.0 = Debug|Smartphone 2003 (ARMV4)
		{263AFA26-5FA8-49A7-A4EC-245A57D665C7}.Debug|Win32.ActiveCfg = Debug|Smartphone 2003 (ARMV4)
		{263AFA26-5FA8-49A7-A4EC-245A57D665C7}.Release|Pocket PC 2003 (ARMV4).ActiveCfg = Release|Pocket PC 2003 (ARMV4)
		{263AFA26-5FA8-49A7-A4EC-245A57D665C7}.Release|Pocket PC 2003 (ARMV4).Build.0 = Release|Pocket PC 2003 (ARMV4)
		{263AFA26-5FA8-49A7-A4EC-245A57D665C7}.Release|Smartphone 2003 (ARMV4).ActiveCfg = Release|Smartphone 2003 (ARMV4)
		{263AFA26-5FA8-49A7-A4EC-245A57D665C7}.Release|Smartphone 2003 (ARMV4).Build.0 = Release|Smartphone 2003 (ARMV4)
		{263AFA26-5FA8-49A7-A4EC-245A57D665C7}.Release|Win32.ActiveCfg = Release|Smartphone 2003 (ARMV4)
		{7B8332A7-97A8-4A65-8ED2-015D08416CC5}.Debug|Pocket PC 2003 (ARMV4).ActiveCfg = Debug|Pocket PC 2003 (ARMV4)
		{7B8332A7-97A8-4A65-8ED2-015D08416CC5}.Debug|Pocket PC 2003 (ARMV4).Build.0 = Debug|Pocket PC 2003 (ARMV4)
		{7B8332A7-97A8-4A65-8ED2-015D08416CC5}.Debug|Smartphone 2003 (ARMV4).ActiveCfg = Debug|Smartphone 2003 (ARMV4)
		{7B8332A7-97A8-4A65-8ED2-015D08416CC5}.Debug|Smartphone 2003 (ARMV4).Build.0 = Debug|Smartphone 2003 (ARMV4)
		{7B8332A7-97A8-4A65-8ED2-015D08416CC5}.Debug|Win32.ActiveCfg = Debug|Smartphone 2003 (ARMV4)
		{7B8332A7-97A8-4A65-8ED2-015D08416CC5}.Release|Pocket PC 2003 (ARMV4).ActiveCfg = Release|Pocket PC 2003 (ARMV4)
		{7B8332A7-97A8-4A65-8ED2-015D08416CC5}.Release|Pocket PC 2003 (ARMV4).Build.0 = Release|Pocket PC 2003 (ARMV4)
		{7B8332A7-97A8-4A65-8ED2-015D08416CC5}.Release|Smartphone 2003 (ARMV4).ActiveCfg = Release|Smartphone 2003 (ARMV4)
		{7B8332A7-97A8-4A65-8ED2-015D08416CC5}.Release|Smartphone 2003 (ARMV4).Build.0 = Release|Smartphone 2003 (ARMV4)
		{7B8332A7-97A8-4A65-8ED2-015D08416CC5}.Release|Win32.ActiveCfg = Release|Smartphone 2003 (ARMV4)
		{82E03C69-EF5A-44B4-941B-8A3C94A8CEF5}.Debug|Pocket PC 2003 (ARMV4).ActiveCfg = Debug|Pocket PC 2003 (ARMV4)
		{82E03C69-EF5A-44B4-941B-8A3C94A8CEF5}.Debug|Pocket PC 2003 (ARMV4).Build.0 = Debug|Pocket PC 2003 (ARMV4)
		{82E03C69-EF5A-44B4-941B-8A3C94A8CEF5}.Debug|Smartphone 2003 (ARMV4).ActiveCfg = Debug|Smartphone 2003 (ARMV4)
		{82E03C69-EF5A-44B4-941B-8A3C94A8CEF5}.Debug|Smartphone 2003 (ARMV4).Build.0 = Debug|Smartphone 2003 (ARMV4)
		{82E03C69-EF5A-44B4-941B-8A3C94A8CEF5}.Debug|Win32.ActiveCfg = Debug|Smartphone 2003 (ARMV4)
		{82E03C69-EF5A-44B4-941B-8A3C94A8CEF5}.Release|Pocket PC 2003 (ARMV4).ActiveCfg = Release|Pocket PC 2003 (ARMV4)
		{82E03C69-EF5A-44B4-941B-8A3C94A8CEF5}.Release|Pocket PC 2003 (ARMV4).Build.0 = Release|Pocket PC 2003 (ARMV4)
		{82E03C69-EF5A-44B4-941B-8A3C94A8CEF5}.Release|Smartphone 2003 (ARMV4).ActiveCfg = Release|Smartphone 2003 (ARMV4)
		{82E03C69-EF5A-44B4-941B-8A3C94A8CEF5}.Release|Smartphone 2003 (ARMV4).Build.0 = Release|Smartphone 2003 (ARMV4)
		{82E03C69-EF5A-44B4-941B-8A3C94A8CEF5}.Release|Win32.ActiveCfg = Release|Smartphone 2003 (ARMV4)
		{4376C6D2-0E62-4C4E-893C-5EE37A533288}.Debug|Pocket PC 2003 (ARMV4).ActiveCfg = Debug|Pocket PC 2003 (ARMV4)
		{4376C6D2-0E62-4C4E-893C-5EE37A533288}.Debug|Pocket PC 2003 (ARMV4).Build.0 = Debug|Pocket PC 2003 (ARMV4)
		{4376C6D2-0E62-4C4E-893C-5EE37A533288}.Debug|Smartphone 2003 (ARMV4).ActiveCfg = Debug|Smartphone 2003 (ARMV4)
		{4376C6D2-0E62-4C4E-893C-5EE37A533288}.Debug|Smartphone 2003 (ARMV4).Build.0 = Debug|Smartphone 2003 (ARMV4)
		{4376C6D2-0E62-4C4E-893C-5EE37A533288}.Debug|Win32.ActiveCfg = Debug|Smartphone 2003 (ARMV4)
		{4376C6D2-0E62-4C4E-893C-5EE37A533288}.Release|Pocket PC 2003 (ARMV4).ActiveCfg = Release|Pocket PC 2003 (ARMV4)
		{4376C6D2-0E62-4C4E-893C-5EE37A533288}.Release|Pocket PC 2003 (ARMV4).Build.0 = Release|Pocket PC 2003 (ARMV4)
		{4376C6D2-0E62-4C4E-893C-5EE37A533288}.Release|Smartphone 2003 (ARMV4).ActiveCfg = Release|Smartphone 2003 (ARMV4)
		{4376C6D2-0E62-4C4E-893C-5EE37A533288}.Release|Smartphone 2003 (ARMV4).Build.0 = Release|Smartphone 2003 (ARMV4)
		{4376C6D2-0E62-4C4E-893C-5EE37A533288}.Release|Win32.ActiveCfg = Release|Smartphone 2003 (ARMV4)
		{F2EF6FF8-8112-40CC-B286-E2329F47DFD0}.Debug|Pocket PC 2003 (ARMV4).ActiveCfg = Debug|Pocket PC 2003 (ARMV4)
		{F2EF6FF8-8112-40CC-B286-E2329F47DFD0}.Debug|Pocket PC 2003 (ARMV4).Build.0 = Debug|Pocket PC 2003 (ARMV4)
		{F2EF6FF8-8112-40CC-B286-E2329F47DFD0}.Debug|Smartphone 2003 (ARMV4).ActiveCfg = Debug|Smartphone 2003 (ARMV4)
		{F2EF6FF8-8112-40CC-B286-E2329F47DFD0}.Debug|Smartphone 2003 (ARMV4).Build.0 = Debug|Smartphone 2003 (ARMV4)
		{F2EF6FF8-8112-40CC-B286-E2329F47DFD0}.Debug|Win32.ActiveCfg = Debug|Smartphone 2003 (ARMV4)
		{F2EF6FF8-8112-40CC-B286-E2329F47DFD0}.Release|Pocket PC 2003 (ARMV4).ActiveCfg = Release|Pocket PC 2003 (ARMV4)
		{F2EF6FF8-8112-40CC-B286-E2329F47DFD0}.Release|Pocket PC 2003 (ARMV4).Build.0 = Release|Pocket PC 2003 (ARMV4)
		{F2EF6FF8-8112-40CC-B286-E2329F47DFD0}.Release|Smartphone 2003 (ARMV4).ActiveCfg = Release|Smartphone 2003 (ARMV4)
		{F2EF6FF8-8112-40CC-B286-E2329F47DFD0}.Release|Smartphone 2003 (ARMV4).Build.0 = Release|Smartphone 2003 (ARMV4)
		{F2EF6FF8-8112-40CC-B286-E2329F47DFD0}.Release|Win32.ActiveCfg = Release|Smartphone 2003 (ARMV4)
		{AB201DA0-D95D-4539-9ABB-50B4618F7004}.Debug|Pocket PC 2003 (ARMV4).ActiveCfg = Debug|Pocket PC 2003 (ARMV4)
		{AB201DA0-D95D-4539-9ABB-50B4618F7004}.Debug|Pocket PC 2003 (ARMV4).Build.0 = Debug|Pocket PC 2003 (ARMV4)
		{AB201DA0-D95D-4539-9ABB-50B4618F7004}.Debug|Smartphone 2003 (ARMV4).ActiveCfg = Debug|Smartphone 2003 (ARMV4)
		{AB201DA0-D95D-4539-9ABB-50B4618F7004}.Debug|Smartphone 2003 (ARMV4).Build.0 = Debug|Smartphone 2003 (ARMV4)
		{AB201DA0-D95D-4539-9ABB-50B4618F7004}.Debug|Win32.ActiveCfg = Debug|Smartphone 2003 (ARMV4)
		{AB201DA0-D95D-4539-9ABB-50B4618F7004}.Release|Pocket PC 2003 (ARMV4).ActiveCfg = Release|Pocket PC 2003 (ARMV4)
		{AB201DA0-D95D-4539-9ABB-50B4618F7004}.Release|Pocket PC 2003 (ARMV4).Build.0 = Release|Pocket PC 2003 (ARMV4)
		{AB201DA0-D95D-4539-9ABB-50B4618F7004}.Release|Smartphone 2003 (ARMV4).ActiveCfg = Release|Smartphone 2003 (ARMV4)
		{AB201DA0-D95D-4539-9ABB-50B4618F7004}.Release|Smartphone 2003 (ARMV4).Build.0 = Release|Smartphone 2003 (ARMV4)
		{AB201DA0-D95D-4539-9ABB-50B4618F7004}.Release|Win32.ActiveCfg = Release|Smartphone 2003 (ARMV4)
		{A999B991-7B13-4400-9975-7B12030DA715}.Debug|Pocket PC 2003 (ARMV4).ActiveCfg = Debug|Pocket PC 2003 (ARMV4)
		{A999B991-7B13-4400-9975-7B12030DA715}.Debug|Pocket PC 2003 (ARMV4).Build.0 = Debug|Pocket PC 2003 (ARMV4)
		{A999B991-7B13-4400-9975-7B12030DA715}.Debug|Smartphone 2003 (ARMV4).ActiveCfg = Debug|Smartphone 2003 (ARMV4)
		{A999B991-7B13-4400-9975-7B12030DA715}.Debug|Smartphone 2003 (ARMV4).Build.0 = Debug|Smartphone 2003 (ARMV4)
		{A999B991-7B13-4400-9975-7B12030DA715}.Debug|Win32.ActiveCfg = Debug|Smartphone 2003 (ARMV4)
		{A999B991-7B13-4400-9975-7B12030DA715}.Release|Pocket PC 2003 (ARMV4).ActiveCfg = Release|Pocket PC 2003 (ARMV4)
		{A999B991-7B13-4400-9975-7B12030DA715}.Release|Pocket PC 2003 (ARMV4).Build.0 = Release|Pocket PC 2003 (ARMV4)
		{A999B991-7B13-4400-9975-7B12030DA715}.Release|Smartphone 2003 (ARMV4).ActiveCfg = Release|Smartphone 2003 (ARMV4)
		{A999B991-7B13-4400-9975-7B12030DA715}.Release|Smartphone 2003 (ARMV4).Build.0 = Release|Smartphone 2003 (ARMV4)
		{A999B991-7B13-4400-9975-7B12030DA715}.Release|Win32.ActiveCfg = Release|Smartphone 2003 (ARMV4)
		{E45A8D74-6514-4071-9792-5854904ADAEC}.Debug|Pocket PC 2003 (ARMV4).ActiveCfg = Debug|Pocket PC 2003 (ARMV4)
		{E45A8D74-6514-4071-9792-5854904ADAEC}.Debug|Pocket PC 2003 (ARMV4).Build.0 = Debug|Pocket PC 2003 (ARMV4)
		{E45A8D74-6514-4071-9792-5854904ADAEC}.Debug|Smartphone 2003 (ARMV4).ActiveCfg = Debug|Smartphone 2003 (ARMV4)
		{E45A8D74-6514-4071-9792-5854904ADAEC}.Debug|Smartphone 2003 (ARMV4).Build.0 = Debug|Smartphone 2003 (ARMV4)
		{E45A8D74-6514-4071-9792-5854904ADAEC}.Debug|Win32.ActiveCfg = Debug|Smartphone 2003 (ARMV4)
		{E45A8D74-6514-4071-9792-5854904ADAEC}.Release|Pocket PC 2003 (ARMV4).ActiveCfg = Release|Pocket PC 2003 (ARMV4)
		{E45A8D74-6514-4071-9792-5854904ADAEC}.Release|Pocket PC 2003 (ARMV4).Build.0 = Release|Pocket PC 2003 (ARMV4)
		{E45A8D74-6514-4071-9792-5854904ADAEC}.Release|Smartphone 2003 (ARMV4).ActiveCfg = Release|Smartphone 2003 (ARMV4)
		{E45A8D74-6514-4071-9792-5854904ADAEC}.Release|Smartphone 2003 (ARMV4).Build.0 = Release|Smartphone 2003 (ARMV4)
		{E45A8D74-6514-4071-9792-5854904ADAEC}.Release|Win32.ActiveCfg = Release|Smartphone 2003 (ARMV4)
		{011C5DEA-636B-400F-9B86-D3D3F0D738AF}.Debug|Pocket PC 2003 (ARMV4).ActiveCfg = Debug|Pocket PC 2003 (ARMV4)
		{011C5DEA-636B-400F-9B86-D3D3F0D738AF}.Debug|Pocket PC 2003 (ARMV4).Build.0 = Debug|Pocket PC 2003 (ARMV4)
		{011C5DEA-636B-400F-9B86-D3D3F0D738AF}.Debug|Smartphone 2003 (ARMV4).ActiveCfg = Debug|Smartphone 2003 (ARMV4)
		{011C5DEA-636B-400F-9B86-D3D3F0D738AF}.Debug|Smartphone 2003 (ARMV4).Build.0 = Debug|Smartphone 2003 (ARMV4)
		{011C5DEA-636B-400F-9B86-D3D3F0D738AF}.Debug|Win32.ActiveCfg = Debug|Smartphone 2003 (ARMV4)
		{011C5DEA-636B-400F-9B86-D3D3F0D738AF}.Release|Pocket PC 2003 (ARMV4).ActiveCfg = Release|Pocket PC 2003 (ARMV4)
		{011C5DEA-636B-400F-9B86-D3D3F0D738AF}.Release|Pocket PC 2003 (ARMV4).Build.0 = Release|Pocket PC 2003 (ARMV4)
		{011C5DEA-636B-400F-9B86-D3D3F0D738AF}.Release|Smartphone 2003 (ARMV4).ActiveCfg = Release|Smartphone 2003 (ARMV4)
		{011C5DEA-636B-400F-9B86-D3D3F0D738AF}.Release|Smartphone 2003 (ARMV4).Build.0 = Release|Smartphone 2003 (ARMV4)
		{011C5DEA-636B-400F-9B86-D3D3F0D738AF}.Release|Win32.ActiveCfg = Release|Smartphone 2003 (ARMV4)
		{7CAB3764-2BAB-4E40-AB25-B85CF919367E}.Debug|Pocket PC 2003 (ARMV4).ActiveCfg = Debug|Pocket PC 2003 (ARMV4)
		{7CAB3764-2BAB-4E40-AB25-B85CF919367E}.Debug|Pocket PC 2003 (ARMV4).Build.0 = Debug|Pocket PC 2003 (ARMV4)
		{7CAB3764-2BAB-4E40-AB25-B85CF919367E}.Debug|Smartphone 2003 (ARMV4).ActiveCfg = Debug|Smartphone 2003 (ARMV4)
		{7CAB3764-2BAB-4E40-AB25-B85CF919367E}.Debug|Smartphone 2003 (ARMV4).Build.0 = Debug|Smartphone 2003 (ARMV4)
		{7CAB3764-2BAB-4E40-AB25-B85CF919367E}.Debug|Win32.ActiveCfg = Debug|Smartphone 2003 (ARMV4)
		{7CAB3764-2BAB-4E40-AB25-B85CF919367E}.Release|Pocket PC 2003 (ARMV4).ActiveCfg = Release|Pocket PC 2003 (ARMV4)
		{7CAB3764-2BAB-4E40-AB25-B85CF919367E}.Release|Pocket PC 2003 (ARMV4).Build.0 = Release|Pocket PC 2003 (ARMV4)
		{7CAB3764-2BAB-4E40-AB25-B85CF919367E}.Release|Smartphone 2003 (ARMV4).ActiveCfg = Release|Smartphone 2003 (ARMV4)
		{7CAB3764-2BAB-4E40-AB25-B85CF919367E}.Release|Smartphone 2003 (ARMV4).Build.0 = Release|Smartphone 2003 (ARMV4)
		{7CAB3764-2BAB-4E40-AB25-B85CF919367E}.Release|Win32.ActiveCfg = Release|Smartphone 2003 (ARMV4)
		{D2071809-04A8-4CF9-BE05-F15104B05FF0}.Debug|Pocket PC 2003 (ARMV4).ActiveCfg = Debug|Pocket PC 2003 (ARMV4)
		{D2071809-04A8-4CF9-BE05-F15104B05FF0}.Debug|Pocket PC 2003 (ARMV4).Build.0 = Debug|Pocket PC 2003 (ARMV4)
		{D2071809-04A8-4CF9-BE05-F15104B05FF0}.Debug|Smartphone 2003 (ARMV4).ActiveCfg = Debug|Smartphone 2003 (ARMV4)
		{D2071809-04A8-4CF9-BE05-F15104B05FF0}.Debug|Smartphone 2003 (ARMV4).Build.0 = Debug|Smartphone 2003 (ARMV4)
		{D2071809-04A8-4CF9-BE05-F15104B05FF0}.Debug|Win32.ActiveCfg = Debug|Smartphone 2003 (ARMV4)
		{D2071809-04A8-4CF9-BE05-F15104B05FF0}.Release|Pocket PC 2003 (ARMV4).ActiveCfg = Release|Pocket PC 2003 (ARMV4)
		{D2071809-04A8-4CF9-BE05-F15104B05FF0}.Release|Pocket PC 2003 (ARMV4).Build.0 = Release|Pocket PC 2003 (ARMV4)
		{D2071809-04A8-4CF9-BE05-F15104B05FF0}.Release|Smartphone 2003 (ARMV4).ActiveCfg = Release|Smartphone 2003 (ARMV4)
		{D2071809-04A8-4CF9-BE05-F15104B05FF0}.Release|Smartphone 2003 (ARMV4).Build.0 = Release|Smartphone 2003 (ARMV4)
		{D2071809-04A8-4CF9-BE05-F15104B05FF0}.Release|Win32.ActiveCfg = Release|Smartphone 2003 (ARMV4)
		{A4CC39E8-7ADB-43C9-BD70-13FF6CC83557}.Debug|Pocket PC 2003 (ARMV4).ActiveCfg = Debug|Pocket PC 2003 (ARMV4)
		{A4CC39E8-7ADB-43C9-BD70-13FF6CC83557}.Debug|Pocket PC 2003 (ARMV4).Build.0 = Debug|Pocket PC 2003 (ARMV4)
		{A4CC39E8-7ADB-43C9-BD70-13FF6CC83557}.Debug|Smartphone 2003 (ARMV4).ActiveCfg = Debug|Smartphone 2003 (ARMV4)
		{A4CC39E8-7ADB-43C9-BD70-13FF6CC83557}.Debug|Smartphone 2003 (ARMV4).Build.0 = Debug|Smartphone 2003 (ARMV4)
		{A4CC39E8-7ADB-43C9-BD70-13FF6CC83557}.Debug|Win32.ActiveCfg = Debug|Smartphone 2003 (ARMV4)
		{A4CC39E8-7ADB-43C9-BD70-13FF6CC83557}.Release|Pocket PC 2003 (ARMV4).ActiveCfg = Release|Pocket PC 2003 (ARMV4)
		{A4CC39E8-7ADB-43C9-BD70-13FF6CC83557}.Release|Pocket PC 2003 (ARMV4).Build.0 = Release|Pocket PC 2003 (ARMV4)
		{A4CC39E8-7ADB-43C9-BD70-13FF6CC83557}.Release|Smartphone 2003 (ARMV4).ActiveCfg = Release|Smartphone 2003 (ARMV4)
		{A4CC39E8-7ADB-43C9-BD70-13FF6CC83557}.Release|Smartphone 2003 (ARMV4).Build.0 = Release|Smartphone 2003 (ARMV4)
		{A4CC39E8-7ADB-43C9-BD70-13FF6CC83557}.Release|Win32.ActiveCfg = Release|Smartphone 2003 (ARMV4)
		{E9CB21E1-EA97-40FB-9807-A0ADE5C85C36}.Debug|Pocket PC 2003 (ARMV4).ActiveCfg = Debug|Pocket PC 2003 (ARMV4)
		{E9CB21E1-EA97-40FB-9807-A0ADE5C85C36}.Debug|Pocket PC 2003 (ARMV4).Build.0 = Debug|Pocket PC 2003 (ARMV4)
		{E9CB21E1-EA97-40FB-9807-A0ADE5C85C36}.Debug|Smartphone 2003 (ARMV4).ActiveCfg = Debug|Smartphone 2003 (ARMV4)
		{E9CB21E1-EA97-40FB-9807-A0ADE5C85C36}.Debug|Smartphone 2003 (ARMV4).Build.0 = Debug|Smartphone 2003 (ARMV4)
		{E9CB21E1-EA97-40FB-9807-A0ADE5C85C36}.Debug|Win32.ActiveCfg = Debug|Smartphone 2003 (ARMV4)
		{E9CB21E1-EA97-40FB-9807-A0ADE5C85C36}.Release|Pocket PC 2003 (ARMV4).ActiveCfg = Release|Pocket PC 2003 (ARMV4)
		{E9CB21E1-EA97-40FB-9807-A0ADE5C85C36}.Release|Pocket PC 2003 (ARMV4).Build.0 = Release|Pocket PC 2003 (ARMV4)
		{E9CB21E1-EA97-40FB-9807-A0ADE5C85C36}.Release|Smartphone 2003 (ARMV4).ActiveCfg = Release|Smartphone 2003 (ARMV4)
		{E9CB21E1-EA97-40FB-9807-A0ADE5C85C36}.Release|Smartphone 2003 (ARMV4).Build.0 = Release|Smartphone 2003 (ARMV4)
		{E9CB21E1-EA97-40FB-9807-A0ADE5C85C36}.Release|Win32.ActiveCfg = Release|Smartphone 2003 (ARMV4)
		{32DE0A55-A9E0-4B71-884A-D56DB10306C7}.Debug|Pocket PC 2003 (ARMV4).ActiveCfg = Debug|Pocket PC 2003 (ARMV4)
		{32DE0A55-A9E0-4B71-884A-D56DB10306C7}.Debug|Pocket PC 2003 (ARMV4).Build.0 = Debug|Pocket PC 2003 (ARMV4)
		{32DE0A55-A9E0-4B71-884A-D56DB10306C7}.Debug|Smartphone 2003 (ARMV4).ActiveCfg = Debug|Smartphone 2003 (ARMV4)
		{32DE0A55-A9E0-4B71-884A-D56DB10306C7}.Debug|Smartphone 2003 (ARMV4).Build.0 = Debug|Smartphone 2003 (ARMV4)
		{32DE0A55-A9E0-4B71-884A-D56DB10306C7}.Debug|Win32.ActiveCfg = Debug|Smartphone 2003 (ARMV4)
		{32DE0A55-A9E0-4B71-884A-D56DB10306C7}.Release|Pocket PC 2003 (ARMV4).ActiveCfg = Release|Pocket PC 2003 (ARMV4)
		{32DE0A55-A9E0-4B71-884A-D56DB10306C7}.Release|Pocket PC 2003 (ARMV4).Build.0 = Release|Pocket PC 2003 (ARMV4)
		{32DE0A55-A9E0-4B71-884A-D56DB10306C7}.Release|Smartphone 2003 (ARMV4).ActiveCfg = Release|Smartphone 2003 (ARMV4)
		{32DE0A55-A9E0-4B71-884A-D56DB10306C7}.Release|Smartphone 2003 (ARMV4).Build.0 = Release|Smartphone 2003 (ARMV4)
		{32DE0A55-A9E0-4B71-884A-D56DB10306C7}.Release|Win32.ActiveCfg = Release|Smartphone 2003 (ARMV4)
		{380CD891-75BA-4F8F-A316-67D4B16F115B}.Debug|Pocket PC 2003 (ARMV4).ActiveCfg = Debug|Pocket PC 2003 (ARMV4)
		{380CD891-75BA-4F8F-A316-67D4B16F115B}.Debug|Pocket PC 2003 (ARMV4).Build.0 = Debug|Pocket PC 2003 (ARMV4)
		{380CD891-75BA-4F8F-A316-67D4B16F115B}.Debug|Smartphone 2003 (ARMV4).ActiveCfg = Debug|Smartphone 2003 (ARMV4)
		{380CD891-75BA-4F8F-A316-67D4B16F115B}.Debug|Smartphone 2003 (ARMV4).Build.0 = Debug|Smartphone 2003 (ARMV4)
		{380CD891-75BA-4F8F-A316-67D4B16F115B}.Debug|Win32.ActiveCfg = Debug|Smartphone 2003 (ARMV4)
		{380CD891-75BA-4F8F-A316-67D4B16F115B}.Release|Pocket PC 2003 (ARMV4).ActiveCfg = Release|Pocket PC 2003 (ARMV4)
		{380CD891-75BA-4F8F-A316-67D4B16F115B}.Release|Pocket PC 2003 (ARMV4).Build.0 = Release|Pocket PC 2003 (ARMV4)
		{380CD891-75BA-4F8F-A316-67D4B16F115B}.Release|Smartphone 2003 (ARMV4).ActiveCfg = Release|Smartphone 2003 (ARMV4)
		{380CD891-75BA-4F8F-A316-67D4B16F115B}.Release|Smartphone 2003 (ARMV4).Build.0 = Release|Smartphone 2003 (ARMV4)
		{380CD891-75BA-4F8F-A316-67D4B16F115B}.Release|Win32.ActiveCfg = Release|Smartphone 2003 (ARMV4)
		{E0257481-4E4B-4D13-BE21-75D98C5D2B7C}.Debug|Pocket PC 2003 (ARMV4).ActiveCfg = Debug|Pocket PC 2003 (ARMV4)
		{E0257481-4E4B-4D13-BE21-75D98C5D2B7C}.Debug|Pocket PC 2003 (ARMV4).Build.0 = Debug|Pocket PC 2003 (ARMV4)
		{E0257481-4E4B-4D13-BE21-75D98C5D2B7C}.Debug|Smartphone 2003 (ARMV4).ActiveCfg = Debug|Smartphone 2003 (ARMV4)
		{E0257481-4E4B-4D13-BE21-75D98C5D2B7C}.Debug|Smartphone 2003 (ARMV4).Build.0 = Debug|Smartphone 2003 (ARMV4)
		{E0257481-4E4B-4D13-BE21-75D98C5D2B7C}.Debug|Win32.ActiveCfg = Debug|Smartphone 2003 (ARMV4)
		{E0257481-4E4B-4D13-BE21-75D98C5D2B7C}.Release|Pocket PC 2003 (ARMV4).ActiveCfg = Release|Pocket PC 2003 (ARMV4)
		{E0257481-4E4B-4D13-BE21-75D98C5D2B7C}.Release|Pocket PC 2003 (ARMV4).Build.0 = Release|Pocket PC 2003 (ARMV4)
		{E0257481-4E4B-4D13-BE21-75D98C5D2B7C}.Release|Smartphone 2003 (ARMV4).ActiveCfg = Release|Smartphone 2003 (ARMV4)
		{E0257481-4E4B-4D13-BE21-75D98C5D2B7C}.Release|Smartphone 2003 (ARMV4).Build.0 = Release|Smartphone 2003 (ARMV4)
		{E0257481-4E4B-4D13-BE21-75D98C5D2B7C}.Release|Win32.ActiveCfg = Release|Smartphone 2003 (ARMV4)
		{EC9A065A-8E9D-43C5-8229-D26CFA3DE90F}.Debug|Pocket PC 2003 (ARMV4).ActiveCfg = Debug|Win32
		{EC9A065A-8E9D-43C5-8229-D26CFA3DE90F}.Debug|Pocket PC 2003 (ARMV4).Build.0 = Debug|Win32
		{EC9A065A-8E9D-43C5-8229-D26CFA3DE90F}.Debug|Smartphone 2003 (ARMV4).ActiveCfg = Debug|Win32
		{EC9A065A-8E9D-43C5-8229-D26CFA3DE90F}.Debug|Smartphone 2003 (ARMV4).Build.0 = Debug|Win32
		{EC9A065A-8E9D-43C5-8229-D26CFA3DE90F}.Debug|Win32.ActiveCfg = Debug|Win32
		{EC9A065A-8E9D-43C5-8229-D26CFA3DE90F}.Debug|Win32.Build.0 = Debug|Win32
		{EC9A065A-8E9D-43C5-8229-D26CFA3DE90F}.Release|Pocket PC 2003 (ARMV4).ActiveCfg = Release|Win32
		{EC9A065A-8E9D-43C5-8229-D26CFA3DE90F}.Release|Pocket PC 2003 (ARMV4).Build.0 = Release|Win32
		{EC9A065A-8E9D-43C5-8229-D26CFA3DE90F}.Release|Smartphone 2003 (ARMV4).ActiveCfg = Release|Win32
		{EC9A065A-8E9D-43C5-8229-D26CFA3DE90F}.Release|Smartphone 2003 (ARMV4).Build.0 = Release|Win32
		{EC9A065A-8E9D-43C5-8229-D26CFA3DE90F}.Release|Win32.ActiveCfg = Release|Win32
		{EC9A065A-8E9D-43C5-8229-D26CFA3DE90F}.Release|Win32.Build.0 = Release|Win32
		{ABA051AA-B281-4603-A735-3AB80B1EA73E}.Debug|Pocket PC 2003 (ARMV4).ActiveCfg = Debug|Pocket PC 2003 (ARMV4)
		{ABA051AA-B281-4603-A735-3AB80B1EA73E}.Debug|Pocket PC 2003 (ARMV4).Build.0 = Debug|Pocket PC 2003 (ARMV4)
		{ABA051AA-B281-4603-A735-3AB80B1EA73E}.Debug|Smartphone 2003 (ARMV4).ActiveCfg = Debug|Smartphone 2003 (ARMV4)
		{ABA051AA-B281-4603-A735-3AB80B1EA73E}.Debug|Smartphone 2003 (ARMV4).Build.0 = Debug|Smartphone 2003 (ARMV4)
		{ABA051AA-B281-4603-A735-3AB80B1EA73E}.Debug|Win32.ActiveCfg = Debug|Smartphone 2003 (ARMV4)
		{ABA051AA-B281-4603-A735-3AB80B1EA73E}.Release|Pocket PC 2003 (ARMV4).ActiveCfg = Release|Pocket PC 2003 (ARMV4)
		{ABA051AA-B281-4603-A735-3AB80B1EA73E}.Release|Pocket PC 2003 (ARMV4).Build.0 = Release|Pocket PC 2003 (ARMV4)
		{ABA051AA-B281-4603-A735-3AB80B1EA73E}.Release|Smartphone 2003 (ARMV4).ActiveCfg = Release|Smartphone 2003 (ARMV4)
		{ABA051AA-B281-4603-A735-3AB80B1EA73E}.Release|Smartphone 2003 (ARMV4).Build.0 = Release|Smartphone 2003 (ARMV4)
		{ABA051AA-B281-4603-A735-3AB80B1EA73E}.Release|Win32.ActiveCfg = Release|Smartphone 2003 (ARMV4)
		{81A3D895-09D8-4F30-940A-A8597C1217B5}.Debug|Pocket PC 2003 (ARMV4).ActiveCfg = Debug|Pocket PC 2003 (ARMV4)
		{81A3D895-09D8-4F30-940A-A8597C1217B5}.Debug|Pocket PC 2003 (ARMV4).Build.0 = Debug|Pocket PC 2003 (ARMV4)
		{81A3D895-09D8-4F30-940A-A8597C1217B5}.Debug|Smartphone 2003 (ARMV4).ActiveCfg = Debug|Smartphone 2003 (ARMV4)
		{81A3D895-09D8-4F30-940A-A8597C1217B5}.Debug|Smartphone 2003 (ARMV4).Build.0 = Debug|Smartphone 2003 (ARMV4)
		{81A3D895-09D8-4F30-940A-A8597C1217B5}.Debug|Win32.ActiveCfg = Debug|Smartphone 2003 (ARMV4)
		{81A3D895-09D8-4F30-940A-A8597C1217B5}.Release|Pocket PC 2003 (ARMV4).ActiveCfg = Release|Pocket PC 2003 (ARMV4)
		{81A3D895-09D8-4F30-940A-A8597C1217B5}.Release|Pocket PC 2003 (ARMV4).Build.0 = Release|Pocket PC 2003 (ARMV4)
		{81A3D895-09D8-4F30-940A-A8597C1217B5}.Release|Smartphone 2003 (ARMV4).ActiveCfg = Release|Smartphone 2003 (ARMV4)
		{81A3D895-09D8-4F30-940A-A8597C1217B5}.Release|Smartphone 2003 (ARMV4).Build.0 = Release|Smartphone 2003 (ARMV4)
		{81A3D895-09D8-4F30-940A-A8597C1217B5}.Release|Win32.ActiveCfg = Release|Smartphone 2003 (ARMV4)
		{A27528CB-7D44-4E03-AA1F-C31EA4115536}.Debug|Pocket PC 2003 (ARMV4).ActiveCfg = Debug|Pocket PC 2003 (ARMV4)
		{A27528CB-7D44-4E03-AA1F-C31EA4115536}.Debug|Pocket PC 2003 (ARMV4).Build.0 = Debug|Pocket PC 2003 (ARMV4)
		{A27528CB-7D44-4E03-AA1F-C31EA4115536}.Debug|Smartphone 2003 (ARMV4).ActiveCfg = Debug|Smartphone 2003 (ARMV4)
		{A27528CB-7D44-4E03-AA1F-C31EA4115536}.Debug|Smartphone 2003 (ARMV4).Build.0 = Debug|Smartphone 2003 (ARMV4)
		{A27528CB-7D44-4E03-AA1F-C31EA4115536}.Debug|Win32.ActiveCfg = Debug|Smartphone 2003 (ARMV4)
		{A27528CB-7D44-4E03-AA1F-C31EA4115536}.Release|Pocket PC 2003 (ARMV4).ActiveCfg = Release|Pocket PC 2003 (ARMV4)
		{A27528CB-7D44-4E03-AA1F-C31EA4115536}.Release|Pocket PC 2003 (ARMV4).Build.0 = Release|Pocket PC 2003 (ARMV4)
		{A27528CB-7D44-4E03-AA1F-C31EA4115536}.Release|Smartphone 2003 (ARMV4).ActiveCfg = Release|Smartphone 2003 (ARMV4)
		{A27528CB-7D44-4E03-AA1F-C31EA4115536}.Release|Smartphone 2003 (ARMV4).Build.0 = Release|Smartphone 2003 (ARMV4)
		{A27528CB-7D44-4E03-AA1F-C31EA4115536}.Release|Win32.ActiveCfg = Release|Smartphone 2003 (ARMV4)
		{D3117DB5-D74D-4C69-87CB-7B8A0A033B7C}.Debug|Pocket PC 2003 (ARMV4).ActiveCfg = Debug|Pocket PC 2003 (ARMV4)
		{D3117DB5-D74D-4C69-87CB-7B8A0A033B7C}.Debug|Pocket PC 2003 (ARMV4).Build.0 = Debug|Pocket PC 2003 (ARMV4)
		{D3117DB5-D74D-4C69-87CB-7B8A0A033B7C}.Debug|Smartphone 2003 (ARMV4).ActiveCfg = Debug|Smartphone 2003 (ARMV4)
		{D3117DB5-D74D-4C69-87CB-7B8A0A033B7C}.Debug|Smartphone 2003 (ARMV4).Build.0 = Debug|Smartphone 2003 (ARMV4)
		{D3117DB5-D74D-4C69-87CB-7B8A0A033B7C}.Debug|Win32.ActiveCfg = Debug|Smartphone 2003 (ARMV4)
		{D3117DB5-D74D-4C69-87CB-7B8A0A033B7C}.Release|Pocket PC 2003 (ARMV4).ActiveCfg = Release|Pocket PC 2003 (ARMV4)
		{D3117DB5-D74D-4C69-87CB-7B8A0A033B7C}.Release|Pocket PC 2003 (ARMV4).Build.0 = Release|Pocket PC 2003 (ARMV4)
		{D3117DB5-D74D-4C69-87CB-7B8A0A033B7C}.Release|Smartphone 2003 (ARMV4).ActiveCfg = Release|Smartphone 2003 (ARMV4)
		{D3117DB5-D74D-4C69-87CB-7B8A0A033B7C}.Release|Smartphone 2003 (ARMV4).Build.0 = Release|Smartphone 2003 (ARMV4)
		{D3117DB5-D74D-4C69-87CB-7B8A0A033B7C}.Release|Win32.ActiveCfg = Release|Smartphone 2003 (ARMV4)
		{E4284843-CEF8-483A-8F07-FE7FEDB73719}.Debug|Pocket PC 2003 (ARMV4).ActiveCfg = Debug|Pocket PC 2003 (ARMV4)
		{E4284843-CEF8-483A-8F07-FE7FEDB73719}.Debug|Pocket PC 2003 (ARMV4).Build.0 = Debug|Pocket PC 2003 (ARMV4)
		{E4284843-CEF8-483A-8F07-FE7FEDB73719}.Debug|Smartphone 2003 (ARMV4).ActiveCfg = Debug|Smartphone 2003 (ARMV4)
		{E4284843-CEF8-483A-8F07-FE7FEDB73719}.Debug|Smartphone 2003 (ARMV4).Build.0 = Debug|Smartphone 2003 (ARMV4)
		{E4284843-CEF8-483A-8F07-FE7FEDB73719}.Debug|Win32.ActiveCfg = Debug|Smartphone 2003 (ARMV4)
		{E4284843-CEF8-483A-8F07-FE7FEDB73719}.Release|Pocket PC 2003 (ARMV4).ActiveCfg = Release|Pocket PC 2003 (ARMV4)
		{E4284843-CEF8-483A-8F07-FE7FEDB73719}.Release|Pocket PC 2003 (ARMV4).Build.0 = Release|Pocket PC 2003 (ARMV4)
		{E4284843-CEF8-483A-8F07-FE7FEDB73719}.Release|Smartphone 2003 (ARMV4).ActiveCfg = Release|Smartphone 2003 (ARMV4)
		{E4284843-CEF8-483A-8F07-FE7FEDB73719}.Release|Smartphone 2003 (ARMV4).Build.0 = Release|Smartphone 2003 (ARMV4)
		{E4284843-CEF8-483A-8F07-FE7FEDB73719}.Release|Win32.ActiveCfg = Release|Smartphone 2003 (ARMV4)
		{048F9A1F-DB26-445A-8FEA-14DB57FC8E53}.Debug|Pocket PC 2003 (ARMV4).ActiveCfg = Debug|Pocket PC 2003 (ARMV4)
		{048F9A1F-DB26-445A-8FEA-14DB57FC8E53}.Debug|Pocket PC 2003 (ARMV4).Build.0 = Debug|Pocket PC 2003 (ARMV4)
		{048F9A1F-DB26-445A-8FEA-14DB57FC8E53}.Debug|Smartphone 2003 (ARMV4).ActiveCfg = Debug|Smartphone 2003 (ARMV4)
		{048F9A1F-DB26-445A-8FEA-14DB57FC8E53}.Debug|Smartphone 2003 (ARMV4).Build.0 = Debug|Smartphone 2003 (ARMV4)
		{048F9A1F-DB26-445A-8FEA-14DB57FC8E53}.Debug|Win32.ActiveCfg = Debug|Smartphone 2003 (ARMV4)
		{048F9A1F-DB26-445A-8FEA-14DB57FC8E53}.Release|Pocket PC 2003 (ARMV4).ActiveCfg = Release|Pocket PC 2003 (ARMV4)
		{048F9A1F-DB26-445A-8FEA-14DB57FC8E53}.Release|Pocket PC 2003 (ARMV4).Build.0 = Release|Pocket PC 2003 (ARMV4)
		{048F9A1F-DB26-445A-8FEA-14DB57FC8E53}.Release|Smartphone 2003 (ARMV4).ActiveCfg = Release|Smartphone 2003 (ARMV4)
		{048F9A1F-DB26-445A-8FEA-14DB57FC8E53}.Release|Smartphone 2003 (ARMV4).Build.0 = Release|Smartphone 2003 (ARMV4)
		{048F9A1F-DB26-445A-8FEA-14DB57FC8E53}.Release|Win32.ActiveCfg = Release|Smartphone 2003 (ARMV4)
		{7CCA19DF-8425-48EF-852E-D6AC3FC06E67}.Debug|Pocket PC 2003 (ARMV4).ActiveCfg = Debug|Pocket PC 2003 (ARMV4)
		{7CCA19DF-8425-48EF-852E-D6AC3FC06E67}.Debug|Pocket PC 2003 (ARMV4).Build.0 = Debug|Pocket PC 2003 (ARMV4)
		{7CCA19DF-8425-48EF-852E-D6AC3FC06E67}.Debug|Smartphone 2003 (ARMV4).ActiveCfg = Debug|Smartphone 2003 (ARMV4)
		{7CCA19DF-8425-48EF-852E-D6AC3FC06E67}.Debug|Smartphone 2003 (ARMV4).Build.0 = Debug|Smartphone 2003 (ARMV4)
		{7CCA19DF-8425-48EF-852E-D6AC3FC06E67}.Debug|Win32.ActiveCfg = Debug|Smartphone 2003 (ARMV4)
		{7CCA19DF-8425-48EF-852E-D6AC3FC06E67}.Release|Pocket PC 2003 (ARMV4).ActiveCfg = Release|Pocket PC 2003 (ARMV4)
		{7CCA19DF-8425-48EF-852E-D6AC3FC06E67}.Release|Pocket PC 2003 (ARMV4).Build.0 = Release|Pocket PC 2003 (ARMV4)
		{7CCA19DF-8425-48EF-852E-D6AC3FC06E67}.Release|Smartphone 2003 (ARMV4).ActiveCfg = Release|Smartphone 2003 (ARMV4)
		{7CCA19DF-8425-48EF-852E-D6AC3FC06E67}.Release|Smartphone 2003 (ARMV4).Build.0 = Release|Smartphone 2003 (ARMV4)
		{7CCA19DF-8425-48EF-852E-D6AC3FC06E67}.Release|Win32.ActiveCfg = Release|Smartphone 2003 (ARMV4)
		{3DB746BD-2645-4B96-9E68-F3F0293DDF5D}.Debug|Pocket PC 2003 (ARMV4).ActiveCfg = Debug|Pocket PC 2003 (ARMV4)
		{3DB746BD-2645-4B96-9E68-F3F0293DDF5D}.Debug|Pocket PC 2003 (ARMV4).Build.0 = Debug|Pocket PC 2003 (ARMV4)
		{3DB746BD-2645-4B96-9E68-F3F0293DDF5D}.Debug|Smartphone 2003 (ARMV4).ActiveCfg = Debug|Smartphone 2003 (ARMV4)
		{3DB746BD-2645-4B96-9E68-F3F0293DDF5D}.Debug|Smartphone 2003 (ARMV4).Build.0 = Debug|Smartphone 2003 (ARMV4)
		{3DB746BD-2645-4B96-9E68-F3F0293DDF5D}.Debug|Win32.ActiveCfg = Debug|Smartphone 2003 (ARMV4)
		{3DB746BD-2645-4B96-9E68-F3F0293DDF5D}.Release|Pocket PC 2003 (ARMV4).ActiveCfg = Release|Pocket PC 2003 (ARMV4)
		{3DB746BD-2645-4B96-9E68-F3F0293DDF5D}.Release|Pocket PC 2003 (ARMV4).Build.0 = Release|Pocket PC 2003 (ARMV4)
		{3DB746BD-2645-4B96-9E68-F3F0293DDF5D}.Release|Smartphone 2003 (ARMV4).ActiveCfg = Release|Smartphone 2003 (ARMV4)
		{3DB746BD-2645-4B96-9E68-F3F0293DDF5D}.Release|Smartphone 2003 (ARMV4).Build.0 = Release|Smartphone 2003 (ARMV4)
		{3DB746BD-2645-4B96-9E68-F3F0293DDF5D}.Release|Win32.ActiveCfg = Release|Smartphone 2003 (ARMV4)
		{1B249F68-3074-4AFB-BF94-5F8C3044BF90}.Debug|Pocket PC 2003 (ARMV4).ActiveCfg = Debug|Pocket PC 2003 (ARMV4)
		{1B249F68-3074-4AFB-BF94-5F8C3044BF90}.Debug|Pocket PC 2003 (ARMV4).Build.0 = Debug|Pocket PC 2003 (ARMV4)
		{1B249F68-3074-4AFB-BF94-5F8C3044BF90}.Debug|Smartphone 2003 (ARMV4).ActiveCfg = Debug|Smartphone 2003 (ARMV4)
		{1B249F68-3074-4AFB-BF94-5F8C3044BF90}.Debug|Smartphone 2003 (ARMV4).Build.0 = Debug|Smartphone 2003 (ARMV4)
		{1B249F68-3074-4AFB-BF94-5F8C3044BF90}.Debug|Win32.ActiveCfg = Debug|Smartphone 2003 (ARMV4)
		{1B249F68-3074-4AFB-BF94-5F8C3044BF90}.Release|Pocket PC 2003 (ARMV4).ActiveCfg = Release|Pocket PC 2003 (ARMV4)
		{1B249F68-3074-4AFB-BF94-5F8C3044BF90}.Release|Pocket PC 2003 (ARMV4).Build.0 = Release|Pocket PC 2003 (ARMV4)
		{1B249F68-3074-4AFB-BF94-5F8C3044BF90}.Release|Smartphone 2003 (ARMV4).ActiveCfg = Release|Smartphone 2003 (ARMV4)
		{1B249F68-3074-4AFB-BF94-5F8C3044BF90}.Release|Smartphone 2003 (ARMV4).Build.0 = Release|Smartphone 2003 (ARMV4)
		{1B249F68-3074-4AFB-BF94-5F8C3044BF90}.Release|Win32.ActiveCfg = Release|Smartphone 2003 (ARMV4)
		{D6DBAA2A-4C81-4419-8FE4-48695F2218E2}.Debug|Pocket PC 2003 (ARMV4).ActiveCfg = Debug|Pocket PC 2003 (ARMV4)
		{D6DBAA2A-4C81-4419-8FE4-48695F2218E2}.Debug|Pocket PC 2003 (ARMV4).Build.0 = Debug|Pocket PC 2003 (ARMV4)
		{D6DBAA2A-4C81-4419-8FE4-48695F2218E2}.Debug|Smartphone 2003 (ARMV4).ActiveCfg = Debug|Smartphone 2003 (ARMV4)
		{D6DBAA2A-4C81-4419-8FE4-48695F2218E2}.Debug|Smartphone 2003 (ARMV4).Build.0 = Debug|Smartphone 2003 (ARMV4)
		{D6DBAA2A-4C81-4419-8FE4-48695F2218E2}.Debug|Win32.ActiveCfg = Debug|Smartphone 2003 (ARMV4)
		{D6DBAA2A-4C81-4419-8FE4-48695F2218E2}.Release|Pocket PC 2003 (ARMV4).ActiveCfg = Release|Pocket PC 2003 (ARMV4)
		{D6DBAA2A-4C81-4419-8FE4-48695F2218E2}.Release|Pocket PC 2003 (ARMV4).Build.0 = Release|Pocket PC 2003 (ARMV4)
		{D6DBAA2A-4C81-4419-8FE4-48695F2218E2}.Release|Smartphone 2003 (ARMV4).ActiveCfg = Release|Smartphone 2003 (ARMV4)
		{D6DBAA2A-4C81-4419-8FE4-48695F2218E2}.Release|Smartphone 2003 (ARMV4).Build.0 = Release|Smartphone 2003 (ARMV4)
		{D6DBAA2A-4C81-4419-8FE4-48695F2218E2}.Release|Win32.ActiveCfg = Release|Smartphone 2003 (ARMV4)
		{A4885912-0C37-4D0B-84E7-06BE321CD1FE}.Debug|Pocket PC 2003 (ARMV4).ActiveCfg = Debug|Pocket PC 2003 (ARMV4)
		{A4885912-0C37-4D0B-84E7-06BE321CD1FE}.Debug|Pocket PC 2003 (ARMV4).Build.0 = Debug|Pocket PC 2003 (ARMV4)
		{A4885912-0C37-4D0B-84E7-06BE321CD1FE}.Debug|Smartphone 2003 (ARMV4).ActiveCfg = Debug|Smartphone 2003 (ARMV4)
		{A4885912-0C37-4D0B-84E7-06BE321CD1FE}.Debug|Smartphone 2003 (ARMV4).Build.0 = Debug|Smartphone 2003 (ARMV4)
		{A4885912-0C37-4D0B-84E7-06BE321CD1FE}.Debug|Win32.ActiveCfg = Debug|Smartphone 2003 (ARMV4)
		{A4885912-0C37-4D0B-84E7-06BE321CD1FE}.Release|Pocket PC 2003 (ARMV4).ActiveCfg = Release|Pocket PC 2003 (ARMV4)
		{A4885912-0C37-4D0B-84E7-06BE321CD1FE}.Release|Pocket PC 2003 (ARMV4).Build.0 = Release|Pocket PC 2003 (ARMV4)
		{A4885912-0C37-4D0B-84E7-06BE321CD1FE}.Release|Smartphone 2003 (ARMV4).ActiveCfg = Release|Smartphone 2003 (ARMV4)
		{A4885912-0C37-4D0B-84E7-06BE321CD1FE}.Release|Smartphone 2003 (ARMV4).Build.0 = Release|Smartphone 2003 (ARMV4)
		{A4885912-0C37-4D0B-84E7-06BE321CD1FE}.Release|Win32.ActiveCfg = Release|Smartphone 2003 (ARMV4)
		{AEEADE94-3E72-4B6A-B3E1-FFB55AE81DA5}.Debug|Pocket PC 2003 (ARMV4).ActiveCfg = Debug|Pocket PC 2003 (ARMV4)
		{AEEADE94-3E72-4B6A-B3E1-FFB55AE81DA5}.Debug|Pocket PC 2003 (ARMV4).Build.0 = Debug|Pocket PC 2003 (ARMV4)
		{AEEADE94-3E72-4B6A-B3E1-FFB55AE81DA5}.Debug|Smartphone 2003 (ARMV4).ActiveCfg = Debug|Smartphone 2003 (ARMV4)
		{AEEADE94-3E72-4B6A-B3E1-FFB55AE81DA5}.Debug|Smartphone 2003 (ARMV4).Build.0 = Debug|Smartphone 2003 (ARMV4)
		{AEEADE94-3E72-4B6A-B3E1-FFB55AE81DA5}.Debug|Win32.ActiveCfg = Debug|Smartphone 2003 (ARMV4)
		{AEEADE94-3E72-4B6A-B3E1-FFB55AE81DA5}.Release|Pocket PC 2003 (ARMV4).ActiveCfg = Release|Pocket PC 2003 (ARMV4)
		{AEEADE94-3E72-4B6A-B3E1-FFB55AE81DA5}.Release|Pocket PC 2003 (ARMV4).Build.0 = Release|Pocket PC 2003 (ARMV4)
		{AEEADE94-3E72-4B6A-B3E1-FFB55AE81DA5}.Release|Smartphone 2003 (ARMV4).ActiveCfg = Release|Smartphone 2003 (ARMV4)
		{AEEADE94-3E72-4B6A-B3E1-FFB55AE81DA5}.Release|Smartphone 2003 (ARMV4).Build.0 = Release|Smartphone 2003 (ARMV4)
		{AEEADE94-3E72-4B6A-B3E1-FFB55AE81DA5}.Release|Win32.ActiveCfg = Release|Smartphone 2003 (ARMV4)
		{B6D5B3A7-D81D-4063-BEBF-19D670B8993E}.Debug|Pocket PC 2003 (ARMV4).ActiveCfg = Debug|Pocket PC 2003 (ARMV4)
		{B6D5B3A7-D81D-4063-BEBF-19D670B8993E}.Debug|Pocket PC 2003 (ARMV4).Build.0 = Debug|Pocket PC 2003 (ARMV4)
		{B6D5B3A7-D81D-4063-BEBF-19D670B8993E}.Debug|Smartphone 2003 (ARMV4).ActiveCfg = Debug|Smartphone 2003 (ARMV4)
		{B6D5B3A7-D81D-4063-BEBF-19D670B8993E}.Debug|Smartphone 2003 (ARMV4).Build.0 = Debug|Smartphone 2003 (ARMV4)
		{B6D5B3A7-D81D-4063-BEBF-19D670B8993E}.Debug|Win32.ActiveCfg = Debug|Smartphone 2003 (ARMV4)
		{B6D5B3A7-D81D-4063-BEBF-19D670B8993E}.Release|Pocket PC 2003 (ARMV4).ActiveCfg = Release|Pocket PC 2003 (ARMV4)
		{B6D5B3A7-D81D-4063-BEBF-19D670B8993E}.Release|Pocket PC 2003 (ARMV4).Build.0 = Release|Pocket PC 2003 (ARMV4)
		{B6D5B3A7-D81D-4063-BEBF-19D670B8993E}.Release|Smartphone 2003 (ARMV4).ActiveCfg = Release|Smartphone 2003 (ARMV4)
		{B6D5B3A7-D81D-4063-BEBF-19D670B8993E}.Release|Smartphone 2003 (ARMV4).Build.0 = Release|Smartphone 2003 (ARMV4)
		{B6D5B3A7-D81D-4063-BEBF-19D670B8993E}.Release|Win32.ActiveCfg = Release|Smartphone 2003 (ARMV4)
		{CB3B6566-F36E-44EE-81CB-B82FE2D1ECEB}.Debug|Pocket PC 2003 (ARMV4).ActiveCfg = Debug|Pocket PC 2003 (ARMV4)
		{CB3B6566-F36E-44EE-81CB-B82FE2D1ECEB}.Debug|Pocket PC 2003 (ARMV4).Build.0 = Debug|Pocket PC 2003 (ARMV4)
		{CB3B6566-F36E-44EE-81CB-B82FE2D1ECEB}.Debug|Smartphone 2003 (ARMV4).ActiveCfg = Debug|Smartphone 2003 (ARMV4)
		{CB3B6566-F36E-44EE-81CB-B82FE2D1ECEB}.Debug|Smartphone 2003 (ARMV4).Build.0 = Debug|Smartphone 2003 (ARMV4)
		{CB3B6566-F36E-44EE-81CB-B82FE2D1ECEB}.Debug|Win32.ActiveCfg = Debug|Smartphone 2003 (ARMV4)
		{CB3B6566-F36E-44EE-81CB-B82FE2D1ECEB}.Release|Pocket PC 2003 (ARMV4).ActiveCfg = Release|Pocket PC 2003 (ARMV4)
		{CB3B6566-F36E-44EE-81CB-B82FE2D1ECEB}.Release|Pocket PC 2003 (ARMV4).Build.0 = Release|Pocket PC 2003 (ARMV4)
		{CB3B6566-F36E-44EE-81CB-B82FE2D1ECEB}.Release|Smartphone 2003 (ARMV4).ActiveCfg = Release|Smartphone 2003 (ARMV4)
		{CB3B6566-F36E-44EE-81CB-B82FE2D1ECEB}.Release|Smartphone 2003 (ARMV4).Build.0 = Release|Smartphone 2003 (ARMV4)
		{CB3B6566-F36E-44EE-81CB-B82FE2D1ECEB}.Release|Win32.ActiveCfg = Release|Smartphone 2003 (ARMV4)
		{723457DA-E4BA-488D-8350-753390666458}.Debug|Pocket PC 2003 (ARMV4).ActiveCfg = Debug|Pocket PC 2003 (ARMV4)
		{723457DA-E4BA-488D-8350-753390666458}.Debug|Pocket PC 2003 (ARMV4).Build.0 = Debug|Pocket PC 2003 (ARMV4)
		{723457DA-E4BA-488D-8350-753390666458}.Debug|Smartphone 2003 (ARMV4).ActiveCfg = Debug|Smartphone 2003 (ARMV4)
		{723457DA-E4BA-488D-8350-753390666458}.Debug|Smartphone 2003 (ARMV4).Build.0 = Debug|Smartphone 2003 (ARMV4)
		{723457DA-E4BA-488D-8350-753390666458}.Debug|Win32.ActiveCfg = Debug|Smartphone 2003 (ARMV4)
		{723457DA-E4BA-488D-8350-753390666458}.Release|Pocket PC 2003 (ARMV4).ActiveCfg = Release|Pocket PC 2003 (ARMV4)
		{723457DA-E4BA-488D-8350-753390666458}.Release|Pocket PC 2003 (ARMV4).Build.0 = Release|Pocket PC 2003 (ARMV4)
		{723457DA-E4BA-488D-8350-753390666458}.Release|Smartphone 2003 (ARMV4).ActiveCfg = Release|Smartphone 2003 (ARMV4)
		{723457DA-E4BA-488D-8350-753390666458}.Release|Smartphone 2003 (ARMV4).Build.0 = Release|Smartphone 2003 (ARMV4)
		{723457DA-E4BA-488D-8350-753390666458}.Release|Win32.ActiveCfg = Release|Smartphone 2003 (ARMV4)
		{2B3CD968-4DC3-426F-BBE1-65F2621105DA}.Debug|Pocket PC 2003 (ARMV4).ActiveCfg = Debug|Pocket PC 2003 (ARMV4)
		{2B3CD968-4DC3-426F-BBE1-65F2621105DA}.Debug|Pocket PC 2003 (ARMV4).Build.0 = Debug|Pocket PC 2003 (ARMV4)
		{2B3CD968-4DC3-426F-BBE1-65F2621105DA}.Debug|Smartphone 2003 (ARMV4).ActiveCfg = Debug|Smartphone 2003 (ARMV4)
		{2B3CD968-4DC3-426F-BBE1-65F2621105DA}.Debug|Smartphone 2003 (ARMV4).Build.0 = Debug|Smartphone 2003 (ARMV4)
		{2B3CD968-4DC3-426F-BBE1-65F2621105DA}.Debug|Win32.ActiveCfg = Debug|Smartphone 2003 (ARMV4)
		{2B3CD968-4DC3-426F-BBE1-65F2621105DA}.Release|Pocket PC 2003 (ARMV4).ActiveCfg = Release|Pocket PC 2003 (ARMV4)
		{2B3CD968-4DC3-426F-BBE1-65F2621105DA}.Release|Pocket PC 2003 (ARMV4).Build.0 = Release|Pocket PC 2003 (ARMV4)
		{2B3CD968-4DC3-426F-BBE1-65F2621105DA}.Release|Smartphone 2003 (ARMV4).ActiveCfg = Release|Smartphone 2003 (ARMV4)
		{2B3CD968-4DC3-426F-BBE1-65F2621105DA}.Release|Smartphone 2003 (ARMV4).Build.0 = Release|Smartphone 2003 (ARMV4)
		{2B3CD968-4DC3-426F-BBE1-65F2621105DA}.Release|Win32.ActiveCfg = Release|Smartphone 2003 (ARMV4)
		{F5173558-259F-41A3-BCA2-602EEF1C0B0A}.Debug|Pocket PC 2003 (ARMV4).ActiveCfg = Debug|Pocket PC 2003 (ARMV4)
		{F5173558-259F-41A3-BCA2-602EEF1C0B0A}.Debug|Pocket PC 2003 (ARMV4).Build.0 = Debug|Pocket PC 2003 (ARMV4)
		{F5173558-259F-41A3-BCA2-602EEF1C0B0A}.Debug|Smartphone 2003 (ARMV4).ActiveCfg = Debug|Smartphone 2003 (ARMV4)
		{F5173558-259F-41A3-BCA2-602EEF1C0B0A}.Debug|Smartphone 2003 (ARMV4).Build.0 = Debug|Smartphone 2003 (ARMV4)
		{F5173558-259F-41A3-BCA2-602EEF1C0B0A}.Debug|Win32.ActiveCfg = Debug|Smartphone 2003 (ARMV4)
		{F5173558-259F-41A3-BCA2-602EEF1C0B0A}.Release|Pocket PC 2003 (ARMV4).ActiveCfg = Release|Pocket PC 2003 (ARMV4)
		{F5173558-259F-41A3-BCA2-602EEF1C0B0A}.Release|Pocket PC 2003 (ARMV4).Build.0 = Release|Pocket PC 2003 (ARMV4)
		{F5173558-259F-41A3-BCA2-602EEF1C0B0A}.Release|Smartphone 2003 (ARMV4).ActiveCfg = Release|Smartphone 2003 (ARMV4)
		{F5173558-259F-41A3-BCA2-602EEF1C0B0A}.Release|Smartphone 2003 (ARMV4).Build.0 = Release|Smartphone 2003 (ARMV4)
		{F5173558-259F-41A3-BCA2-602EEF1C0B0A}.Release|Win32.ActiveCfg = Release|Smartphone 2003 (ARMV4)
		{C3978CD2-3CEA-4B8C-AB42-34F6F859CC16}.Debug|Pocket PC 2003 (ARMV4).ActiveCfg = Debug|Pocket PC 2003 (ARMV4)
		{C3978CD2-3CEA-4B8C-AB42-34F6F859CC16}.Debug|Pocket PC 2003 (ARMV4).Build.0 = Debug|Pocket PC 2003 (ARMV4)
		{C3978CD2-3CEA-4B8C-AB42-34F6F859CC16}.Debug|Smartphone 2003 (ARMV4).ActiveCfg = Debug|Smartphone 2003 (ARMV4)
		{C3978CD2-3CEA-4B8C-AB42-34F6F859CC16}.Debug|Smartphone 2003 (ARMV4).Build.0 = Debug|Smartphone 2003 (ARMV4)
		{C3978CD2-3CEA-4B8C-AB42-34F6F859CC16}.Debug|Win32.ActiveCfg = Debug|Smartphone 2003 (ARMV4)
		{C3978CD2-3CEA-4B8C-AB42-34F6F859CC16}.Release|Pocket PC 2003 (ARMV4).ActiveCfg = Release|Pocket PC 2003 (ARMV4)
		{C3978CD2-3CEA-4B8C-AB42-34F6F859CC16}.Release|Pocket PC 2003 (ARMV4).Build.0 = Release|Pocket PC 2003 (ARMV4)
		{C3978CD2-3CEA-4B8C-AB42-34F6F859CC16}.Release|Smartphone 2003 (ARMV4).ActiveCfg = Release|Smartphone 2003 (ARMV4)
		{C3978CD2-3CEA-4B8C-AB42-34F6F859CC16}.Release|Smartphone 2003 (ARMV4).Build.0 = Release|Smartphone 2003 (ARMV4)
		{C3978CD2-3CEA-4B8C-AB42-34F6F859CC16}.Release|Win32.ActiveCfg = Release|Smartphone 2003 (ARMV4)
		{4BF2C626-E267-4A0A-AFCE-539ADA7C9A1C}.Debug|Pocket PC 2003 (ARMV4).ActiveCfg = Debug|Pocket PC 2003 (ARMV4)
		{4BF2C626-E267-4A0A-AFCE-539ADA7C9A1C}.Debug|Pocket PC 2003 (ARMV4).Build.0 = Debug|Pocket PC 2003 (ARMV4)
		{4BF2C626-E267-4A0A-AFCE-539ADA7C9A1C}.Debug|Smartphone 2003 (ARMV4).ActiveCfg = Debug|Smartphone 2003 (ARMV4)
		{4BF2C626-E267-4A0A-AFCE-539ADA7C9A1C}.Debug|Smartphone 2003 (ARMV4).Build.0 = Debug|Smartphone 2003 (ARMV4)
		{4BF2C626-E267-4A0A-AFCE-539ADA7C9A1C}.Debug|Win32.ActiveCfg = Debug|Smartphone 2003 (ARMV4)
		{4BF2C626-E267-4A0A-AFCE-539ADA7C9A1C}.Release|Pocket PC 2003 (ARMV4).ActiveCfg = Release|Pocket PC 2003 (ARMV4)
		{4BF2C626-E267-4A0A-AFCE-539ADA7C9A1C}.Release|Pocket PC 2003 (ARMV4).Build.0 = Release|Pocket PC 2003 (ARMV4)
		{4BF2C626-E267-4A0A-AFCE-539ADA7C9A1C}.Release|Smartphone 2003 (ARMV4).ActiveCfg = Release|Smartphone 2003 (ARMV4)
		{4BF2C626-E267-4A0A-AFCE-539ADA7C9A1C}.Release|Smartphone 2003 (ARMV4).Build.0 = Release|Smartphone 2003 (ARMV4)
		{4BF2C626-E267-4A0A-AFCE-539ADA7C9A1C}.Release|Win32.ActiveCfg = Release|Smartphone 2003 (ARMV4)
		{D5D625BB-4EF1-442F-AF76-32C6D71696C4}.Debug|Pocket PC 2003 (ARMV4).ActiveCfg = Debug|Pocket PC 2003 (ARMV4)
		{D5D625BB-4EF1-442F-AF76-32C6D71696C4}.Debug|Pocket PC 2003 (ARMV4).Build.0 = Debug|Pocket PC 2003 (ARMV4)
		{D5D625BB-4EF1-442F-AF76-32C6D71696C4}.Debug|Smartphone 2003 (ARMV4).ActiveCfg = Debug|Smartphone 2003 (ARMV4)
		{D5D625BB-4EF1-442F-AF76-32C6D71696C4}.Debug|Smartphone 2003 (ARMV4).Build.0 = Debug|Smartphone 2003 (ARMV4)
		{D5D625BB-4EF1-442F-AF76-32C6D71696C4}.Debug|Win32.ActiveCfg = Debug|Smartphone 2003 (ARMV4)
		{D5D625BB-4EF1-442F-AF76-32C6D71696C4}.Release|Pocket PC 2003 (ARMV4).ActiveCfg = Release|Pocket PC 2003 (ARMV4)
		{D5D625BB-4EF1-442F-AF76-32C6D71696C4}.Release|Pocket PC 2003 (ARMV4).Build.0 = Release|Pocket PC 2003 (ARMV4)
		{D5D625BB-4EF1-442F-AF76-32C6D71696C4}.Release|Smartphone 2003 (ARMV4).ActiveCfg = Release|Smartphone 2003 (ARMV4)
		{D5D625BB-4EF1-442F-AF76-32C6D71696C4}.Release|Smartphone 2003 (ARMV4).Build.0 = Release|Smartphone 2003 (ARMV4)
		{D5D625BB-4EF1-442F-AF76-32C6D71696C4}.Release|Win32.ActiveCfg = Release|Smartphone 2003 (ARMV4)
		{19356621-A93B-4023-A0D7-44B80C05E2DD}.Debug|Pocket PC 2003 (ARMV4).ActiveCfg = Debug|Pocket PC 2003 (ARMV4)
		{19356621-A93B-4023-A0D7-44B80C05E2DD}.Debug|Pocket PC 2003 (ARMV4).Build.0 = Debug|Pocket PC 2003 (ARMV4)
		{19356621-A93B-4023-A0D7-44B80C05E2DD}.Debug|Smartphone 2003 (ARMV4).ActiveCfg = Debug|Smartphone 2003 (ARMV4)
		{19356621-A93B-4023-A0D7-44B80C05E2DD}.Debug|Smartphone 2003 (ARMV4).Build.0 = Debug|Smartphone 2003 (ARMV4)
		{19356621-A93B-4023-A0D7-44B80C05E2DD}.Debug|Win32.ActiveCfg = Debug|Smartphone 2003 (ARMV4)
		{19356621-A93B-4023-A0D7-44B80C05E2DD}.Release|Pocket PC 2003 (ARMV4).ActiveCfg = Release|Pocket PC 2003 (ARMV4)
		{19356621-A93B-4023-A0D7-44B80C05E2DD}.Release|Pocket PC 2003 (ARMV4).Build.0 = Release|Pocket PC 2003 (ARMV4)
		{19356621-A93B-4023-A0D7-44B80C05E2DD}.Release|Smartphone 2003 (ARMV4).ActiveCfg = Release|Smartphone 2003 (ARMV4)
		{19356621-A93B-4023-A0D7-44B80C05E2DD}.Release|Smartphone 2003 (ARMV4).Build.0 = Release|Smartphone 2003 (ARMV4)
		{19356621-A93B-4023-A0D7-44B80C05E2DD}.Release|Win32.ActiveCfg = Release|Smartphone 2003 (ARMV4)
		{7A3652B8-793F-4830-859C-A3DE5E3C4300}.Debug|Pocket PC 2003 (ARMV4).ActiveCfg = Debug|Pocket PC 2003 (ARMV4)
		{7A3652B8-793F-4830-859C-A3DE5E3C4300}.Debug|Pocket PC 2003 (ARMV4).Build.0 = Debug|Pocket PC 2003 (ARMV4)
		{7A3652B8-793F-4830-859C-A3DE5E3C4300}.Debug|Smartphone 2003 (ARMV4).ActiveCfg = Debug|Smartphone 2003 (ARMV4)
		{7A3652B8-793F-4830-859C-A3DE5E3C4300}.Debug|Smartphone 2003 (ARMV4).Build.0 = Debug|Smartphone 2003 (ARMV4)
		{7A3652B8-793F-4830-859C-A3DE5E3C4300}.Debug|Win32.ActiveCfg = Debug|Smartphone 2003 (ARMV4)
		{7A3652B8-793F-4830-859C-A3DE5E3C4300}.Release|Pocket PC 2003 (ARMV4).ActiveCfg = Release|Pocket PC 2003 (ARMV4)
		{7A3652B8-793F-4830-859C-A3DE5E3C4300}.Release|Pocket PC 2003 (ARMV4).Build.0 = Release|Pocket PC 2003 (ARMV4)
		{7A3652B8-793F-4830-859C-A3DE5E3C4300}.Release|Smartphone 2003 (ARMV4).ActiveCfg = Release|Smartphone 2003 (ARMV4)
		{7A3652B8-793F-4830-859C-A3DE5E3C4300}.Release|Smartphone 2003 (ARMV4).Build.0 = Release|Smartphone 2003 (ARMV4)
		{7A3652B8-793F-4830-859C-A3DE5E3C4300}.Release|Win32.ActiveCfg = Release|Smartphone 2003 (ARMV4)
		{E3069ECB-CE97-49CE-A3CD-308425FEB760}.Debug|Pocket PC 2003 (ARMV4).ActiveCfg = Debug|Pocket PC 2003 (ARMV4)
		{E3069ECB-CE97-49CE-A3CD-308425FEB760}.Debug|Pocket PC 2003 (ARMV4).Build.0 = Debug|Pocket PC 2003 (ARMV4)
		{E3069ECB-CE97-49CE-A3CD-308425FEB760}.Debug|Smartphone 2003 (ARMV4).ActiveCfg = Debug|Smartphone 2003 (ARMV4)
		{E3069ECB-CE97-49CE-A3CD-308425FEB760}.Debug|Smartphone 2003 (ARMV4).Build.0 = Debug|Smartphone 2003 (ARMV4)
		{E3069ECB-CE97-49CE-A3CD-308425FEB760}.Debug|Win32.ActiveCfg = Debug|Smartphone 2003 (ARMV4)
		{E3069ECB-CE97-49CE-A3CD-308425FEB760}.Release|Pocket PC 2003 (ARMV4).ActiveCfg = Release|Pocket PC 2003 (ARMV4)
		{E3069ECB-CE97-49CE-A3CD-308425FEB760}.Release|Pocket PC 2003 (ARMV4).Build.0 = Release|Pocket PC 2003 (ARMV4)
		{E3069ECB-CE97-49CE-A3CD-308425FEB760}.Release|Smartphone 2003 (ARMV4).ActiveCfg = Release|Smartphone 2003 (ARMV4)
		{E3069ECB-CE97-49CE-A3CD-308425FEB760}.Release|Smartphone 2003 (ARMV4).Build.0 = Release|Smartphone 2003 (ARMV4)
		{E3069ECB-CE97-49CE-A3CD-308425FEB760}.Release|Win32.ActiveCfg = Release|Smartphone 2003 (ARMV4)
		{865E607C-FF29-47D6-86CD-EE946299E786}.Debug|Pocket PC 2003 (ARMV4).ActiveCfg = Debug|Pocket PC 2003 (ARMV4)
		{865E607C-FF29-47D6-86CD-EE946299E786}.Debug|Pocket PC 2003 (ARMV4).Build.0 = Debug|Pocket PC 2003 (ARMV4)
		{865E607C-FF29-47D6-86CD-EE946299E786}.Debug|Smartphone 2003 (ARMV4).ActiveCfg = Debug|Smartphone 2003 (ARMV4)
		{865E607C-FF29-47D6-86CD-EE946299E786}.Debug|Smartphone 2003 (ARMV4).Build.0 = Debug|Smartphone 2003 (ARMV4)
		{865E607C-FF29-47D6-86CD-EE946299E786}.Debug|Win32.ActiveCfg = Debug|Smartphone 2003 (ARMV4)
		{865E607C-FF29-47D6-86CD-EE946299E786}.Release|Pocket PC 2003 (ARMV4).ActiveCfg = Release|Pocket PC 2003 (ARMV4)
		{865E607C-FF29-47D6-86CD-EE946299E786}.Release|Pocket PC 2003 (ARMV4).Build.0 = Release|Pocket PC 2003 (ARMV4)
		{865E607C-FF29-47D6-86CD-EE946299E786}.Release|Smartphone 2003 (ARMV4).ActiveCfg = Release|Smartphone 2003 (ARMV4)
		{865E607C-FF29-47D6-86CD-EE946299E786}.Release|Smartphone 2003 (ARMV4).Build.0 = Release|Smartphone 2003 (ARMV4)
		{865E607C-FF29-47D6-86CD-EE946299E786}.Release|Win32.ActiveCfg = Release|Smartphone 2003 (ARMV4)
		{442C7BF0-714A-4637-8759-DEA7E38EF772}.Debug|Pocket PC 2003 (ARMV4).ActiveCfg = Debug|Pocket PC 2003 (ARMV4)
		{442C7BF0-714A-4637-8759-DEA7E38EF772}.Debug|Pocket PC 2003 (ARMV4).Build.0 = Debug|Pocket PC 2003 (ARMV4)
		{442C7BF0-714A-4637-8759-DEA7E38EF772}.Debug|Smartphone 2003 (ARMV4).ActiveCfg = Debug|Smartphone 2003 (ARMV4)
		{442C7BF0-714A-4637-8759-DEA7E38EF772}.Debug|Smartphone 2003 (ARMV4).Build.0 = Debug|Smartphone 2003 (ARMV4)
		{442C7BF0-714A-4637-8759-DEA7E38EF772}.Debug|Win32.ActiveCfg = Debug|Smartphone 2003 (ARMV4)
		{442C7BF0-714A-4637-8759-DEA7E38EF772}.Release|Pocket PC 2003 (ARMV4).ActiveCfg = Release|Pocket PC 2003 (ARMV4)
		{442C7BF0-714A-4637-8759-DEA7E38EF772}.Release|Pocket PC 2003 (ARMV4).Build.0 = Release|Pocket PC 2003 (ARMV4)
		{442C7BF0-714A-4637-8759-DEA7E38EF772}.Release|Smartphone 2003 (ARMV4).ActiveCfg = Release|Smartphone 2003 (ARMV4)
		{442C7BF0-714A-4637-8759-DEA7E38EF772}.Release|Smartphone 2003 (ARMV4).Build.0 = Release|Smartphone 2003 (ARMV4)
		{442C7BF0-714A-4637-8759-DEA7E38EF772}.Release|Win32.ActiveCfg = Release|Smartphone 2003 (ARMV4)
		{5872E155-295D-4FFF-AFDC-85AB0B926735}.Debug|Pocket PC 2003 (ARMV4).ActiveCfg = Debug|Pocket PC 2003 (ARMV4)
		{5872E155-295D-4FFF-AFDC-85AB0B926735}.Debug|Pocket PC 2003 (ARMV4).Build.0 = Debug|Pocket PC 2003 (ARMV4)
		{5872E155-295D-4FFF-AFDC-85AB0B926735}.Debug|Smartphone 2003 (ARMV4).ActiveCfg = Debug|Smartphone 2003 (ARMV4)
		{5872E155-295D-4FFF-AFDC-85AB0B926735}.Debug|Smartphone 2003 (ARMV4).Build.0 = Debug|Smartphone 2003 (ARMV4)
		{5872E155-295D-4FFF-AFDC-85AB0B926735}.Debug|Win32.ActiveCfg = Debug|Smartphone 2003 (ARMV4)
		{5872E155-295D-4FFF-AFDC-85AB0B926735}.Release|Pocket PC 2003 (ARMV4).ActiveCfg = Release|Pocket PC 2003 (ARMV4)
		{5872E155-295D-4FFF-AFDC-85AB0B926735}.Release|Pocket PC 2003 (ARMV4).Build.0 = Release|Pocket PC 2003 (ARMV4)
		{5872E155-295D-4FFF-AFDC-85AB0B926735}.Release|Smartphone 2003 (ARMV4).ActiveCfg = Release|Smartphone 2003 (ARMV4)
		{5872E155-295D-4FFF-AFDC-85AB0B926735}.Release|Smartphone 2003 (ARMV4).Build.0 = Release|Smartphone 2003 (ARMV4)
		{5872E155-295D-4FFF-AFDC-85AB0B926735}.Release|Win32.ActiveCfg = Release|Smartphone 2003 (ARMV4)
		{C9E89F75-BD9F-473E-8B40-B8D29DC5281F}.Debug|Pocket PC 2003 (ARMV4).ActiveCfg = Debug|Pocket PC 2003 (ARMV4)
		{C9E89F75-BD9F-473E-8B40-B8D29DC5281F}.Debug|Pocket PC 2003 (ARMV4).Build.0 = Debug|Pocket PC 2003 (ARMV4)
		{C9E89F75-BD9F-473E-8B40-B8D29DC5281F}.Debug|Smartphone 2003 (ARMV4).ActiveCfg = Debug|Smartphone 2003 (ARMV4)
		{C9E89F75-BD9F-473E-8B40-B8D29DC5281F}.Debug|Smartphone 2003 (ARMV4).Build.0 = Debug|Smartphone 2003 (ARMV4)
		{C9E89F75-BD9F-473E-8B40-B8D29DC5281F}.Debug|Win32.ActiveCfg = Debug|Smartphone 2003 (ARMV4)
		{C9E89F75-BD9F-473E-8B40-B8D29DC5281F}.Release|Pocket PC 2003 (ARMV4).ActiveCfg = Release|Pocket PC 2003 (ARMV4)
		{C9E89F75-BD9F-473E-8B40-B8D29DC5281F}.Release|Pocket PC 2003 (ARMV4).Build.0 = Release|Pocket PC 2003 (ARMV4)
		{C9E89F75-BD9F-473E-8B40-B8D29DC5281F}.Release|Smartphone 2003 (ARMV4).ActiveCfg = Release|Smartphone 2003 (ARMV4)
		{C9E89F75-BD9F-473E-8B40-B8D29DC5281F}.Release|Smartphone 2003 (ARMV4).Build.0 = Release|Smartphone 2003 (ARMV4)
		{C9E89F75-BD9F-473E-8B40-B8D29DC5281F}.Release|Win32.ActiveCfg = Release|Smartphone 2003 (ARMV4)
		{F4DE35BC-DBA7-489A-BA3D-A44A56C9707B}.Debug|Pocket PC 2003 (ARMV4).ActiveCfg = Debug|Pocket PC 2003 (ARMV4)
		{F4DE35BC-DBA7-489A-BA3D-A44A56C9707B}.Debug|Pocket PC 2003 (ARMV4).Build.0 = Debug|Pocket PC 2003 (ARMV4)
		{F4DE35BC-DBA7-489A-BA3D-A44A56C9707B}.Debug|Smartphone 2003 (ARMV4).ActiveCfg = Debug|Smartphone 2003 (ARMV4)
		{F4DE35BC-DBA7-489A-BA3D-A44A56C9707B}.Debug|Smartphone 2003 (ARMV4).Build.0 = Debug|Smartphone 2003 (ARMV4)
		{F4DE35BC-DBA7-489A-BA3D-A44A56C9707B}.Debug|Win32.ActiveCfg = Debug|Smartphone 2003 (ARMV4)
		{F4DE35BC-DBA7-489A-BA3D-A44A56C9707B}.Release|Pocket PC 2003 (ARMV4).ActiveCfg = Release|Pocket PC 2003 (ARMV4)
		{F4DE35BC-DBA7-489A-BA3D-A44A56C9707B}.Release|Pocket PC 2003 (ARMV4).Build.0 = Release|Pocket PC 2003 (ARMV4)
		{F4DE35BC-DBA7-489A-BA3D-A44A56C9707B}.Release|Smartphone 2003 (ARMV4).ActiveCfg = Release|Smartphone 2003 (ARMV4)
		{F4DE35BC-DBA7-489A-BA3D-A44A56C9707B}.Release|Smartphone 2003 (ARMV4).Build.0 = Release|Smartphone 2003 (ARMV4)
		{F4DE35BC-DBA7-489A-BA3D-A44A56C9707B}.Release|Win32.ActiveCfg = Release|Smartphone 2003 (ARMV4)
		{048619EA-7F62-40AB-BC5E-A6B9491EB557}.Debug|Pocket PC 2003 (ARMV4).ActiveCfg = Debug|Pocket PC 2003 (ARMV4)
		{048619EA-7F62-40AB-BC5E-A6B9491EB557}.Debug|Pocket PC 2003 (ARMV4).Build.0 = Debug|Pocket PC 2003 (ARMV4)
		{048619EA-7F62-40AB-BC5E-A6B9491EB557}.Debug|Smartphone 2003 (ARMV4).ActiveCfg = Debug|Smartphone 2003 (ARMV4)
		{048619EA-7F62-40AB-BC5E-A6B9491EB557}.Debug|Smartphone 2003 (ARMV4).Build.0 = Debug|Smartphone 2003 (ARMV4)
		{048619EA-7F62-40AB-BC5E-A6B9491EB557}.Debug|Win32.ActiveCfg = Debug|Smartphone 2003 (ARMV4)
		{048619EA-7F62-40AB-BC5E-A6B9491EB557}.Release|Pocket PC 2003 (ARMV4).ActiveCfg = Release|Pocket PC 2003 (ARMV4)
		{048619EA-7F62-40AB-BC5E-A6B9491EB557}.Release|Pocket PC 2003 (ARMV4).Build.0 = Release|Pocket PC 2003 (ARMV4)
		{048619EA-7F62-40AB-BC5E-A6B9491EB557}.Release|Smartphone 2003 (ARMV4).ActiveCfg = Release|Smartphone 2003 (ARMV4)
		{048619EA-7F62-40AB-BC5E-A6B9491EB557}.Release|Smartphone 2003 (ARMV4).Build.0 = Release|Smartphone 2003 (ARMV4)
		{048619EA-7F62-40AB-BC5E-A6B9491EB557}.Release|Win32.ActiveCfg = Release|Smartphone 2003 (ARMV4)
		{BA975778-1C7F-4569-AD59-F124713058B6}.Debug|Pocket PC 2003 (ARMV4).ActiveCfg = Debug|Pocket PC 2003 (ARMV4)
		{BA975778-1C7F-4569-AD59-F124713058B6}.Debug|Pocket PC 2003 (ARMV4).Build.0 = Debug|Pocket PC 2003 (ARMV4)
		{BA975778-1C7F-4569-AD59-F124713058B6}.Debug|Smartphone 2003 (ARMV4).ActiveCfg = Debug|Smartphone 2003 (ARMV4)
		{BA975778-1C7F-4569-AD59-F124713058B6}.Debug|Smartphone 2003 (ARMV4).Build.0 = Debug|Smartphone 2003 (ARMV4)
		{BA975778-1C7F-4569-AD59-F124713058B6}.Debug|Win32.ActiveCfg = Debug|Smartphone 2003 (ARMV4)
		{BA975778-1C7F-4569-AD59-F124713058B6}.Release|Pocket PC 2003 (ARMV4).ActiveCfg = Release|Pocket PC 2003 (ARMV4)
		{BA975778-1C7F-4569-AD59-F124713058B6}.Release|Pocket PC 2003 (ARMV4).Build.0 = Release|Pocket PC 2003 (ARMV4)
		{BA975778-1C7F-4569-AD59-F124713058B6}.Release|Smartphone 2003 (ARMV4).ActiveCfg = Release|Smartphone 2003 (ARMV4)
		{BA975778-1C7F-4569-AD59-F124713058B6}.Release|Smartphone 2003 (ARMV4).Build.0 = Release|Smartphone 2003 (ARMV4)
		{BA975778-1C7F-4569-AD59-F124713058B6}.Release|Win32.ActiveCfg = Release|Smartphone 2003 (ARMV4)
		{CE2E56D4-434D-4EA2-AD37-422597DF9836}.Debug|Pocket PC 2003 (ARMV4).ActiveCfg = Debug|Pocket PC 2003 (ARMV4)
		{CE2E56D4-434D-4EA2-AD37-422597DF9836}.Debug|Pocket PC 2003 (ARMV4).Build.0 = Debug|Pocket PC 2003 (ARMV4)
		{CE2E56D4-434D-4EA2-AD37-422597DF9836}.Debug|Smartphone 2003 (ARMV4).ActiveCfg = Debug|Smartphone 2003 (ARMV4)
		{CE2E56D4-434D-4EA2-AD37-422597DF9836}.Debug|Smartphone 2003 (ARMV4).Build.0 = Debug|Smartphone 2003 (ARMV4)
		{CE2E56D4-434D-4EA2-AD37-422597DF9836}.Debug|Win32.ActiveCfg = Debug|Smartphone 2003 (ARMV4)
		{CE2E56D4-434D-4EA2-AD37-422597DF9836}.Release|Pocket PC 2003 (ARMV4).ActiveCfg = Release|Pocket PC 2003 (ARMV4)
		{CE2E56D4-434D-4EA2-AD37-422597DF9836}.Release|Pocket PC 2003 (ARMV4).Build.0 = Release|Pocket PC 2003 (ARMV4)
		{CE2E56D4-434D-4EA2-AD37-422597DF9836}.Release|Smartphone 2003 (ARMV4).ActiveCfg = Release|Smartphone 2003 (ARMV4)
		{CE2E56D4-434D-4EA2-AD37-422597DF9836}.Release|Smartphone 2003 (ARMV4).Build.0 = Release|Smartphone 2003 (ARMV4)
		{CE2E56D4-434D-4EA2-AD37-422597DF9836}.Release|Win32.ActiveCfg = Release|Smartphone 2003 (ARMV4)
		{AC37583E-0337-4E03-8394-0E8F8799FC65}.Debug|Pocket PC 2003 (ARMV4).ActiveCfg = Debug|Pocket PC 2003 (ARMV4)
		{AC37583E-0337-4E03-8394-0E8F8799FC65}.Debug|Pocket PC 2003 (ARMV4).Build.0 = Debug|Pocket PC 2003 (ARMV4)
		{AC37583E-0337-4E03-8394-0E8F8799FC65}.Debug|Smartphone 2003 (ARMV4).ActiveCfg = Debug|Smartphone 2003 (ARMV4)
		{AC37583E-0337-4E03-8394-0E8F8799FC65}.Debug|Smartphone 2003 (ARMV4).Build.0 = Debug|Smartphone 2003 (ARMV4)
		{AC37583E-0337-4E03-8394-0E8F8799FC65}.Debug|Win32.ActiveCfg = Debug|Smartphone 2003 (ARMV4)
		{AC37583E-0337-4E03-8394-0E8F8799FC65}.Release|Pocket PC 2003 (ARMV4).ActiveCfg = Release|Pocket PC 2003 (ARMV4)
		{AC37583E-0337-4E03-8394-0E8F8799FC65}.Release|Pocket PC 2003 (ARMV4).Build.0 = Release|Pocket PC 2003 (ARMV4)
		{AC37583E-0337-4E03-8394-0E8F8799FC65}.Release|Smartphone 2003 (ARMV4).ActiveCfg = Release|Smartphone 2003 (ARMV4)
		{AC37583E-0337-4E03-8394-0E8F8799FC65}.Release|Smartphone 2003 (ARMV4).Build.0 = Release|Smartphone 2003 (ARMV4)
		{AC37583E-0337-4E03-8394-0E8F8799FC65}.Release|Win32.ActiveCfg = Release|Smartphone 2003 (ARMV4)
		{9CA90BD0-1A4C-473F-AC3B-120CE79E2B38}.Debug|Pocket PC 2003 (ARMV4).ActiveCfg = Debug|Pocket PC 2003 (ARMV4)
		{9CA90BD0-1A4C-473F-AC3B-120CE79E2B38}.Debug|Pocket PC 2003 (ARMV4).Build.0 = Debug|Pocket PC 2003 (ARMV4)
		{9CA90BD0-1A4C-473F-AC3B-120CE79E2B38}.Debug|Smartphone 2003 (ARMV4).ActiveCfg = Debug|Smartphone 2003 (ARMV4)
		{9CA90BD0-1A4C-473F-AC3B-120CE79E2B38}.Debug|Smartphone 2003 (ARMV4).Build.0 = Debug|Smartphone 2003 (ARMV4)
		{9CA90BD0-1A4C-473F-AC3B-120CE79E2B38}.Debug|Win32.ActiveCfg = Debug|Smartphone 2003 (ARMV4)
		{9CA90BD0-1A4C-473F-AC3B-120CE79E2B38}.Release|Pocket PC 2003 (ARMV4).ActiveCfg = Release|Pocket PC 2003 (ARMV4)
		{9CA90BD0-1A4C-473F-AC3B-120CE79E2B38}.Release|Pocket PC 2003 (ARMV4).Build.0 = Release|Pocket PC 2003 (ARMV4)
		{9CA90BD0-1A4C-473F-AC3B-120CE79E2B38}.Release|Smartphone 2003 (ARMV4).ActiveCfg = Release|Smartphone 2003 (ARMV4)
		{9CA90BD0-1A4C-473F-AC3B-120CE79E2B38}.Release|Smartphone 2003 (ARMV4).Build.0 = Release|Smartphone 2003 (ARMV4)
		{9CA90BD0-1A4C-473F-AC3B-120CE79E2B38}.Release|Win32.ActiveCfg = Release|Smartphone 2003 (ARMV4)
		{18157BB5-FA2F-4F52-A681-D6172DD1D4EE}.Debug|Pocket PC 2003 (ARMV4).ActiveCfg = Debug|Pocket PC 2003 (ARMV4)
		{18157BB5-FA2F-4F52-A681-D6172DD1D4EE}.Debug|Pocket PC 2003 (ARMV4).Build.0 = Debug|Pocket PC 2003 (ARMV4)
		{18157BB5-FA2F-4F52-A681-D6172DD1D4EE}.Debug|Smartphone 2003 (ARMV4).ActiveCfg = Debug|Smartphone 2003 (ARMV4)
		{18157BB5-FA2F-4F52-A681-D6172DD1D4EE}.Debug|Smartphone 2003 (ARMV4).Build.0 = Debug|Smartphone 2003 (ARMV4)
		{18157BB5-FA2F-4F52-A681-D6172DD1D4EE}.Debug|Win32.ActiveCfg = Debug|Smartphone 2003 (ARMV4)
		{18157BB5-FA2F-4F52-A681-D6172DD1D4EE}.Release|Pocket PC 2003 (ARMV4).ActiveCfg = Release|Pocket PC 2003 (ARMV4)
		{18157BB5-FA2F-4F52-A681-D6172DD1D4EE}.Release|Pocket PC 2003 (ARMV4).Build.0 = Release|Pocket PC 2003 (ARMV4)
		{18157BB5-FA2F-4F52-A681-D6172DD1D4EE}.Release|Smartphone 2003 (ARMV4).ActiveCfg = Release|Smartphone 2003 (ARMV4)
		{18157BB5-FA2F-4F52-A681-D6172DD1D4EE}.Release|Smartphone 2003 (ARMV4).Build.0 = Release|Smartphone 2003 (ARMV4)
		{18157BB5-FA2F-4F52-A681-D6172DD1D4EE}.Release|Win32.ActiveCfg = Release|Smartphone 2003 (ARMV4)
		{57011F51-E9DD-418D-A333-5CFE7FF986F1}.Debug|Pocket PC 2003 (ARMV4).ActiveCfg = Debug|Pocket PC 2003 (ARMV4)
		{57011F51-E9DD-418D-A333-5CFE7FF986F1}.Debug|Pocket PC 2003 (ARMV4).Build.0 = Debug|Pocket PC 2003 (ARMV4)
		{57011F51-E9DD-418D-A333-5CFE7FF986F1}.Debug|Smartphone 2003 (ARMV4).ActiveCfg = Debug|Smartphone 2003 (ARMV4)
		{57011F51-E9DD-418D-A333-5CFE7FF986F1}.Debug|Smartphone 2003 (ARMV4).Build.0 = Debug|Smartphone 2003 (ARMV4)
		{57011F51-E9DD-418D-A333-5CFE7FF986F1}.Debug|Win32.ActiveCfg = Debug|Smartphone 2003 (ARMV4)
		{57011F51-E9DD-418D-A333-5CFE7FF986F1}.Release|Pocket PC 2003 (ARMV4).ActiveCfg = Release|Pocket PC 2003 (ARMV4)
		{57011F51-E9DD-418D-A333-5CFE7FF986F1}.Release|Pocket PC 2003 (ARMV4).Build.0 = Release|Pocket PC 2003 (ARMV4)
		{57011F51-E9DD-418D-A333-5CFE7FF986F1}.Release|Smartphone 2003 (ARMV4).ActiveCfg = Release|Smartphone 2003 (ARMV4)
		{57011F51-E9DD-418D-A333-5CFE7FF986F1}.Release|Smartphone 2003 (ARMV4).Build.0 = Release|Smartphone 2003 (ARMV4)
		{57011F51-E9DD-418D-A333-5CFE7FF986F1}.Release|Win32.ActiveCfg = Release|Smartphone 2003 (ARMV4)
		{749059E5-08A9-4298-BAB4-E7AB7205BE77}.Debug|Pocket PC 2003 (ARMV4).ActiveCfg = Debug|Pocket PC 2003 (ARMV4)
		{749059E5-08A9-4298-BAB4-E7AB7205BE77}.Debug|Pocket PC 2003 (ARMV4).Build.0 = Debug|Pocket PC 2003 (ARMV4)
		{749059E5-08A9-4298-BAB4-E7AB7205BE77}.Debug|Smartphone 2003 (ARMV4).ActiveCfg = Debug|Smartphone 2003 (ARMV4)
		{749059E5-08A9-4298-BAB4-E7AB7205BE77}.Debug|Smartphone 2003 (ARMV4).Build.0 = Debug|Smartphone 2003 (ARMV4)
		{749059E5-08A9-4298-BAB4-E7AB7205BE77}.Debug|Win32.ActiveCfg = Debug|Smartphone 2003 (ARMV4)
		{749059E5-08A9-4298-BAB4-E7AB7205BE77}.Release|Pocket PC 2003 (ARMV4).ActiveCfg = Release|Pocket PC 2003 (ARMV4)
		{749059E5-08A9-4298-BAB4-E7AB7205BE77}.Release|Pocket PC 2003 (ARMV4).Build.0 = Release|Pocket PC 2003 (ARMV4)
		{749059E5-08A9-4298-BAB4-E7AB7205BE77}.Release|Smartphone 2003 (ARMV4).ActiveCfg = Release|Smartphone 2003 (ARMV4)
		{749059E5-08A9-4298-BAB4-E7AB7205BE77}.Release|Smartphone 2003 (ARMV4).Build.0 = Release|Smartphone 2003 (ARMV4)
		{749059E5-08A9-4298-BAB4-E7AB7205BE77}.Release|Win32.ActiveCfg = Release|Smartphone 2003 (ARMV4)
		{00C0A9B6-28A3-4C6F-9845-0D7E0CE7CC2B}.Debug|Pocket PC 2003 (ARMV4).ActiveCfg = Debug|Pocket PC 2003 (ARMV4)
		{00C0A9B6-28A3-4C6F-9845-0D7E0CE7CC2B}.Debug|Pocket PC 2003 (ARMV4).Build.0 = Debug|Pocket PC 2003 (ARMV4)
		{00C0A9B6-28A3-4C6F-9845-0D7E0CE7CC2B}.Debug|Smartphone 2003 (ARMV4).ActiveCfg = Debug|Smartphone 2003 (ARMV4)
		{00C0A9B6-28A3-4C6F-9845-0D7E0CE7CC2B}.Debug|Smartphone 2003 (ARMV4).Build.0 = Debug|Smartphone 2003 (ARMV4)
		{00C0A9B6-28A3-4C6F-9845-0D7E0CE7CC2B}.Debug|Win32.ActiveCfg = Debug|Smartphone 2003 (ARMV4)
		{00C0A9B6-28A3-4C6F-9845-0D7E0CE7CC2B}.Release|Pocket PC 2003 (ARMV4).ActiveCfg = Release|Pocket PC 2003 (ARMV4)
		{00C0A9B6-28A3-4C6F-9845-0D7E0CE7CC2B}.Release|Pocket PC 2003 (ARMV4).Build.0 = Release|Pocket PC 2003 (ARMV4)
		{00C0A9B6-28A3-4C6F-9845-0D7E0CE7CC2B}.Release|Smartphone 2003 (ARMV4).ActiveCfg = Release|Smartphone 2003 (ARMV4)
		{00C0A9B6-28A3-4C6F-9845-0D7E0CE7CC2B}.Release|Smartphone 2003 (ARMV4).Build.0 = Release|Smartphone 2003 (ARMV4)
		{00C0A9B6-28A3-4C6F-9845-0D7E0CE7CC2B}.Release|Win32.ActiveCfg = Release|Smartphone 2003 (ARMV4)
		{DA9CDE74-FA01-41BB-97E4-F85802A6DD54}.Debug|Pocket PC 2003 (ARMV4).ActiveCfg = Debug|Pocket PC 2003 (ARMV4)
		{DA9CDE74-FA01-41BB-97E4-F85802A6DD54}.Debug|Pocket PC 2003 (ARMV4).Build.0 = Debug|Pocket PC 2003 (ARMV4)
		{DA9CDE74-FA01-41BB-97E4-F85802A6DD54}.Debug|Smartphone 2003 (ARMV4).ActiveCfg = Debug|Smartphone 2003 (ARMV4)
		{DA9CDE74-FA01-41BB-97E4-F85802A6DD54}.Debug|Smartphone 2003 (ARMV4).Build.0 = Debug|Smartphone 2003 (ARMV4)
		{DA9CDE74-FA01-41BB-97E4-F85802A6DD54}.Debug|Win32.ActiveCfg = Debug|Smartphone 2003 (ARMV4)
		{DA9CDE74-FA01-41BB-97E4-F85802A6DD54}.Release|Pocket PC 2003 (ARMV4).ActiveCfg = Release|Pocket PC 2003 (ARMV4)
		{DA9CDE74-FA01-41BB-97E4-F85802A6DD54}.Release|Pocket PC 2003 (ARMV4).Build.0 = Release|Pocket PC 2003 (ARMV4)
		{DA9CDE74-FA01-41BB-97E4-F85802A6DD54}.Release|Smartphone 2003 (ARMV4).ActiveCfg = Release|Smartphone 2003 (ARMV4)
		{DA9CDE74-FA01-41BB-97E4-F85802A6DD54}.Release|Smartphone 2003 (ARMV4).Build.0 = Release|Smartphone 2003 (ARMV4)
		{DA9CDE74-FA01-41BB-97E4-F85802A6DD54}.Release|Win32.ActiveCfg = Release|Smartphone 2003 (ARMV4)
		{B8E35EB1-AF74-4165-B308-06811AC0479D}.Debug|Pocket PC 2003 (ARMV4).ActiveCfg = Debug|Pocket PC 2003 (ARMV4)
		{B8E35EB1-AF74-4165-B308-06811AC0479D}.Debug|Pocket PC 2003 (ARMV4).Build.0 = Debug|Pocket PC 2003 (ARMV4)
		{B8E35EB1-AF74-4165-B308-06811AC0479D}.Debug|Smartphone 2003 (ARMV4).ActiveCfg = Debug|Smartphone 2003 (ARMV4)
		{B8E35EB1-AF74-4165-B308-06811AC0479D}.Debug|Smartphone 2003 (ARMV4).Build.0 = Debug|Smartphone 2003 (ARMV4)
		{B8E35EB1-AF74-4165-B308-06811AC0479D}.Debug|Win32.ActiveCfg = Debug|Smartphone 2003 (ARMV4)
		{B8E35EB1-AF74-4165-B308-06811AC0479D}.Release|Pocket PC 2003 (ARMV4).ActiveCfg = Release|Pocket PC 2003 (ARMV4)
		{B8E35EB1-AF74-4165-B308-06811AC0479D}.Release|Pocket PC 2003 (ARMV4).Build.0 = Release|Pocket PC 2003 (ARMV4)
		{B8E35EB1-AF74-4165-B308-06811AC0479D}.Release|Smartphone 2003 (ARMV4).ActiveCfg = Release|Smartphone 2003 (ARMV4)
		{B8E35EB1-AF74-4165-B308-06811AC0479D}.Release|Smartphone 2003 (ARMV4).Build.0 = Release|Smartphone 2003 (ARMV4)
		{B8E35EB1-AF74-4165-B308-06811AC0479D}.Release|Win32.ActiveCfg = Release|Smartphone 2003 (ARMV4)
	EndGlobalSection
	GlobalSection(SolutionProperties) = preSolution
		HideSolutionNode = FALSE
	EndGlobalSection
EndGlobal
